# This file was autogenerated by Stack.
# You should not edit this file by hand.
# For more information, please see the documentation at:
#   https://docs.haskellstack.org/en/stable/lock_files

packages:
- completed:
    hackage: FixedPoint-simple-0.6.1@sha256:01f08f712f70b4499d2099adda71ee887f24cc0f285f29c4952815e7d52c2bb8,1179
    pantry-tree:
      size: 284
      sha256: 2ee6b74d4232718915ab08602984ce7eee3921e266997ed9813b08fb484590e1
  original:
    hackage: FixedPoint-simple-0.6.1@sha256:01f08f712f70b4499d2099adda71ee887f24cc0f285f29c4952815e7d52c2bb8,1179
- completed:
    hackage: egyptian-fractions-0.1.0.2@sha256:e109daa27dba59e911fe5ede3519368e69d178159561195e1f3b1fe5ec680adc,1059
    pantry-tree:
      size: 269
      sha256: 258085134512bf0833d2725cbf92345ba9e706da210a7dc58f4d6e58743dd528
  original:
    hackage: egyptian-fractions-0.1.0.2@sha256:e109daa27dba59e911fe5ede3519368e69d178159561195e1f3b1fe5ec680adc,1059
- completed:
    hackage: factory-0.3.2.1@sha256:f37a28784f037516f1b57b695ee0394767fc6bb768773dba4948946a30ebd47e,7618
    pantry-tree:
      size: 7755
      sha256: 411e32e8f6bff049431188bcbbedc846f85c8e5c963bb80c2f38515e880dc2e9
  original:
    hackage: factory-0.3.2.1@sha256:f37a28784f037516f1b57b695ee0394767fc6bb768773dba4948946a30ebd47e,7618
- completed:
    hackage: toolshed-0.18.0.1@sha256:0f59f31f74c3724490f18e109d52c3d52bacc4411b15d007f5dc372de0a872eb,3984
    pantry-tree:
      size: 2930
      sha256: eb782c3c9b0eca5a00fd1010ac346d1538dc79b4e44206074179e2aead453603
  original:
    hackage: toolshed-0.18.0.1@sha256:0f59f31f74c3724490f18e109d52c3d52bacc4411b15d007f5dc372de0a872eb,3984
snapshots:
- completed:
    size: 494638
    url: https://raw.githubusercontent.com/commercialhaskell/stackage-snapshots/master/lts/15/11.yaml
    sha256: 5747328cdcbb8fe9c96fc048b5566167c80dd176a41b52d3b363058e3cc1dc5d
  original: lts-15.11
