# This file was autogenerated by Stack.
# You should not edit this file by hand.
# For more information, please see the documentation at:
#   https://docs.haskellstack.org/en/stable/lock_files

packages: []
snapshots:
- completed:
    size: 556768
    url: https://raw.githubusercontent.com/commercialhaskell/stackage-snapshots/master/nightly/2020/12/9.yaml
    sha256: bca31ebf05f842be9dd24410eca84f296da1860369a82eb7466f447a76cca762
  original: nightly-2020-12-09
