# This file was autogenerated by Stack.
# You should not edit this file by hand.
# For more information, please see the documentation at:
#   https://docs.haskellstack.org/en/stable/lock_files

packages: []
snapshots:
- completed:
    size: 556555
    url: https://raw.githubusercontent.com/commercialhaskell/stackage-snapshots/master/nightly/2020/12/8.yaml
    sha256: 910d12223d0ca24222b1bbdc6046a9a8c6187cce6b235f46c44e6265bf061169
  original: nightly-2020-12-08
