# This file was autogenerated by Stack.
# You should not edit this file by hand.
# For more information, please see the documentation at:
#   https://docs.haskellstack.org/en/stable/lock_files

packages: []
snapshots:
- completed:
    size: 544004
    url: https://raw.githubusercontent.com/commercialhaskell/stackage-snapshots/master/nightly/2020/11/4.yaml
    sha256: e019d8be6b71a73e1b914d1b3392678e50a7393f8ce1d2f287846c228451dbdd
  original: nightly-2020-11-04
