{
  "name": "flow",
  "version": "1.0.0",
  "lockfileVersion": 3,
  "requires": true,
  "packages": {
    "": {
      "name": "flow",
      "version": "1.0.0",
      "license": "ISC",
      "dependencies": {
        "@snyk/protect": "^1.1292.1"
      },
      "devDependencies": {
        "@babel/preset-flow": "8.0.0-alpha.5",
        "flow-bin": "^0.241.0",
        "flow-remove-types": "^2.241.0"
      }
    },
    "node_modules/@ampproject/remapping": {
      "version": "2.3.0",
      "resolved": "https://registry.npmjs.org/@ampproject/remapping/-/remapping-2.3.0.tgz",
      "integrity": "sha512-30iZtAPgz+LTIYoeivqYo853f02jBYSd5uGnGpkFV0M3xOt9aN73erkgYAmZU43x4VfqcnLxW9Kpg3R5LC4YYw==",
      "dev": true,
      "peer": true,
      "dependencies": {
        "@jridgewell/gen-mapping": "^0.3.5",
        "@jridgewell/trace-mapping": "^0.3.24"
      },
      "engines": {
        "node": ">=6.0.0"
      }
    },
    "node_modules/@babel/code-frame": {
      "version": "8.0.0-alpha.11",
      "resolved": "https://registry.npmjs.org/@babel/code-frame/-/code-frame-8.0.0-alpha.11.tgz",
      "integrity": "sha512-K+BGQFWY35HqApwKj9/YYHkdkb2p7cTJvyo102e3OTeZqAssEDkG2viLMElAqgVW8Hfy6ZuVkujFXLDF1q3koA==",
      "dev": true,
      "peer": true,
      "dependencies": {
        "@babel/highlight": "^8.0.0-alpha.11",
        "picocolors": "^1.0.0"
      },
      "engines": {
        "node": "^18.20.0 || ^20.10.0 || >=21.0.0"
      }
    },
    "node_modules/@babel/compat-data": {
      "version": "8.0.0-alpha.11",
      "resolved": "https://registry.npmjs.org/@babel/compat-data/-/compat-data-8.0.0-alpha.11.tgz",
      "integrity": "sha512-KqZXX7rUMOwtTlC2VDnC5soIYHgNErKkQnYyqJX0ZmJEc5uNOd+O5aThX4iN4xH3Isjb3k57FBOq80bIK+u9RA==",
      "dev": true,
      "peer": true,
      "engines": {
        "node": "^18.20.0 || ^20.10.0 || >=21.0.0"
      }
    },
    "node_modules/@babel/core": {
      "version": "8.0.0-alpha.11",
      "resolved": "https://registry.npmjs.org/@babel/core/-/core-8.0.0-alpha.11.tgz",
      "integrity": "sha512-F4Ner50sbUjIe2RSPfAqlGO9MKGP48V4+jMGt0ZkPNwkIp6Biv2q+FU6bBNQnHdrABQmedk3e08YxX6CU70dSA==",
      "dev": true,
      "peer": true,
      "dependencies": {
        "@ampproject/remapping": "^2.2.0",
        "@babel/code-frame": "^8.0.0-alpha.11",
        "@babel/generator": "^8.0.0-alpha.11",
        "@babel/helper-compilation-targets": "^8.0.0-alpha.11",
        "@babel/helpers": "^8.0.0-alpha.11",
        "@babel/parser": "^8.0.0-alpha.11",
        "@babel/template": "^8.0.0-alpha.11",
        "@babel/traverse": "^8.0.0-alpha.11",
        "@babel/types": "^8.0.0-alpha.11",
        "convert-source-map": "^2.0.0",
        "debug": "^4.1.0",
        "gensync": "^1.0.0-beta.2",
        "json5": "^2.2.3",
        "semver": "^7.3.4"
      },
      "engines": {
        "node": "^18.20.0 || ^20.10.0 || >=21.0.0"
      },
      "funding": {
        "type": "opencollective",
        "url": "https://opencollective.com/babel"
      },
      "peerDependencies": {
        "@babel/preset-typescript": "^7.21.4 || ^8.0.0-0"
      },
      "peerDependenciesMeta": {
        "@babel/preset-typescript": {
          "optional": true
        }
      }
    },
    "node_modules/@babel/generator": {
      "version": "8.0.0-alpha.11",
      "resolved": "https://registry.npmjs.org/@babel/generator/-/generator-8.0.0-alpha.11.tgz",
      "integrity": "sha512-Dsinj5/T/Pm0V0ZP+kJ9xA4t9Mh32kDwJFiuAlaGLm27tJBsynl66jAYt1talztNavY78MikmrZpSRHQv47Hiw==",
      "dev": true,
      "peer": true,
      "dependencies": {
        "@babel/types": "^8.0.0-alpha.11",
        "@jridgewell/gen-mapping": "^0.3.5",
        "@jridgewell/trace-mapping": "^0.3.25",
        "jsesc": "^3.0.2"
      },
      "engines": {
        "node": "^18.20.0 || ^20.10.0 || >=21.0.0"
      }
    },
    "node_modules/@babel/helper-compilation-targets": {
      "version": "8.0.0-alpha.11",
      "resolved": "https://registry.npmjs.org/@babel/helper-compilation-targets/-/helper-compilation-targets-8.0.0-alpha.11.tgz",
      "integrity": "sha512-TiaNhvZLq8Basa3mgDujOTvY2FQQvdKdQlrUfquSycLa22IIALccGhbTfpbnMmknbZfyr7vx/UuJa5R6zFuimA==",
      "dev": true,
      "peer": true,
      "dependencies": {
        "@babel/compat-data": "^8.0.0-alpha.11",
        "@babel/helper-validator-option": "^8.0.0-alpha.11",
        "browserslist": "^4.22.2",
        "lru-cache": "^7.14.1",
        "semver": "^7.3.4"
      },
      "engines": {
        "node": "^18.20.0 || ^20.10.0 || >=21.0.0"
      }
    },
    "node_modules/@babel/helper-environment-visitor": {
      "version": "8.0.0-alpha.11",
      "resolved": "https://registry.npmjs.org/@babel/helper-environment-visitor/-/helper-environment-visitor-8.0.0-alpha.11.tgz",
      "integrity": "sha512-ZKwcYKEiSUBXUMnzsfTquqHeJcvr0L4XAtNLgK2vNB0J1BJprRJ8LBkPucjdtWO4xRPGs0j6jDJGAK7zn9gADg==",
      "dev": true,
      "peer": true,
      "dependencies": {
        "@babel/types": "^8.0.0-alpha.11"
      },
      "engines": {
        "node": "^18.20.0 || ^20.10.0 || >=21.0.0"
      }
    },
    "node_modules/@babel/helper-function-name": {
      "version": "8.0.0-alpha.11",
      "resolved": "https://registry.npmjs.org/@babel/helper-function-name/-/helper-function-name-8.0.0-alpha.11.tgz",
      "integrity": "sha512-T46SjXA83EkmdSOmOUtAIsu1OUViwrqHf8O8d2ANH19RB5GaT5CpwdJOZTVgSP3bcdBtaPIcE0zNx+/4Ja08+Q==",
      "dev": true,
      "peer": true,
      "dependencies": {
        "@babel/template": "^8.0.0-alpha.11",
        "@babel/types": "^8.0.0-alpha.11"
      },
      "engines": {
        "node": "^18.20.0 || ^20.10.0 || >=21.0.0"
      }
    },
    "node_modules/@babel/helper-hoist-variables": {
      "version": "8.0.0-alpha.11",
      "resolved": "https://registry.npmjs.org/@babel/helper-hoist-variables/-/helper-hoist-variables-8.0.0-alpha.11.tgz",
      "integrity": "sha512-ZIyakY4HGrIL/qAU8uWqoS6ZOWIob4NSXSEK0hxhhP2Cpg0vxPyfavz7jxxEpgm/PapggSEcNaZ/otQUrPbgeQ==",
      "dev": true,
      "peer": true,
      "dependencies": {
        "@babel/types": "^8.0.0-alpha.11"
      },
      "engines": {
        "node": "^18.20.0 || ^20.10.0 || >=21.0.0"
      }
    },
    "node_modules/@babel/helper-plugin-utils": {
      "version": "8.0.0-alpha.11",
      "resolved": "https://registry.npmjs.org/@babel/helper-plugin-utils/-/helper-plugin-utils-8.0.0-alpha.11.tgz",
      "integrity": "sha512-qr3dMDRS5eVtxDSv3ZPP3oAf6W6XaVbpiAucA8w0cS+eyI/r170hq6nWzG/Atl1u1my5OcDVdCWp3LAbqI0f9g==",
      "dev": true,
      "engines": {
        "node": "^18.20.0 || ^20.10.0 || >=21.0.0"
      },
      "peerDependencies": {
        "@babel/core": "^8.0.0-alpha.11"
      }
    },
    "node_modules/@babel/helper-split-export-declaration": {
      "version": "8.0.0-alpha.11",
      "resolved": "https://registry.npmjs.org/@babel/helper-split-export-declaration/-/helper-split-export-declaration-8.0.0-alpha.11.tgz",
      "integrity": "sha512-6orsuZ8a+MYRGT044vx7iYFz0uCyvv4Zp8tAb+naUBnBZOry/ic0DB7ub6zYODgGgIrrrcdMMymxAY/pQg9P/A==",
      "dev": true,
      "peer": true,
      "dependencies": {
        "@babel/types": "^8.0.0-alpha.11"
      },
      "engines": {
        "node": "^18.20.0 || ^20.10.0 || >=21.0.0"
      }
    },
    "node_modules/@babel/helper-string-parser": {
      "version": "8.0.0-alpha.11",
      "resolved": "https://registry.npmjs.org/@babel/helper-string-parser/-/helper-string-parser-8.0.0-alpha.11.tgz",
      "integrity": "sha512-vtSqK4kNEUkFpCiU5mToaM5+OoT8Ur0tqtr7lax74YKe0wKssQXKlzPyesdo5p81UZQD8IWLv0pHBZflvpojAw==",
      "dev": true,
      "peer": true,
      "engines": {
        "node": "^18.20.0 || ^20.10.0 || >=21.0.0"
      }
    },
    "node_modules/@babel/helper-validator-identifier": {
      "version": "8.0.0-alpha.11",
      "resolved": "https://registry.npmjs.org/@babel/helper-validator-identifier/-/helper-validator-identifier-8.0.0-alpha.11.tgz",
      "integrity": "sha512-HUtrpV2uaXv/kkFH0M2svUCoX96pW4qC1ioTu8dpNUU98xc2QciHmApW1zRWvwpHGQ/46Mc3f9QEVsMkmxM6Mg==",
      "dev": true,
      "peer": true,
      "engines": {
        "node": "^18.20.0 || ^20.10.0 || >=21.0.0"
      }
    },
    "node_modules/@babel/helper-validator-option": {
      "version": "8.0.0-alpha.11",
      "resolved": "https://registry.npmjs.org/@babel/helper-validator-option/-/helper-validator-option-8.0.0-alpha.11.tgz",
      "integrity": "sha512-Wmd/J81AWA5ZP93jU4JL1hYK16kg1f9atdWKYycEWh+aZ+1p9HLm17sjiaTwQ+wp+bG9+ftXEuuQWa0XmQQcxA==",
      "dev": true,
      "engines": {
        "node": "^18.20.0 || ^20.10.0 || >=21.0.0"
      }
    },
    "node_modules/@babel/helpers": {
      "version": "8.0.0-alpha.11",
      "resolved": "https://registry.npmjs.org/@babel/helpers/-/helpers-8.0.0-alpha.11.tgz",
      "integrity": "sha512-UjNInWv8qGeqMqRcEZOahHingMHolQMLzm9jLx/Tft+ynkS61v+ulcC82p1c+LZTe9bxFSlbDeMHvKSnCQ5g1Q==",
      "dev": true,
      "peer": true,
      "dependencies": {
        "@babel/template": "^8.0.0-alpha.11",
        "@babel/types": "^8.0.0-alpha.11"
      },
      "engines": {
        "node": "^18.20.0 || ^20.10.0 || >=21.0.0"
      }
    },
    "node_modules/@babel/highlight": {
      "version": "8.0.0-alpha.11",
      "resolved": "https://registry.npmjs.org/@babel/highlight/-/highlight-8.0.0-alpha.11.tgz",
      "integrity": "sha512-HfL3Oah1g8O5O6Ky/iye6clSNUmyT//Uf8iwSTo49TrQE/Xu4KFOCCys6z+9H12vgiMTXxdLW8gDSPiLxiZ7iA==",
      "dev": true,
      "peer": true,
      "dependencies": {
        "@babel/helper-validator-identifier": "^8.0.0-alpha.11",
        "js-tokens": "^8.0.0",
        "picocolors": "^1.0.0"
      },
      "engines": {
        "node": "^18.20.0 || ^20.10.0 || >=21.0.0"
      }
    },
    "node_modules/@babel/parser": {
      "version": "8.0.0-alpha.11",
      "resolved": "https://registry.npmjs.org/@babel/parser/-/parser-8.0.0-alpha.11.tgz",
      "integrity": "sha512-H26G0jcHMYiKcvdeUrvrAuKgFvJKToXLBBhQ067T0KI30S2Ow7zwR6+6u8kV4KjWVLk8YEbH8EIBhGayRF+8WA==",
      "dev": true,
      "peer": true,
      "bin": {
        "parser": "bin/babel-parser.js"
      },
      "engines": {
        "node": "^18.20.0 || ^20.10.0 || >=21.0.0"
      }
    },
    "node_modules/@babel/plugin-syntax-flow": {
      "version": "8.0.0-alpha.11",
      "resolved": "https://registry.npmjs.org/@babel/plugin-syntax-flow/-/plugin-syntax-flow-8.0.0-alpha.11.tgz",
      "integrity": "sha512-gxECzJkW8Xy/V++qr1ypYbPSrkdo14iZ7Z2yB5k+JyFVx70GOV58e6y8YWJa3UFSBy6pkma0JAwMMVAFAze41g==",
      "dev": true,
      "dependencies": {
        "@babel/helper-plugin-utils": "^8.0.0-alpha.11"
      },
      "engines": {
        "node": "^18.20.0 || ^20.10.0 || >=21.0.0"
      },
      "peerDependencies": {
        "@babel/core": "^8.0.0-alpha.11"
      }
    },
    "node_modules/@babel/plugin-transform-flow-strip-types": {
      "version": "8.0.0-alpha.11",
      "resolved": "https://registry.npmjs.org/@babel/plugin-transform-flow-strip-types/-/plugin-transform-flow-strip-types-8.0.0-alpha.11.tgz",
      "integrity": "sha512-5NvqiKGW9ODh2sPARErbkdZ/XXPQWc+i1g0fDs7dxkmZOOR6PdHwuXNnyn+Aun2V+DwGfBdatyYmDF7cWwpDYA==",
      "dev": true,
      "dependencies": {
        "@babel/helper-plugin-utils": "^8.0.0-alpha.11",
        "@babel/plugin-syntax-flow": "^8.0.0-alpha.11"
      },
      "engines": {
        "node": "^18.20.0 || ^20.10.0 || >=21.0.0"
      },
      "peerDependencies": {
        "@babel/core": "^8.0.0-alpha.11"
      }
    },
    "node_modules/@babel/preset-flow": {
      "version": "8.0.0-alpha.5",
      "resolved": "https://registry.npmjs.org/@babel/preset-flow/-/preset-flow-8.0.0-alpha.5.tgz",
      "integrity": "sha512-8zh7fLpqCcy61noaM/g1zI7W1DWrG/GNJcXhs20ECzd418O3fXtecpXQGB491/lw2sle1mUG8ZRp8sM6xd59bA==",
      "dev": true,
      "dependencies": {
        "@babel/helper-plugin-utils": "^8.0.0-alpha.5",
        "@babel/helper-validator-option": "^8.0.0-alpha.5",
        "@babel/plugin-transform-flow-strip-types": "^8.0.0-alpha.5"
      },
      "engines": {
        "node": "^16.20.0 || ^18.16.0 || >=20.0.0"
      },
      "peerDependencies": {
        "@babel/core": "^8.0.0-alpha.5"
      }
    },
    "node_modules/@babel/template": {
      "version": "8.0.0-alpha.11",
      "resolved": "https://registry.npmjs.org/@babel/template/-/template-8.0.0-alpha.11.tgz",
      "integrity": "sha512-5W8/Vu8LFMqUUc7/r+Zy41Bz7ju8FeORFQT53WEIEP404mJnJml7g4mM7WrSk0C/LtJAgnfCUHZfUOlYk+jVgQ==",
      "dev": true,
      "peer": true,
      "dependencies": {
        "@babel/code-frame": "^8.0.0-alpha.11",
        "@babel/parser": "^8.0.0-alpha.11",
        "@babel/types": "^8.0.0-alpha.11"
      },
      "engines": {
        "node": "^18.20.0 || ^20.10.0 || >=21.0.0"
      }
    },
    "node_modules/@babel/traverse": {
      "version": "8.0.0-alpha.11",
      "resolved": "https://registry.npmjs.org/@babel/traverse/-/traverse-8.0.0-alpha.11.tgz",
      "integrity": "sha512-LUiN74zmys4gGogS5OAAB1w03By4zunqtqbUEDkHMtSKCm/ADcgLEktKqzjpiprrdnfJLG+ojZcfpQKUHqkmag==",
      "dev": true,
      "peer": true,
      "dependencies": {
        "@babel/code-frame": "^8.0.0-alpha.11",
        "@babel/generator": "^8.0.0-alpha.11",
        "@babel/helper-environment-visitor": "^8.0.0-alpha.11",
        "@babel/helper-function-name": "^8.0.0-alpha.11",
        "@babel/helper-hoist-variables": "^8.0.0-alpha.11",
        "@babel/helper-split-export-declaration": "^8.0.0-alpha.11",
        "@babel/parser": "^8.0.0-alpha.11",
        "@babel/types": "^8.0.0-alpha.11",
        "debug": "^4.3.1",
        "globals": "^13.5.0"
      },
      "engines": {
        "node": "^18.20.0 || ^20.10.0 || >=21.0.0"
      }
    },
    "node_modules/@babel/types": {
      "version": "8.0.0-alpha.11",
      "resolved": "https://registry.npmjs.org/@babel/types/-/types-8.0.0-alpha.11.tgz",
      "integrity": "sha512-QMnCVcQ3rpXQhDN0iyfwi3TLObbxws33lLljQWzz3g/4h8MqmLvvc9f6yTsNN4p9SMJiynTcVHqGcvb2zEinXw==",
      "dev": true,
      "peer": true,
      "dependencies": {
        "@babel/helper-string-parser": "^8.0.0-alpha.11",
        "@babel/helper-validator-identifier": "^8.0.0-alpha.11",
        "to-fast-properties": "^3.0.0"
      },
      "engines": {
        "node": "^18.20.0 || ^20.10.0 || >=21.0.0"
      }
    },
    "node_modules/@jridgewell/gen-mapping": {
      "version": "0.3.5",
      "resolved": "https://registry.npmjs.org/@jridgewell/gen-mapping/-/gen-mapping-0.3.5.tgz",
      "integrity": "sha512-IzL8ZoEDIBRWEzlCcRhOaCupYyN5gdIK+Q6fbFdPDg6HqX6jpkItn7DFIpW9LQzXG6Df9sA7+OKnq0qlz/GaQg==",
      "dev": true,
      "peer": true,
      "dependencies": {
        "@jridgewell/set-array": "^1.2.1",
        "@jridgewell/sourcemap-codec": "^1.4.10",
        "@jridgewell/trace-mapping": "^0.3.24"
      },
      "engines": {
        "node": ">=6.0.0"
      }
    },
    "node_modules/@jridgewell/resolve-uri": {
      "version": "3.1.2",
      "resolved": "https://registry.npmjs.org/@jridgewell/resolve-uri/-/resolve-uri-3.1.2.tgz",
      "integrity": "sha512-bRISgCIjP20/tbWSPWMEi54QVPRZExkuD9lJL+UIxUKtwVJA8wW1Trb1jMs1RFXo1CBTNZ/5hpC9QvmKWdopKw==",
      "dev": true,
      "peer": true,
      "engines": {
        "node": ">=6.0.0"
      }
    },
    "node_modules/@jridgewell/set-array": {
      "version": "1.2.1",
      "resolved": "https://registry.npmjs.org/@jridgewell/set-array/-/set-array-1.2.1.tgz",
      "integrity": "sha512-R8gLRTZeyp03ymzP/6Lil/28tGeGEzhx1q2k703KGWRAI1VdvPIXdG70VJc2pAMw3NA6JKL5hhFu1sJX0Mnn/A==",
      "dev": true,
      "peer": true,
      "engines": {
        "node": ">=6.0.0"
      }
    },
    "node_modules/@jridgewell/sourcemap-codec": {
      "version": "1.5.0",
      "resolved": "https://registry.npmjs.org/@jridgewell/sourcemap-codec/-/sourcemap-codec-1.5.0.tgz",
      "integrity": "sha512-gv3ZRaISU3fjPAgNsriBRqGWQL6quFx04YMPW/zD8XMLsU32mhCCbfbO6KZFLjvYpCZ8zyDEgqsgf+PwPaM7GQ==",
      "dev": true,
      "peer": true
    },
    "node_modules/@jridgewell/trace-mapping": {
      "version": "0.3.25",
      "resolved": "https://registry.npmjs.org/@jridgewell/trace-mapping/-/trace-mapping-0.3.25.tgz",
      "integrity": "sha512-vNk6aEwybGtawWmy/PzwnGDOjCkLWSD2wqvjGGAgOAwCGWySYXfYoxt00IJkTF+8Lb57DwOb3Aa0o9CApepiYQ==",
      "dev": true,
      "peer": true,
      "dependencies": {
        "@jridgewell/resolve-uri": "^3.1.0",
        "@jridgewell/sourcemap-codec": "^1.4.14"
      }
    },
    "node_modules/@snyk/protect": {
      "version": "1.1292.1",
      "resolved": "https://registry.npmjs.org/@snyk/protect/-/protect-1.1292.1.tgz",
      "integrity": "sha512-wM/0JGs1PhN30nigmOSfEPge3pyEHBAEN3/5/EoyIPOsUsZl/pKBEb2TwZnYbnfTKQi7CpyOKkVIaw40CBbQVA==",
      "bin": {
        "snyk-protect": "bin/snyk-protect"
      },
      "engines": {
        "node": ">=10"
      }
    },
    "node_modules/browserslist": {
      "version": "4.23.2",
      "resolved": "https://registry.npmjs.org/browserslist/-/browserslist-4.23.2.tgz",
      "integrity": "sha512-qkqSyistMYdxAcw+CzbZwlBy8AGmS/eEWs+sEV5TnLRGDOL+C5M2EnH6tlZyg0YoAxGJAFKh61En9BR941GnHA==",
      "dev": true,
      "funding": [
        {
          "type": "opencollective",
          "url": "https://opencollective.com/browserslist"
        },
        {
          "type": "tidelift",
          "url": "https://tidelift.com/funding/github/npm/browserslist"
        },
        {
          "type": "github",
          "url": "https://github.com/sponsors/ai"
        }
      ],
      "peer": true,
      "dependencies": {
        "caniuse-lite": "^1.0.30001640",
        "electron-to-chromium": "^1.4.820",
        "node-releases": "^2.0.14",
        "update-browserslist-db": "^1.1.0"
      },
      "bin": {
        "browserslist": "cli.js"
      },
      "engines": {
        "node": "^6 || ^7 || ^8 || ^9 || ^10 || ^11 || ^12 || >=13.7"
      }
    },
    "node_modules/caniuse-lite": {
      "version": "1.0.30001642",
      "resolved": "https://registry.npmjs.org/caniuse-lite/-/caniuse-lite-1.0.30001642.tgz",
      "integrity": "sha512-3XQ0DoRgLijXJErLSl+bLnJ+Et4KqV1PY6JJBGAFlsNsz31zeAIncyeZfLCabHK/jtSh+671RM9YMldxjUPZtA==",
      "dev": true,
      "funding": [
        {
          "type": "opencollective",
          "url": "https://opencollective.com/browserslist"
        },
        {
          "type": "tidelift",
          "url": "https://tidelift.com/funding/github/npm/caniuse-lite"
        },
        {
          "type": "github",
          "url": "https://github.com/sponsors/ai"
        }
      ],
      "peer": true
    },
    "node_modules/convert-source-map": {
      "version": "2.0.0",
      "resolved": "https://registry.npmjs.org/convert-source-map/-/convert-source-map-2.0.0.tgz",
      "integrity": "sha512-Kvp459HrV2FEJ1CAsi1Ku+MY3kasH19TFykTz2xWmMeq6bk2NU3XXvfJ+Q61m0xktWwt+1HSYf3JZsTms3aRJg==",
      "dev": true,
      "peer": true
    },
    "node_modules/debug": {
      "version": "4.3.5",
      "resolved": "https://registry.npmjs.org/debug/-/debug-4.3.5.tgz",
      "integrity": "sha512-pt0bNEmneDIvdL1Xsd9oDQ/wrQRkXDT4AUWlNZNPKvW5x/jyO9VFXkJUP07vQ2upmw5PlaITaPKc31jK13V+jg==",
      "dev": true,
      "peer": true,
      "dependencies": {
        "ms": "2.1.2"
      },
      "engines": {
        "node": ">=6.0"
      },
      "peerDependenciesMeta": {
        "supports-color": {
          "optional": true
        }
      }
    },
    "node_modules/electron-to-chromium": {
      "version": "1.4.828",
      "resolved": "https://registry.npmjs.org/electron-to-chromium/-/electron-to-chromium-1.4.828.tgz",
      "integrity": "sha512-QOIJiWpQJDHAVO4P58pwb133Cwee0nbvy/MV1CwzZVGpkH1RX33N3vsaWRCpR6bF63AAq366neZrRTu7Qlsbbw==",
      "dev": true,
      "peer": true
    },
    "node_modules/escalade": {
      "version": "3.1.2",
      "resolved": "https://registry.npmjs.org/escalade/-/escalade-3.1.2.tgz",
      "integrity": "sha512-ErCHMCae19vR8vQGe50xIsVomy19rg6gFu3+r3jkEO46suLMWBksvVyoGgQV+jOfl84ZSOSlmv6Gxa89PmTGmA==",
      "dev": true,
      "peer": true,
      "engines": {
        "node": ">=6"
      }
    },
    "node_modules/flow-bin": {
      "version": "0.241.0",
      "resolved": "https://registry.npmjs.org/flow-bin/-/flow-bin-0.241.0.tgz",
      "integrity": "sha512-R1WROxAuWCOF5gMVqVYbb3iUvqP2OQyaYLSrkUxZrLonvjUJeedGx7nv79tdkoB7eRja3kY+/lQ/nbPtkFsqOA==",
      "dev": true,
      "bin": {
        "flow": "cli.js"
      },
      "engines": {
        "node": ">=0.10.0"
      }
    },
    "node_modules/flow-remove-types": {
      "version": "2.241.0",
      "resolved": "https://registry.npmjs.org/flow-remove-types/-/flow-remove-types-2.241.0.tgz",
      "integrity": "sha512-JPmVPy6QNNSFpj24yKBPdSoQ4zT+XquVm2JxrGwegzYXUr1LeH3t52UIIyRo6e29rwgivDyrgYhyxODJQtYv8w==",
      "dev": true,
      "dependencies": {
        "hermes-parser": "0.22.0",
        "pirates": "^3.0.2",
        "vlq": "^0.2.1"
      },
      "bin": {
        "flow-node": "flow-node",
        "flow-remove-types": "flow-remove-types"
      },
      "engines": {
        "node": ">=4"
      }
    },
    "node_modules/gensync": {
      "version": "1.0.0-beta.2",
      "resolved": "https://registry.npmjs.org/gensync/-/gensync-1.0.0-beta.2.tgz",
      "integrity": "sha512-3hN7NaskYvMDLQY55gnW3NQ+mesEAepTqlg+VEbj7zzqEMBVNhzcGYYeqFo/TlYz6eQiFcp1HcsCZO+nGgS8zg==",
      "dev": true,
      "peer": true,
      "engines": {
        "node": ">=6.9.0"
      }
    },
    "node_modules/globals": {
      "version": "13.24.0",
      "resolved": "https://registry.npmjs.org/globals/-/globals-13.24.0.tgz",
      "integrity": "sha512-AhO5QUcj8llrbG09iWhPU2B204J1xnPeL8kQmVorSsy+Sjj1sk8gIyh6cUocGmH4L0UuhAJy+hJMRA4mgA4mFQ==",
      "dev": true,
      "peer": true,
      "dependencies": {
        "type-fest": "^0.20.2"
      },
      "engines": {
        "node": ">=8"
      },
      "funding": {
        "url": "https://github.com/sponsors/sindresorhus"
      }
    },
    "node_modules/hermes-estree": {
      "version": "0.22.0",
      "resolved": "https://registry.npmjs.org/hermes-estree/-/hermes-estree-0.22.0.tgz",
      "integrity": "sha512-FLBt5X9OfA8BERUdc6aZS36Xz3rRuB0Y/mfocSADWEJfomc1xfene33GdyAmtTkKTBXTN/EgAy+rjTKkkZJHlw==",
      "dev": true
    },
    "node_modules/hermes-parser": {
      "version": "0.22.0",
      "resolved": "https://registry.npmjs.org/hermes-parser/-/hermes-parser-0.22.0.tgz",
      "integrity": "sha512-gn5RfZiEXCsIWsFGsKiykekktUoh0PdFWYocXsUdZIyWSckT6UIyPcyyUIPSR3kpnELWeK3n3ztAse7Mat6PSA==",
      "dev": true,
      "dependencies": {
        "hermes-estree": "0.22.0"
      }
    },
    "node_modules/js-tokens": {
      "version": "8.0.3",
      "resolved": "https://registry.npmjs.org/js-tokens/-/js-tokens-8.0.3.tgz",
      "integrity": "sha512-UfJMcSJc+SEXEl9lH/VLHSZbThQyLpw1vLO1Lb+j4RWDvG3N2f7yj3PVQA3cmkTBNldJ9eFnM+xEXxHIXrYiJw==",
      "dev": true,
      "peer": true
    },
    "node_modules/jsesc": {
      "version": "3.0.2",
      "resolved": "https://registry.npmjs.org/jsesc/-/jsesc-3.0.2.tgz",
      "integrity": "sha512-xKqzzWXDttJuOcawBt4KnKHHIf5oQ/Cxax+0PWFG+DFDgHNAdi+TXECADI+RYiFUMmx8792xsMbbgXj4CwnP4g==",
      "dev": true,
      "peer": true,
      "bin": {
        "jsesc": "bin/jsesc"
      },
      "engines": {
        "node": ">=6"
      }
    },
    "node_modules/json5": {
      "version": "2.2.3",
      "resolved": "https://registry.npmjs.org/json5/-/json5-2.2.3.tgz",
      "integrity": "sha512-XmOWe7eyHYH14cLdVPoyg+GOH3rYX++KpzrylJwSW98t3Nk+U8XOl8FWKOgwtzdb8lXGf6zYwDUzeHMWfxasyg==",
      "dev": true,
      "peer": true,
      "bin": {
        "json5": "lib/cli.js"
      },
      "engines": {
        "node": ">=6"
      }
    },
    "node_modules/lru-cache": {
      "version": "7.18.3",
      "resolved": "https://registry.npmjs.org/lru-cache/-/lru-cache-7.18.3.tgz",
      "integrity": "sha512-jumlc0BIUrS3qJGgIkWZsyfAM7NCWiBcCDhnd+3NNM5KbBmLTgHVfWBcg6W+rLUsIpzpERPsvwUP7CckAQSOoA==",
      "dev": true,
      "peer": true,
      "engines": {
        "node": ">=12"
      }
    },
    "node_modules/ms": {
      "version": "2.1.2",
      "resolved": "https://registry.npmjs.org/ms/-/ms-2.1.2.tgz",
      "integrity": "sha512-sGkPx+VjMtmA6MX27oA4FBFELFCZZ4S4XqeGOXCv68tT+jb3vk/RyaKWP0PTKyWtmLSM0b+adUTEvbs1PEaH2w==",
      "dev": true,
      "peer": true
    },
    "node_modules/node-modules-regexp": {
      "version": "1.0.0",
      "resolved": "https://registry.npmjs.org/node-modules-regexp/-/node-modules-regexp-1.0.0.tgz",
      "integrity": "sha512-JMaRS9L4wSRIR+6PTVEikTrq/lMGEZR43a48ETeilY0Q0iMwVnccMFrUM1k+tNzmYuIU0Vh710bCUqHX+/+ctQ==",
      "dev": true,
      "engines": {
        "node": ">=0.10.0"
      }
    },
    "node_modules/node-releases": {
      "version": "2.0.14",
      "resolved": "https://registry.npmjs.org/node-releases/-/node-releases-2.0.14.tgz",
      "integrity": "sha512-y10wOWt8yZpqXmOgRo77WaHEmhYQYGNA6y421PKsKYWEK8aW+cqAphborZDhqfyKrbZEN92CN1X2KbafY2s7Yw==",
      "dev": true,
      "peer": true
    },
    "node_modules/picocolors": {
      "version": "1.0.1",
      "resolved": "https://registry.npmjs.org/picocolors/-/picocolors-1.0.1.tgz",
      "integrity": "sha512-anP1Z8qwhkbmu7MFP5iTt+wQKXgwzf7zTyGlcdzabySa9vd0Xt392U0rVmz9poOaBj0uHJKyyo9/upk0HrEQew==",
      "dev": true,
      "peer": true
    },
    "node_modules/pirates": {
      "version": "3.0.2",
      "resolved": "https://registry.npmjs.org/pirates/-/pirates-3.0.2.tgz",
      "integrity": "sha512-c5CgUJq6H2k6MJz72Ak1F5sN9n9wlSlJyEnwvpm9/y3WB4E3pHBDT2c6PEiS1vyJvq2bUxUAIu0EGf8Cx4Ic7Q==",
      "dev": true,
      "dependencies": {
        "node-modules-regexp": "^1.0.0"
      },
      "engines": {
        "node": ">= 4"
      }
    },
    "node_modules/semver": {
      "version": "7.6.2",
      "resolved": "https://registry.npmjs.org/semver/-/semver-7.6.2.tgz",
      "integrity": "sha512-FNAIBWCx9qcRhoHcgcJ0gvU7SN1lYU2ZXuSfl04bSC5OpvDHFyJCjdNHomPXxjQlCBU67YW64PzY7/VIEH7F2w==",
      "dev": true,
      "peer": true,
      "bin": {
        "semver": "bin/semver.js"
      },
      "engines": {
        "node": ">=10"
      }
    },
    "node_modules/to-fast-properties": {
      "version": "3.0.1",
      "resolved": "https://registry.npmjs.org/to-fast-properties/-/to-fast-properties-3.0.1.tgz",
      "integrity": "sha512-/wtNi1tW1F3nf0OL6AqVxGw9Tr1ET70InMhJuVxPwFdGqparF0nQ4UWGLf2DsoI2bFDtthlBnALncZpUzOnsUw==",
      "dev": true,
      "peer": true,
      "engines": {
        "node": ">=8"
      },
      "funding": {
        "url": "https://github.com/sponsors/sindresorhus"
      }
    },
    "node_modules/type-fest": {
      "version": "0.20.2",
      "resolved": "https://registry.npmjs.org/type-fest/-/type-fest-0.20.2.tgz",
      "integrity": "sha512-Ne+eE4r0/iWnpAxD852z3A+N0Bt5RN//NjJwRd2VFHEmrywxf5vsZlh4R6lixl6B+wz/8d+maTSAkN1FIkI3LQ==",
      "dev": true,
      "peer": true,
      "engines": {
        "node": ">=10"
      },
      "funding": {
        "url": "https://github.com/sponsors/sindresorhus"
      }
    },
    "node_modules/update-browserslist-db": {
      "version": "1.1.0",
      "resolved": "https://registry.npmjs.org/update-browserslist-db/-/update-browserslist-db-1.1.0.tgz",
      "integrity": "sha512-EdRAaAyk2cUE1wOf2DkEhzxqOQvFOoRJFNS6NeyJ01Gp2beMRpBAINjM2iDXE3KCuKhwnvHIQCJm6ThL2Z+HzQ==",
      "dev": true,
      "funding": [
        {
          "type": "opencollective",
          "url": "https://opencollective.com/browserslist"
        },
        {
          "type": "tidelift",
          "url": "https://tidelift.com/funding/github/npm/browserslist"
        },
        {
          "type": "github",
          "url": "https://github.com/sponsors/ai"
        }
      ],
      "peer": true,
      "dependencies": {
        "escalade": "^3.1.2",
        "picocolors": "^1.0.1"
      },
      "bin": {
        "update-browserslist-db": "cli.js"
      },
      "peerDependencies": {
        "browserslist": ">= 4.21.0"
      }
    },
    "node_modules/vlq": {
      "version": "0.2.3",
      "resolved": "https://registry.npmjs.org/vlq/-/vlq-0.2.3.tgz",
      "integrity": "sha512-DRibZL6DsNhIgYQ+wNdWDL2SL3bKPlVrRiBqV5yuMm++op8W4kGFtaQfCs4KEJn0wBZcHVHJ3eoywX8983k1ow==",
      "dev": true
    }
  }
}
