# This file was autogenerated by Stack.
# You should not edit this file by hand.
# For more information, please see the documentation at:
#   https://docs.haskellstack.org/en/stable/lock_files

packages:
- completed:
    hackage: aeson-1.4.3.0@sha256:49f92cd7bd5e9bb447f0f284785e725f5bebc798ca60baa5438d0eaaece28399,6899
    pantry-tree:
      size: 40192
      sha256: 6eaaa178d81eb004ef60cefbb029b9758470656edabaefc439a43bffbb41bcef
  original:
    hackage: aeson-1.4.3.0
- completed:
    hackage: ansi-terminal-0.9.1@sha256:48f53532d0f365ffa568c8cf0adc84c66f800a7d80d3329e4f04fa75392f4af1,3225
    pantry-tree:
      size: 1461
      sha256: 4686b1fdd2b74598eb83d35f447e4520d58d6534b5277a6f2bfaaa258bf1f833
  original:
    hackage: ansi-terminal-0.9.1
- completed:
    hackage: async-2.2.1@sha256:f747a6bf31b355860a8f3401d0fa11d65db1129ff404a27138048ecea261198c,2992
    pantry-tree:
      size: 500
      sha256: 346e49a475933f29edd8dc1019fbcf7103ea93d182470b0464d26c6d180e2457
  original:
    hackage: async-2.2.1
- completed:
    hackage: avahi-0.2.0@sha256:eb725536d8427548685b531d4bf8271a3104da06f611ed38165a0e08e21c54eb,1799
    pantry-tree:
      size: 447
      sha256: 13863fdea02723187974eae872a855369db6fe6ee961e0dcbc13d22581b7c867
  original:
    hackage: avahi-0.2.0
- completed:
    hackage: bytestring-0.10.8.2@sha256:0a58355cb91bc9930f951a6d14f5fb4a6022647c3aab2b7223e888843bb6a832,8921
    pantry-tree:
      size: 2788
      sha256: 5ebb0fddb2f9cdf4a295bbb610279ba7651547355d882942ad08c62efb00183c
  original:
    hackage: bytestring-0.10.8.2
- completed:
    hackage: concurrent-extra-0.7.0.12@sha256:f9a9c09770dbe32eeb3c741ef6c4e0b3389a203cd46eeb4c696b11ee66f01423,3386
    pantry-tree:
      size: 1393
      sha256: 1e06b9e225a107ebcb7b1f441f0591140e63c18256fae4a2ef396c298fe44e4a
  original:
    hackage: concurrent-extra-0.7.0.12
- completed:
    hackage: digits-0.3.1@sha256:39009270485114ee7c51273ccca354c6d4af8408f8f1345d506fc5e638b99273,992
    pantry-tree:
      size: 263
      sha256: 514b46f148370fc857f7d9a1604a510ac732034ecf7d6b0a5b82f0c94fe634ce
  original:
    hackage: digits-0.3.1
- completed:
    hackage: directory-1.3.3.2@sha256:79e15a62f90cb9f20f46b2b56fe67d00d71ed54cfad07ea337695f9ebb74baa4,2829
    pantry-tree:
      size: 3363
      sha256: 07702ef1e423c4d3eb2e56f581c684e6a6956f40bf5a269bd41c758ccff7f493
  original:
    hackage: directory-1.3.3.2
- completed:
    hackage: egyptian-fractions-0.1.0.2@sha256:e109daa27dba59e911fe5ede3519368e69d178159561195e1f3b1fe5ec680adc,1059
    pantry-tree:
      size: 269
      sha256: 258085134512bf0833d2725cbf92345ba9e706da210a7dc58f4d6e58743dd528
  original:
    hackage: egyptian-fractions-0.1.0.2
- completed:
    hackage: FixedPoint-simple-0.6.1@sha256:01f08f712f70b4499d2099adda71ee887f24cc0f285f29c4952815e7d52c2bb8,1179
    pantry-tree:
      size: 284
      sha256: 2ee6b74d4232718915ab08602984ce7eee3921e266997ed9813b08fb484590e1
  original:
    hackage: FixedPoint-simple-0.6.1
- completed:
    hackage: flow-1.0.18@sha256:9a4dd87a97ea73f47350e7e94baf362b56a06a5783287daf5c7a690c173f7c93,1477
    pantry-tree:
      size: 481
      sha256: 8f83fa21f016278e3f54114e48b9ce52fbc59b9fcae0141746a373597fdbfd70
  original:
    hackage: flow-1.0.18
- completed:
    hackage: gd-3000.7.3@sha256:fe5b227b873fe1f78f15866e7db9bcd18cba58d92373bd6f2c44f78c194f6757,836
    pantry-tree:
      size: 517
      sha256: 44940409a946037960796f44650ad308f5328b48ea836f22a535689acb8ea56a
  original:
    hackage: gd-3000.7.3
- completed:
    hackage: gogol-0.4.0@sha256:c2065fa419553781b7f972e3ec9f14e74df2c8ff2f1edf1151c7297f2c8a0729,3222
    pantry-tree:
      size: 1243
      sha256: c247176133ef3d8287de3251c8663d9622430e8195a77d901267a75e1852f7f4
  original:
    hackage: gogol-0.4.0
- completed:
    hackage: gogol-core-0.4.0@sha256:764a6648535bf2e248c220fe85d4d63fa4c21f896e7f0e23322b2bb8cc3e81c6,2821
    pantry-tree:
      size: 686
      sha256: fe48ec7650b34c6dd5d66791f099e55e5c80be3d73a5db1403f5eaa6a014ca32
  original:
    hackage: gogol-core-0.4.0@sha256:764a6648535bf2e248c220fe85d4d63fa4c21f896e7f0e23322b2bb8cc3e81c6,2821
- completed:
    hackage: gogol-translate-0.4.0@sha256:dba724e6439f32ad0973dd62cee1714f4b69c0c66301ccd54f7d089863123e9c,1795
    pantry-tree:
      size: 1067
      sha256: 32398d7a45e971ebcde1ebe226bea82be52cbd461f18846ebb2ac53fd2a3a476
  original:
    hackage: gogol-translate-0.4.0
- completed:
    hackage: haskell-src-exts-1.20.3@sha256:eb9a0a02e422f64e793fe077e445e930bc365b7f7ce92ce6983475c72f8b3785,4467
    pantry-tree:
      size: 92343
      sha256: c14945db7232a46e974a3467d881e7929d4940fb947ccecb8e210cebba7abe1b
  original:
    hackage: haskell-src-exts-1.20.3
- completed:
    hackage: haxl-2.1.2.0@sha256:1cee655c380dd0373932c666808edc9a9a2d4d8c4e03caeb4da49fbd135b24d9,4040
    pantry-tree:
      size: 2888
      sha256: 90522851e0cd5bb9cb78e83adc4ee9fba86879c91ccdc514bedcc6ddfc140889
  original:
    hackage: haxl-2.1.2.0
- completed:
    hackage: HDBC-2.4.0.2@sha256:77de460b831e7e5cea8fa0f5c0271ac5465d911d988443acef605fddf2ad2550,2997
    pantry-tree:
      size: 1004
      sha256: f65f6e768b8edc22f491b65d3eb8efbfeddef465847b92161ae0e654314a5dee
  original:
    hackage: HDBC-2.4.0.2
- completed:
    hackage: hdbc-aeson-0.1.3.2@sha256:5585d78cfc1977f2e0bfa393e4545eece628ac16f995f7c3925ae7f7cf24b350,1106
    pantry-tree:
      size: 265
      sha256: 1a6ed8034f30373a0d18ddf411920629cb01bf8866d24246ddfc7222ced37860
  original:
    hackage: hdbc-aeson-0.1.3.2
- completed:
    hackage: HDBC-postgresql-2.3.2.6@sha256:6e1636b0414ae7b028a01f1a90cf3e28c14f1df7867cf2615d5357d9abcd6279,3164
    pantry-tree:
      size: 1740
      sha256: 447f1893e85d46f3f1c5e8b43ed46e4ff9563223c2ae0b6b78de624a9f0563c1
  original:
    hackage: HDBC-postgresql-2.3.2.6
- completed:
    hackage: HDBC-mysql-0.7.1.0@sha256:0a10703f7fd1bd19c8061ebd6dd318acbc107d55502936ba21c1ca705ca1d790,1454
    pantry-tree:
      size: 463
      sha256: 88c0deba27d970b269b603c24edb10c53966683ff914cce39d30bc77c09cc8c1
  original:
    hackage: HDBC-mysql-0.7.1.0
- completed:
    hackage: HDBC-sqlite3-2.3.3.1@sha256:5025fd94d02b9b3f0b8b8233796dd9a85a0b3dda6503c6e671e3eddbc51cb4d4,2424
    pantry-tree:
      size: 1427
      sha256: 76e71f73502350ed3fe5fc64604a21a3c8027d49fe6846183d53dbdaf583437a
  original:
    hackage: HDBC-sqlite3-2.3.3.1
- completed:
    hackage: hsp-0.10.0@sha256:16719c88f65a8f10f3f8b4e42bf94122d3237b7c821ce49e46f259be103b3768,2411
    pantry-tree:
      size: 491
      sha256: a93cab5b4ebf3e8dee25e76c998487fffdf08c9f55d49a8f77d6cd22da2ff485
  original:
    hackage: hsp-0.10.0
- completed:
    hackage: hsx2hs-0.14.1.5@sha256:e9942996719cacbf0b764a5667b5f8d3dc57fdcb27ac25f316ecb4829723acd3,3567
    pantry-tree:
      size: 406
      sha256: dd85a0b944e3579728861fa3af52a82f670d92791f6b8b02787a2cf3c2fe0068
  original:
    hackage: hsx2hs-0.14.1.5
- completed:
    hackage: hxt-9.3.1.16@sha256:0a59d7e4b2002823f82695039c13dc9eba7d9b3e8e131f1b8ccd4b66c8d364e3,9451
    pantry-tree:
      size: 10091
      sha256: c25064c16e9db908077b1a2a8bbf57a448f23fb146566bcf1740f5ffdb542723
  original:
    hackage: hxt-9.3.1.16
- completed:
    hackage: hxt-xpath-9.1.2.2@sha256:9cd590ae93a04573db8f90fa4094625ebd97dded45da7667c577ce6b38a42900,1999
    pantry-tree:
      size: 2225
      sha256: aee2f75974e868ff429b8ff349a29667536c60397098f5dfedc968d1951511bb
  original:
    hackage: hxt-xpath-9.1.2.2
- completed:
    hackage: IfElse-0.85@sha256:6939b94acc6a55f545f63a168a349dd2fbe4b9a7cca73bf60282db5cc6aa47d2,445
    pantry-tree:
      size: 213
      sha256: 4efed7ab11ec6d794c7e56eb76216363c51c4c084d9a616917fc025a1151cd65
  original:
    hackage: IfElse-0.85@sha256:6939b94acc6a55f545f63a168a349dd2fbe4b9a7cca73bf60282db5cc6aa47d2,445
- completed:
    hackage: lens-4.17.1@sha256:61f6956d463e4c6d44d9d3f0637ed957e4a6756145c0f433fffa6371608276fe,15822
    pantry-tree:
      size: 8041
      sha256: fece7dc98d59f1613c05dd07329b5fe287a8560fb8856d2bef2b46b5c9fe23c3
  original:
    hackage: lens-4.17.1
- completed:
    hackage: lifted-async-0.10.0.4@sha256:f763f568b01f4d2e7f25f137d005445af2ffdaa08aa2406810b56c3b9e7acb07,2579
    pantry-tree:
      size: 872
      sha256: 858f09b19f08a00046af3f7bc90e226b2ec06ef052c759fab9321a00a3329fa9
  original:
    hackage: lifted-async-0.10.0.4
- completed:
    hackage: mongoDB-2.5.0.0@sha256:fa2e3ad7a79f0e5472fda78dad040062cb2c73687d329161d5900ec30ef666d1,5008
    pantry-tree:
      size: 1186
      sha256: 807e4b23607d1a21dde32b8b2f98ce0f0bbc168c8514b627ee166b37a3b7b1e2
  original:
    hackage: mongoDB-2.5.0.0
- completed:
    hackage: numbers-3000.2.0.2@sha256:fedb235e16f19ffb5dc40711738c29e231fae4ad608473880a1f59ba5f60829e,1757
    pantry-tree:
      size: 845
      sha256: 8b21054c6431e81d0cb58611caabc07feac8ef40854e5f72b553edddb72cee43
  original:
    hackage: numbers-3000.2.0.2
- completed:
    hackage: process-1.6.5.1@sha256:77a9afeb676357f67fe5cf1ad79aca0745fb6f7fb96b786d510af08f622643f6,2468
    pantry-tree:
      size: 1211
      sha256: 19d944da6aa37944332e0726372288319852e5f72aa57dbc3516dc15e760a502
  original:
    hackage: process-1.6.5.1@sha256:77a9afeb676357f67fe5cf1ad79aca0745fb6f7fb96b786d510af08f622643f6,2468
- completed:
    hackage: propellor-5.9.1@sha256:a379cde809635c2216240ff3a2d41a6d5fbf811b1607bc630918b69c8a06bd7c,7271
    pantry-tree:
      size: 14035
      sha256: 19b8c2822d828460043acaa0d35d36bd9920d6ece9ed31e7af232453c2324d41
  original:
    hackage: propellor-5.9.1
- completed:
    hackage: random-1.1@sha256:7b67624fd76ddf97c206de0801dc7e888097e9d572974be9b9ea6551d76965df,1777
    pantry-tree:
      size: 637
      sha256: 14a1b01728c5584e87c9fa00746a66e28ffd89dd2c0eabd334c8463953496e1b
  original:
    hackage: random-1.1
- completed:
    hackage: regex-tdfa-1.2.3.2@sha256:f0447c34dc42fcbee1461cdf1e8c5be3d8ac6ba9964247606008f434d77ac9a8,3777
    pantry-tree:
      size: 1745
      sha256: 9d4ec9e7c10bd10960436883f3af02f2fd02a64293dac9d10d323fbfdcd28c2f
  original:
    hackage: regex-tdfa-1.2.3.2
- completed:
    hackage: req-2.1.0@sha256:ca64dfb2076e56f7a79e54e5e4a8ea36217769c7aa0b2d89cfc327cb4aa77abc,4751
    pantry-tree:
      size: 712
      sha256: f70f0958d3fe86d46b5fc25e37b50de8ef278c2cad2ddb7164809dab199a49ca
  original:
    hackage: req-2.1.0
- completed:
    hackage: retry-0.8.0.1@sha256:149393f74ce7504e171d71046936e58841ccfa0e59a37809824b6d68c04a36e5,2207
    pantry-tree:
      size: 433
      sha256: d0cfb99557baafa97f0c269c72fca810dd37d958e86056f345c24956f1e05977
  original:
    hackage: retry-0.8.0.1@sha256:149393f74ce7504e171d71046936e58841ccfa0e59a37809824b6d68c04a36e5
- completed:
    hackage: safe-foldable-0.1.0.0@sha256:dd9d8099faa71e5cbc38e3060dc23804de26d13d514e65ea13617ecb6e624d5e,979
    pantry-tree:
      size: 223
      sha256: bee958f261ede34b86e5993cf06961f50ecadfd24959c41f8f5b8c084480a819
  original:
    hackage: safe-foldable-0.1.0.0
- completed:
    hackage: tardis-0.4.1.0@sha256:7b45b8fba6db18e5fcfb22dab3de1809b88e8fda6a202a32da308507d2dde6f2,1276
    pantry-tree:
      size: 354
      sha256: 93a543b2a14187dfeca0e8a32ffdf95b205700717f4be43e654a08d6d53ca348
  original:
    hackage: tardis-0.4.1.0
- completed:
    hackage: text-1.2.3.1@sha256:ceb05f2a77b82bffe58c9ce8d8ad447191e4509bd28c14bf3da610bd6b82a62b,8560
    pantry-tree:
      size: 7456
      sha256: c9b38b60593401bb378b694a42b085d46f74f97d86d39edeb01a616965f2b581
  original:
    hackage: text-1.2.3.1
- completed:
    hackage: threepenny-gui-0.8.3.0@sha256:4634827e7aea6aadcbd163a3014f69b494d04b56699a3027d693ccc6152337a1,9193
    pantry-tree:
      size: 4283
      sha256: dde501488c3d113fbbba57efe26f3ab2b654f094174f2476fe47e47e3b12c8df
  original:
    hackage: threepenny-gui-0.8.3.0
- completed:
    hackage: wai-3.2.2@sha256:0d38213a13820a418591fa69f767c44616574c833b1fc9e1425ac59ed3d35704,1763
    pantry-tree:
      size: 485
      sha256: 14f5aafa3323c6cbcc5ab83aeda5f5ee789c19983a17a23b8299519f9daaf03b
  original:
    hackage: wai-3.2.2
- completed:
    hackage: warp-3.2.26@sha256:c450cb770f33819eda56e0d2025567ac0928dc77edce24ab36343c8dccef3b56,10725
    pantry-tree:
      size: 4303
      sha256: 3ce0837a4630fcae6d4a9d0541a42f2484a7c17d05159c54cc8cf89f1b2c7704
  original:
    hackage: warp-3.2.26
- completed:
    hackage: yaml-0.11.0.0@sha256:8303b3e445295f4fe28ee18efe49ef2667f9f88742ce8049db437c6579be425e,5079
    pantry-tree:
      size: 1989
      sha256: f95eb551d1bebfe405eb7c2901e2eaba9ea17d379fc984bd04d44d4831d3fbca
  original:
    hackage: yaml-0.11.0.0
snapshots:
- completed:
    size: 523443
    url: https://raw.githubusercontent.com/commercialhaskell/stackage-snapshots/master/lts/14/0.yaml
    sha256: 283773e7120f5446d961eab35ea95c9af9c24187cc178537bd29273200a05171
  original: lts-14.0
