# This file was autogenerated by Stack.
# You should not edit this file by hand.
# For more information, please see the documentation at:
#   https://docs.haskellstack.org/en/stable/lock_files

packages:
- completed:
    hackage: amazonka-core-1.6.1@sha256:ad6b06eb5b6847cbfbe4201e78b3fdb7818a42da061c5d0f8af4fdf2494e44b5,4957
    pantry-tree:
      size: 3438
      sha256: a1100a5e07e858cdf60ab52305568e26feef56d360777a6a0a79505b1ae0fb67
  original:
    hackage: amazonka-core-1.6.1@sha256:ad6b06eb5b6847cbfbe4201e78b3fdb7818a42da061c5d0f8af4fdf2494e44b5,4957
- completed:
    hackage: amazonka-kinesis-1.6.1@sha256:439479d6d7f4a731a2f1feeb3a4c653d266c11d655cd4085608e157eb524c51b,3998
    pantry-tree:
      size: 6151
      sha256: 093cc250ae84c361bbeb2c3b8974f811f5110b638f89b65c9d51a940e2363331
  original:
    hackage: amazonka-kinesis-1.6.1@sha256:439479d6d7f4a731a2f1feeb3a4c653d266c11d655cd4085608e157eb524c51b,3998
- completed:
    hackage: amazonka-s3-1.6.1@sha256:9d07240fca59ad5197fb614ce3051e701e4951e6d4625a2dab4a9c17a1900194,6317
    pantry-tree:
      size: 18385
      sha256: 5cab233d241615764d9fd6927bc397f02887154450a9932c38c2e17ea86d79bc
  original:
    hackage: amazonka-s3-1.6.1@sha256:9d07240fca59ad5197fb614ce3051e701e4951e6d4625a2dab4a9c17a1900194,6317
- completed:
    hackage: binary-instances-1@sha256:b17565598b8df3241f9b46fa8e3a3368ecc8e3f2eb175d7c28f319042a6f5c79,2613
    pantry-tree:
      size: 1035
      sha256: 938ffc6990cac12681c657f7afa93737eecf335e6f0212d8c0b7c1ea3e0f40f4
  original:
    hackage: binary-instances-1@sha256:b17565598b8df3241f9b46fa8e3a3368ecc8e3f2eb175d7c28f319042a6f5c79,2613
- completed:
    hackage: binary-orphans-1.0.1@sha256:c33927e88d93f64a82abab5aa5f296c64e744c99df7ad6f789e466c89f538e2c,2101
    pantry-tree:
      size: 285
      sha256: 639f9d67ae632406e780ebd5765535b99b3ea1389f3ee33a00ba60730901274b
  original:
    hackage: binary-orphans-1.0.1@sha256:c33927e88d93f64a82abab5aa5f296c64e744c99df7ad6f789e466c89f538e2c,2101
- completed:
    hackage: git-0.3.0@sha256:dc070840ab24792c9664b9e3e69c9d55d30fc36fee41049c548bb0e8ec83c919,3448
    pantry-tree:
      size: 1900
      sha256: da2861008035f16e43f0c4ea293cec15e04b398c911fa99322d159e19cd0266e
  original:
    hackage: git-0.3.0
- completed:
    hackage: github-0.23@sha256:07671c92da7142668ecdeaa5669ddda629ae85f25acd2ecadd49f9a119a5eac6,6965
    pantry-tree:
      size: 7113
      sha256: 90337bce40541903a3f151210499e3fbfa3e9fafbba4b1067641698cc6ee3921
  original:
    hackage: github-0.23
- completed:
    hackage: http-client-0.5.14@sha256:4880b27d6741e331454a1d4c887d96ce3d7d625322c8433983a4b1cd08538577,5348
    pantry-tree:
      size: 2457
      sha256: 02bcffba9cad572fefb4640f5fc9be68e770b32ab73efcac649db20290994c6d
  original:
    hackage: http-client-0.5.14@sha256:4880b27d6741e331454a1d4c887d96ce3d7d625322c8433983a4b1cd08538577,5348
- completed:
    hackage: serverless-haskell-0.10.1@sha256:5a0de3fdeed7b252fc4aef9a67bdf75662ec198821b1401fb4b961c5351de17a,2601
    pantry-tree:
      size: 1845
      sha256: e6bdb8dfdf9a32cd763abdef9b27c56ab608ab165816572461970cdad6faa9ac
  original:
    hackage: serverless-haskell-0.10.1
- completed:
    hackage: time-compat-1.9.2.2@sha256:9998dc1b77b5067572ab708e94750f1061152f342e92ad1aba38aae63581174d,4209
    pantry-tree:
      size: 3602
      sha256: 724a63e80871bc6709a2d3ca1c3c7316048e99c9d50b0492f0eff25ce2cecbe0
  original:
    hackage: time-compat-1.9.2.2@sha256:9998dc1b77b5067572ab708e94750f1061152f342e92ad1aba38aae63581174d,4209
- completed:
    hackage: fakedata-0.2.2@sha256:24595200d354d47fca9c92f0e7d350decc9a6e06baaf26b155ffb04c145b0c7e,17555
    pantry-tree:
      size: 35913
      sha256: 348cec651007590ea30340d0c3ffd1eaab2ba05b15dae6d17a066101577fff04
  original:
    hackage: fakedata-0.2.2
snapshots:
- completed:
    size: 500539
    url: https://raw.githubusercontent.com/commercialhaskell/stackage-snapshots/master/lts/13/30.yaml
    sha256: 59ad6b944c9903847fecdc1d4815e8500c1f9999d80fd1b4d2d66e408faec44b
  original: lts-13.30
