# This file was autogenerated by Stack.
# You should not edit this file by hand.
# For more information, please see the documentation at:
#   https://docs.haskellstack.org/en/stable/lock_files

packages:
- completed:
    hackage: aeson-1.4.6.0@sha256:560575b008a23960403a128331f0e59594786b5cd19a35be0cd74b9a7257958e,6980
    pantry-tree:
      size: 40193
      sha256: 5769473440ae594ae8679dde9fe12b6d00a49264a9dd8962a53ff3ae5740d7a5
  original:
    hackage: aeson-1.4.6.0
- completed:
    hackage: amazonka-core-1.6.1@sha256:ad6b06eb5b6847cbfbe4201e78b3fdb7818a42da061c5d0f8af4fdf2494e44b5,4957
    pantry-tree:
      size: 3438
      sha256: a1100a5e07e858cdf60ab52305568e26feef56d360777a6a0a79505b1ae0fb67
  original:
    hackage: amazonka-core-1.6.1@sha256:ad6b06eb5b6847cbfbe4201e78b3fdb7818a42da061c5d0f8af4fdf2494e44b5,4957
- completed:
    hackage: amazonka-kinesis-1.6.1@sha256:439479d6d7f4a731a2f1feeb3a4c653d266c11d655cd4085608e157eb524c51b,3998
    pantry-tree:
      size: 6151
      sha256: 093cc250ae84c361bbeb2c3b8974f811f5110b638f89b65c9d51a940e2363331
  original:
    hackage: amazonka-kinesis-1.6.1@sha256:439479d6d7f4a731a2f1feeb3a4c653d266c11d655cd4085608e157eb524c51b,3998
- completed:
    hackage: amazonka-s3-1.6.1@sha256:9d07240fca59ad5197fb614ce3051e701e4951e6d4625a2dab4a9c17a1900194,6317
    pantry-tree:
      size: 18385
      sha256: 5cab233d241615764d9fd6927bc397f02887154450a9932c38c2e17ea86d79bc
  original:
    hackage: amazonka-s3-1.6.1@sha256:9d07240fca59ad5197fb614ce3051e701e4951e6d4625a2dab4a9c17a1900194,6317
- completed:
    hackage: binary-0.8.7.0@sha256:ae3e6cca723ac55c54bbb3fa771bcf18142bc727afd57818e66d6ee6c8044f12,7705
    pantry-tree:
      size: 1976
      sha256: 35e44b6d3ccf0d56fc5407dc3f0895e74696a66da189afbd65973c95743f5e25
  original:
    hackage: binary-0.8.7.0
- completed:
    hackage: binary-instances-1@sha256:b17565598b8df3241f9b46fa8e3a3368ecc8e3f2eb175d7c28f319042a6f5c79,2613
    pantry-tree:
      size: 1035
      sha256: 938ffc6990cac12681c657f7afa93737eecf335e6f0212d8c0b7c1ea3e0f40f4
  original:
    hackage: binary-instances-1@sha256:b17565598b8df3241f9b46fa8e3a3368ecc8e3f2eb175d7c28f319042a6f5c79,2613
- completed:
    hackage: binary-orphans-1.0.1@sha256:c33927e88d93f64a82abab5aa5f296c64e744c99df7ad6f789e466c89f538e2c,2101
    pantry-tree:
      size: 285
      sha256: 639f9d67ae632406e780ebd5765535b99b3ea1389f3ee33a00ba60730901274b
  original:
    hackage: binary-orphans-1.0.1@sha256:c33927e88d93f64a82abab5aa5f296c64e744c99df7ad6f789e466c89f538e2c,2101
- completed:
    hackage: blaze-html-0.9.1.1@sha256:66f01bef8455b3387e592819584dbd5e501fe0bb5620a3bad80ca8f92d2b2296,2793
    pantry-tree:
      size: 2227
      sha256: fcba08da4585059dbf59db4d025ecee290c1b74680b0c7e6e905d5627a27dc60
  original:
    hackage: blaze-html-0.9.1.1
- completed:
    hackage: blaze-markup-0.8.2.3@sha256:2d74dbb26ee73a0aaeeb169bf555d26494e2b622867a7507daf53cd3a45c4792,2184
    pantry-tree:
      size: 818
      sha256: 72cfa3d654ef7cc1f10e3bb4cbe44a06caf57b2e21329151646fe23af157771d
  original:
    hackage: blaze-markup-0.8.2.3
- completed:
    hackage: bytestring-0.10.8.1@sha256:ba427593b1c6a427aeb69622a0802ad2abb4ee3d4f586e1693036d3f0fcfe391,8921
    pantry-tree:
      size: 2788
      sha256: 97850196e2d9cba1912fd052b3fe3fc4f3167c934afe2fb18ad79d68a6160b66
  original:
    hackage: bytestring-0.10.8.1
- completed:
    hackage: Cabal-3.0.0.0@sha256:1ba37b8d80e89213b17db7b8b9ea0108da55ca65f8c0cbb7433881a284c5cf67,26027
    pantry-tree:
      size: 71616
      sha256: 4f16f0a65304ab22f01cb7f6d25db2f15a168f4cefacde7864cb1e02eb3ea867
  original:
    hackage: Cabal-3.0.0.0@sha256:1ba37b8d80e89213b17db7b8b9ea0108da55ca65f8c0cbb7433881a284c5cf67,26027
- completed:
    hackage: directory-1.3.4.0@sha256:500019f04494324d1df16cf83eefeb3f809b2b20b32a32ccd755ee0439c18bfd,2829
    pantry-tree:
      size: 3365
      sha256: 00c09e0c014d29ebfb921b64c1459e61a0ad6f10e70128d795246a47c06394b0
  original:
    hackage: directory-1.3.4.0
- completed:
    hackage: fsutils-0.1.2@sha256:fb3eb68e03e4317352032642d3ed18c796c30f5a3bec40caef69cee0b859df5e,1028
    pantry-tree:
      size: 210
      sha256: f92ef28c1edc20a1653f074bc85e7862c81ff850893b4417b64a8582ce62b531
  original:
    hackage: fsutils-0.1.2@sha256:fb3eb68e03e4317352032642d3ed18c796c30f5a3bec40caef69cee0b859df5e,1028
- completed:
    hackage: git-0.3.0@sha256:dc070840ab24792c9664b9e3e69c9d55d30fc36fee41049c548bb0e8ec83c919,3448
    pantry-tree:
      size: 1900
      sha256: da2861008035f16e43f0c4ea293cec15e04b398c911fa99322d159e19cd0266e
  original:
    hackage: git-0.3.0
- completed:
    hackage: github-0.23@sha256:07671c92da7142668ecdeaa5669ddda629ae85f25acd2ecadd49f9a119a5eac6,6965
    pantry-tree:
      size: 7113
      sha256: 90337bce40541903a3f151210499e3fbfa3e9fafbba4b1067641698cc6ee3921
  original:
    hackage: github-0.23
- completed:
    hackage: http-client-0.5.14@sha256:4880b27d6741e331454a1d4c887d96ce3d7d625322c8433983a4b1cd08538577,5348
    pantry-tree:
      size: 2457
      sha256: 02bcffba9cad572fefb4640f5fc9be68e770b32ab73efcac649db20290994c6d
  original:
    hackage: http-client-0.5.14@sha256:4880b27d6741e331454a1d4c887d96ce3d7d625322c8433983a4b1cd08538577,5348
- completed:
    hackage: lens-4.19.1@sha256:6bbc0b145b037537d468b0810ea2a560beda999f89444fe4101061c7892cd596,15551
    pantry-tree:
      size: 8329
      sha256: f51cd6be482804001bf9868fe4a552d01a6c3a4e367c16bd3df0ad74b755ac2c
  original:
    hackage: lens-4.19.1
- completed:
    hackage: parsec-3.1.14.0@sha256:9f35f3a6ae66c6e1c22a1b84e62731f1501057791ffb2554f710aa08c7a4d651,4211
    pantry-tree:
      size: 2574
      sha256: c3bb3df367c625daf464cb8b2393001890311d395213620b977a811ba22d3a26
  original:
    hackage: parsec-3.1.14.0@sha256:9f35f3a6ae66c6e1c22a1b84e62731f1501057791ffb2554f710aa08c7a4d651,4211
- completed:
    hackage: process-1.6.6.0@sha256:e5efd14b980668ed34e426f4bee3c4ad19d089b748b440f6b3823c673c2d7b78,2576
    pantry-tree:
      size: 1211
      sha256: 9bedc5518fd8c4495941383c795019cd7788ccd87c0a4ec562d8b6166b19b429
  original:
    hackage: process-1.6.6.0
- completed:
    hackage: serverless-haskell-0.10.2@sha256:3cacfd2b68ef1c6cdc1ddf142a7185b6e4ca3361ccbef247a54d3fb656089e23,2601
    pantry-tree:
      size: 1845
      sha256: 76d58ef51ed227972a9126ddbcfa7531223e9423308a2c88eb910a551042f95e
  original:
    hackage: serverless-haskell-0.10.2
- completed:
    hackage: text-1.2.4.0@sha256:8c24450feb8e3bbb7ea3e17af24ef57e85db077c4bf53e5bcc345b283d1b1d5b,10081
    pantry-tree:
      size: 7457
      sha256: 3437b0a73ce2ae1a81aa8b3438d41a85981c00894cdbee0d6d6d6873046a5d5d
  original:
    hackage: text-1.2.4.0
- completed:
    hackage: th-abstraction-0.3.2.0@sha256:9b5b4e6e2bbff9b075ad7751ee98e2107090bd17b51d5442695b8990e4db6521,1851
    pantry-tree:
      size: 583
      sha256: 21e260e558db166dc70f3002e7a0d22dd57d0b9e7842dd9de5e2f9f887e1275e
  original:
    hackage: th-abstraction-0.3.2.0@sha256:9b5b4e6e2bbff9b075ad7751ee98e2107090bd17b51d5442695b8990e4db6521,1851
- completed:
    hackage: time-compat-1.9.2.2@sha256:9998dc1b77b5067572ab708e94750f1061152f342e92ad1aba38aae63581174d,4209
    pantry-tree:
      size: 3602
      sha256: 724a63e80871bc6709a2d3ca1c3c7316048e99c9d50b0492f0eff25ce2cecbe0
  original:
    hackage: time-compat-1.9.2.2@sha256:9998dc1b77b5067572ab708e94750f1061152f342e92ad1aba38aae63581174d,4209
- completed:
    hackage: unix-2.7.2.2@sha256:e69269a17b9fa26cb77f3f55e86c39d0a4940ccfa0c4bc20826919d2572076ad,3496
    pantry-tree:
      size: 3536
      sha256: c355f7924ce67e5bf8f20767462af18f09b8c0d1f7161117221cbb94c15deee3
  original:
    hackage: unix-2.7.2.2
snapshots:
- completed:
    size: 492015
    url: https://raw.githubusercontent.com/commercialhaskell/stackage-snapshots/master/lts/15/8.yaml
    sha256: 926bc3d70249dd0ba05277ff00943c0addb35b627cb641752669e7cf771310d0
  original: lts-15.9
