# This file was autogenerated by Stack.
# You should not edit this file by hand.
# For more information, please see the documentation at:
#   https://docs.haskellstack.org/en/stable/lock_files

packages:
- completed:
    hackage: aeson-1.4.7.1@sha256:6d8d2fd959b7122a1df9389cf4eca30420a053d67289f92cdc0dbc0dab3530ba,7098
    pantry-tree:
      size: 40133
      sha256: caa9306e519c601ab0170d113daa03c1163db53e5466be2968bbd61a771bebcb
  original:
    hackage: aeson-1.4.7.1@sha256:6d8d2fd959b7122a1df9389cf4eca30420a053d67289f92cdc0dbc0dab3530ba,7098
- completed:
    hackage: blaze-html-0.9.1.2@sha256:5cd99ebdbf18e096f548f49ccabad0ec1338a1e7dd5165ab304b25e2efb1cb54,2936
    pantry-tree:
      size: 2227
      sha256: ff6e5bf72d16de29dc93c5ea011636ee83146094d656495d282d41f4ee541d4a
  original:
    hackage: blaze-html-0.9.1.2@sha256:5cd99ebdbf18e096f548f49ccabad0ec1338a1e7dd5165ab304b25e2efb1cb54,2936
- completed:
    hackage: blaze-markup-0.8.2.5@sha256:8ff7846819f2e4490d490fbcca9315eeae42d16d7ee8314099332bf82b138b48,2199
    pantry-tree:
      size: 818
      sha256: 34672d077826011c562c54cab04da56979cc6e2af191d8e41d44f9888733526b
  original:
    hackage: blaze-markup-0.8.2.5@sha256:8ff7846819f2e4490d490fbcca9315eeae42d16d7ee8314099332bf82b138b48,2199
- completed:
    hackage: fsutils-0.1.2@sha256:fb3eb68e03e4317352032642d3ed18c796c30f5a3bec40caef69cee0b859df5e,1028
    pantry-tree:
      size: 210
      sha256: f92ef28c1edc20a1653f074bc85e7862c81ff850893b4417b64a8582ce62b531
  original:
    hackage: fsutils-0.1.2@sha256:fb3eb68e03e4317352032642d3ed18c796c30f5a3bec40caef69cee0b859df5e,1028
- completed:
    hackage: github-0.25@sha256:32e1ede86a04976e06740a5993fab5306c5dbfdd17e96d83b79e53b82195739e,7091
    pantry-tree:
      size: 7412
      sha256: 7cdaaf168051ed364ee9e2e565c63e2257755720fe5bfa287331e06581ea78f1
  original:
    hackage: github-0.25@sha256:32e1ede86a04976e06740a5993fab5306c5dbfdd17e96d83b79e53b82195739e,7091
- completed:
    hackage: lens-4.19.2@sha256:d6264016fb6e8232e3b8c77ce98e6b123691723ebb84165941facf090bc58f5b,15493
    pantry-tree:
      size: 8330
      sha256: 84518578f0899196983f10793d327cc153abd69b9ee029858cde7cdfc516a11e
  original:
    hackage: lens-4.19.2@sha256:d6264016fb6e8232e3b8c77ce98e6b123691723ebb84165941facf090bc58f5b,15493
- completed:
    hackage: req-3.1.0@sha256:c42bf205421a3a07749c725d1a9ebd494dd577cd2f7f62e7ff26a98b3229da1c,4800
    pantry-tree:
      size: 712
      sha256: d91f5677cf1adc0a121fa9aa330270c7eb273f499ba519383a29b0f6b0d4bf22
  original:
    hackage: req-3.1.0@sha256:c42bf205421a3a07749c725d1a9ebd494dd577cd2f7f62e7ff26a98b3229da1c,4800
- completed:
    hackage: serverless-haskell-0.11.3@sha256:7a33eda51a42ff6ac72f26828d5248f9738fab7cd663f2a5225136615aa68477,2611
    pantry-tree:
      size: 1845
      sha256: 6dded9d1b71eba64b7d5f1601f19dbff6c16cdfbafa81ebe6fec9caf7d6e6ee3
  original:
    hackage: serverless-haskell-0.11.3@sha256:7a33eda51a42ff6ac72f26828d5248f9738fab7cd663f2a5225136615aa68477,2611
- completed:
    hackage: aeson-casing-0.2.0.0@sha256:0cd116308e91e2a1162b7e57125d2a9fc503a1a6bd6efc59378b518db0a33733,1466
    pantry-tree:
      size: 417
      sha256: b17d246240f7318e25d9ecf92e4d665fe0db00b3cba2cf6556674a863ee1feb3
  original:
    hackage: aeson-casing-0.2.0.0@sha256:0cd116308e91e2a1162b7e57125d2a9fc503a1a6bd6efc59378b518db0a33733,1466
- completed:
    hackage: amazonka-core-1.6.1@sha256:9bc59ce403c6eeba3b3eaf3f10e5f0b6a33b6edbbf8f6de0dd6f4c67b86fa698,5135
    pantry-tree:
      size: 3438
      sha256: c13e643176308771491ec0e06390e269047bb1b28be4535992842f7426a95eb4
  original:
    hackage: amazonka-core-1.6.1@sha256:9bc59ce403c6eeba3b3eaf3f10e5f0b6a33b6edbbf8f6de0dd6f4c67b86fa698,5135
- completed:
    hackage: amazonka-kinesis-1.6.1@sha256:439479d6d7f4a731a2f1feeb3a4c653d266c11d655cd4085608e157eb524c51b,3998
    pantry-tree:
      size: 6151
      sha256: 093cc250ae84c361bbeb2c3b8974f811f5110b638f89b65c9d51a940e2363331
  original:
    hackage: amazonka-kinesis-1.6.1@sha256:439479d6d7f4a731a2f1feeb3a4c653d266c11d655cd4085608e157eb524c51b,3998
- completed:
    hackage: amazonka-s3-1.6.1@sha256:9d07240fca59ad5197fb614ce3051e701e4951e6d4625a2dab4a9c17a1900194,6317
    pantry-tree:
      size: 18385
      sha256: 5cab233d241615764d9fd6927bc397f02887154450a9932c38c2e17ea86d79bc
  original:
    hackage: amazonka-s3-1.6.1@sha256:9d07240fca59ad5197fb614ce3051e701e4951e6d4625a2dab4a9c17a1900194,6317
- completed:
    hackage: attoparsec-0.13.2.4@sha256:e10c2a5070a344a0973e6f9486d148c690b6955468cfd61ee09a41b5adc48873,5735
    pantry-tree:
      size: 5231
      sha256: 1098f9aaf18a8ad0ee10019d929920c96be87cded84cbb90d78ab0e7a4264ea4
  original:
    hackage: attoparsec-0.13.2.4@sha256:e10c2a5070a344a0973e6f9486d148c690b6955468cfd61ee09a41b5adc48873,5735
- completed:
    hackage: authenticate-oauth-1.6.0.1@sha256:839771cceff5865310f732bf40d9b941952ea5c795c911efb7177e5a75ddd15f,1608
    pantry-tree:
      size: 399
      sha256: ba80c5d8f3afc378726d2fbc0012628227dbf1c8eaca1948ba8c81c05b2b1214
  original:
    hackage: authenticate-oauth-1.6.0.1@sha256:839771cceff5865310f732bf40d9b941952ea5c795c911efb7177e5a75ddd15f,1608
- completed:
    hackage: base-compat-0.11.1@sha256:e49c1ce84f556621ef1142a169e4349049c516f5b3e3c3ec6830be503e7d4a93,7140
    pantry-tree:
      size: 8633
      sha256: af9b1346b6df24c290287098b15418d8145b8cfe2a4c5b3c6d26bd61a6a86b0f
  original:
    hackage: base-compat-0.11.1@sha256:e49c1ce84f556621ef1142a169e4349049c516f5b3e3c3ec6830be503e7d4a93,7140
- completed:
    hackage: base-compat-batteries-0.11.1@sha256:2763af26f6bd118dc278b805988acc792443f08bd77da03ac5c438c2b1ab4aab,8666
    pantry-tree:
      size: 10736
      sha256: cb14c77d6a2acbfb3ccbb3ec8ad8682cc95baebcf2c291fdb6aab5332a6a92ee
  original:
    hackage: base-compat-batteries-0.11.1@sha256:2763af26f6bd118dc278b805988acc792443f08bd77da03ac5c438c2b1ab4aab,8666
- completed:
    hackage: base-orphans-0.8.2@sha256:40ef37ed043aac2cbb6c538fdebfc62e601ee65ee161e4a6327452133b574d7e,2958
    pantry-tree:
      size: 1272
      sha256: f22e483c039b549ee70101e7841b14852e1417f2518f0281af46b62b3ae5d5f6
  original:
    hackage: base-orphans-0.8.2@sha256:40ef37ed043aac2cbb6c538fdebfc62e601ee65ee161e4a6327452133b574d7e,2958
- completed:
    hackage: base16-bytestring-0.1.1.6@sha256:ead535a30f93189068b3457496e30e3cb8a55d48b2d46f39325233d0d9987d2c,1164
    pantry-tree:
      size: 353
      sha256: 3e97679b2d72294b58d4ec5365289bde483522575d993caff8b8e519ac790f2d
  original:
    hackage: base16-bytestring-0.1.1.6@sha256:ead535a30f93189068b3457496e30e3cb8a55d48b2d46f39325233d0d9987d2c,1164
- completed:
    hackage: bifunctors-5.5.7@sha256:54c38cffb60213bfbb9474d92226696c30d07bc6f88e1e9c887ab7c5a5721b45,3410
    pantry-tree:
      size: 1755
      sha256: faa376b667db401c653b0454217f854c9aecd2d04a94ebb589b69847effd5a4a
  original:
    hackage: bifunctors-5.5.7@sha256:54c38cffb60213bfbb9474d92226696c30d07bc6f88e1e9c887ab7c5a5721b45,3410
- completed:
    hackage: binary-instances-1.0.0.1@sha256:70c5759ab4f09cf661f68b72b3543872bc32b61095159d2bfcda8d71dce29b7e,2637
    pantry-tree:
      size: 1035
      sha256: b0d454f73c456c07f02e40002444922ec23278955a222466a8063800aa949c6d
  original:
    hackage: binary-instances-1.0.0.1@sha256:70c5759ab4f09cf661f68b72b3543872bc32b61095159d2bfcda8d71dce29b7e,2637
- completed:
    hackage: blaze-builder-0.4.1.0@sha256:fa992674ea28f6ea6569d93388d757aef928af1e2f0ce80a35c29fb782252a2d,3542
    pantry-tree:
      size: 3101
      sha256: 1e63ef498a5da58823348c064d5f183fd2e2cd6adcf494f02f41da084c66bc82
  original:
    hackage: blaze-builder-0.4.1.0@sha256:fa992674ea28f6ea6569d93388d757aef928af1e2f0ce80a35c29fb782252a2d,3542
- completed:
    hackage: cabal-doctest-1.0.8@sha256:34dff6369d417df2699af4e15f06bc181d495eca9c51efde173deae2053c197c,1491
    pantry-tree:
      size: 334
      sha256: 1632476e4cdd37f323f81b2df0d06efe542ca3b02ab0097e1cd95d12c0fc2003
  original:
    hackage: cabal-doctest-1.0.8@sha256:34dff6369d417df2699af4e15f06bc181d495eca9c51efde173deae2053c197c,1491
- completed:
    hackage: call-stack-0.2.0@sha256:5ce796b78d5f964468ec6fe0717b4e7d0430817f37370c47b3e6b38e345b6643,1202
    pantry-tree:
      size: 500
      sha256: 30cc02f50a7f660db6b5c4218b4021cd78cae90b135d893d55f32a1c8b1e1c08
  original:
    hackage: call-stack-0.2.0@sha256:5ce796b78d5f964468ec6fe0717b4e7d0430817f37370c47b3e6b38e345b6643,1202
- completed:
    hackage: case-insensitive-1.2.1.0@sha256:9dfd3171fc7698cf8d931727d3af3a7b389135b583e46b5adac1f9d2026fff61,2244
    pantry-tree:
      size: 688
      sha256: d6f175b17eacce002fc5336c17e119d989bd97f8ad9702446163c9e27c7c79b7
  original:
    hackage: case-insensitive-1.2.1.0@sha256:9dfd3171fc7698cf8d931727d3af3a7b389135b583e46b5adac1f9d2026fff61,2244
- completed:
    hackage: comonad-5.0.6@sha256:65117d3d9e75ded548d2bbbd5ca9f5e6e1e42ecee08175aa6a77666753f797e3,3348
    pantry-tree:
      size: 1819
      sha256: b48148ddd6bc8640126f4d034de93b9e6d114ba5c71e3272580285582c99109e
  original:
    hackage: comonad-5.0.6@sha256:65117d3d9e75ded548d2bbbd5ca9f5e6e1e42ecee08175aa6a77666753f797e3,3348
- completed:
    hackage: connection-0.3.1@sha256:65da1c055610095733bcd228d85dff80804b23a5d18fede994a0f9fcd1b0c121,1554
    pantry-tree:
      size: 386
      sha256: 13a2c21049e69068e4c3d725533d94729772f2d3e05f5ef611bef28363b08798
  original:
    hackage: connection-0.3.1@sha256:65da1c055610095733bcd228d85dff80804b23a5d18fede994a0f9fcd1b0c121,1554
- completed:
    hackage: contravariant-1.5.2@sha256:853259271870000c007a281f0bf0bf6e1aaa97c5fd5cd5734d7b0d79b9de2af5,2761
    pantry-tree:
      size: 699
      sha256: 9d1b9732339d893bf03b2a8ca619430b4b601ee2c9c07f80188c2d54e23573cf
  original:
    hackage: contravariant-1.5.2@sha256:853259271870000c007a281f0bf0bf6e1aaa97c5fd5cd5734d7b0d79b9de2af5,2761
- completed:
    hackage: cryptohash-sha1-0.11.100.1@sha256:14d814cd88f5fd47641bef414668f3a5bba8b27fa8f960b1a6f4f2ba29265ee1,4363
    pantry-tree:
      size: 508
      sha256: 20ff35375c2ee7dd814b6b4f6caef1e841bbd18b5a98f8ea16a313e54d5109df
  original:
    hackage: cryptohash-sha1-0.11.100.1@sha256:14d814cd88f5fd47641bef414668f3a5bba8b27fa8f960b1a6f4f2ba29265ee1,4363
- completed:
    hackage: deepseq-generics-0.2.0.0@sha256:2fd753057f7016c579a621adb7e9ff600d1d9e3aedfce0882d57654583fa0fc7,2662
    pantry-tree:
      size: 334
      sha256: d7c9c211011464f0b76b651785cb00ecc1553a81bb92058761ae6ae1bfd5b522
  original:
    hackage: deepseq-generics-0.2.0.0@sha256:2fd753057f7016c579a621adb7e9ff600d1d9e3aedfce0882d57654583fa0fc7,2662
- completed:
    hackage: distributive-0.6.2@sha256:6e97ccea6b887eecd74896dcc96cece54a0c5ff4848a977c1db81b8a67bc7aea,3062
    pantry-tree:
      size: 959
      sha256: 4c70d4750f2b983a29afeb68f6c149c18594d470440b4b5c99922c30957cab40
  original:
    hackage: distributive-0.6.2@sha256:6e97ccea6b887eecd74896dcc96cece54a0c5ff4848a977c1db81b8a67bc7aea,3062
- completed:
    hackage: dlist-0.8.0.8@sha256:90ca348bffdc62d7070bcf0e97c728f8d01b24fbc7ea08d2909157d0da76534c,2066
    pantry-tree:
      size: 426
      sha256: 1b5b9142a932f15c77f758f92f90bea6c805c42d4c62f7a697e8e4f6cf1ad6e6
  original:
    hackage: dlist-0.8.0.8@sha256:90ca348bffdc62d7070bcf0e97c728f8d01b24fbc7ea08d2909157d0da76534c,2066
- completed:
    hackage: free-5.1.3@sha256:a554ca318f7a67abde1acc59bf4ccb8e039d61cbef7921932e34e114afdc8608,4148
    pantry-tree:
      size: 3362
      sha256: 8a318ba8fe54841b776bb9443ab240450406a38c95526be9638e6f118eb3a1a2
  original:
    hackage: free-5.1.3@sha256:a554ca318f7a67abde1acc59bf4ccb8e039d61cbef7921932e34e114afdc8608,4148
- completed:
    hackage: hashable-1.3.0.0@sha256:4c70f1407881059e93550d3742191254296b2737b793a742bd901348fb3e1fb1,5206
    pantry-tree:
      size: 1521
      sha256: 84aba72926c33debd71fb9c670869d842025f8ea45ad10084289a34f0448250f
  original:
    hackage: hashable-1.3.0.0@sha256:4c70f1407881059e93550d3742191254296b2737b793a742bd901348fb3e1fb1,5206
- completed:
    hackage: http-api-data-0.4.1.1@sha256:998b3a5e4d2707dff19e2a877c2f9859ac5fdf491a94d31024d20212c2c250b7,3704
    pantry-tree:
      size: 887
      sha256: 4e76b5bc6a9e45679e25665be7dd1ed8161840d4d781e3e125557e6f2b9d1fd7
  original:
    hackage: http-api-data-0.4.1.1@sha256:998b3a5e4d2707dff19e2a877c2f9859ac5fdf491a94d31024d20212c2c250b7,3704
- completed:
    hackage: http-client-0.6.4.1@sha256:ea569e3ebc00e7bb68162fbdf85aa63e653b974eaff63df7b972e4296687e25c,5322
    pantry-tree:
      size: 2458
      sha256: 8e6ebf17ad06cca8bdab0c2ceda13ed41dea0d793f1930f90f0542f9c66afff1
  original:
    hackage: http-client-0.6.4.1@sha256:ea569e3ebc00e7bb68162fbdf85aa63e653b974eaff63df7b972e4296687e25c,5322
- completed:
    hackage: http-client-tls-0.3.5.3@sha256:c97c3d88e6318a3056e42e2cd0913d5c4bff381f83341bb6ff06865fd12c8b52,2066
    pantry-tree:
      size: 435
      sha256: b19e23dc469491661e9d1a40a9ba65ce745d4fd0143d4f9f7be824c8a5e2cee8
  original:
    hackage: http-client-tls-0.3.5.3@sha256:c97c3d88e6318a3056e42e2cd0913d5c4bff381f83341bb6ff06865fd12c8b52,2066
- completed:
    hackage: http-link-header-1.0.3.1@sha256:9917c26635a46eff5d36c5344a4ae42fad2b5de79c0e300363bddd5eec66facd,1937
    pantry-tree:
      size: 990
      sha256: 155feaf856daf5b55491048c8c4726ba765a8fe79263ebdbfc82f6c385a15715
  original:
    hackage: http-link-header-1.0.3.1@sha256:9917c26635a46eff5d36c5344a4ae42fad2b5de79c0e300363bddd5eec66facd,1937
- completed:
    hackage: http-types-0.12.3@sha256:f35229edb1bc7b3ae27f961b2407dadb5bfa69d43a8f5337ab46cdc79ca4afe9,2035
    pantry-tree:
      size: 833
      sha256: c9b77e1ba204fffbe4e1be80412bc48e47440a07e4b7db4cdc77d573a3e21b9a
  original:
    hackage: http-types-0.12.3@sha256:f35229edb1bc7b3ae27f961b2407dadb5bfa69d43a8f5337ab46cdc79ca4afe9,2035
- completed:
    hackage: iproute-1.7.9@sha256:b0ff62c56568b9f25e3fad10b538f740813f4147bf54df7c01d4464513647fed,3108
    pantry-tree:
      size: 962
      sha256: 86dadfb29c9834e4d262618e12e1e1a4f8d19ee5b7cff67d09e7ac35172e5026
  original:
    hackage: iproute-1.7.9@sha256:b0ff62c56568b9f25e3fad10b538f740813f4147bf54df7c01d4464513647fed,3108
- completed:
    hackage: iso8601-time-0.1.5@sha256:4b690a86f4948557c802b5298e07d9076ef4ea7142baaad20c9847a9030a8c40,1417
    pantry-tree:
      size: 226
      sha256: f300257ee1f19ac8db3624029515c6a65f0eb045fc36e21108dca12cfd29b4a0
  original:
    hackage: iso8601-time-0.1.5@sha256:4b690a86f4948557c802b5298e07d9076ef4ea7142baaad20c9847a9030a8c40,1417
- completed:
    hackage: kan-extensions-5.2@sha256:2407501562039dad6a3d19aacd0bbcca07aa28497cbd1cdaaf5aabc30146899d,2771
    pantry-tree:
      size: 1472
      sha256: ba338b2be42e0e33e861a6b3082685ab28c4876af89643b8bbfb3936aa6aa52a
  original:
    hackage: kan-extensions-5.2@sha256:2407501562039dad6a3d19aacd0bbcca07aa28497cbd1cdaaf5aabc30146899d,2771
- completed:
    hackage: modern-uri-0.3.2.0@sha256:602912a6524cd01c52df27bd90b5177a1cedacb81c80df430b25d41b06e4498d,4447
    pantry-tree:
      size: 1043
      sha256: 65464fc4b13ba3382a93e69d9308c2b461314fff4779fccfb4765a1ff257ebf2
  original:
    hackage: modern-uri-0.3.2.0@sha256:602912a6524cd01c52df27bd90b5177a1cedacb81c80df430b25d41b06e4498d,4447
- completed:
    hackage: monad-control-1.0.2.3@sha256:a3ae888d2fed2e2a0ca33ae11e2480219e07312bccf1a02ffe2ba2e3ec5913ee,2255
    pantry-tree:
      size: 334
      sha256: 519fea66a13faf24c4a980d19c58f81af5cf519a2ddcc0c199a8f8f3bf0299b8
  original:
    hackage: monad-control-1.0.2.3@sha256:a3ae888d2fed2e2a0ca33ae11e2480219e07312bccf1a02ffe2ba2e3ec5913ee,2255
- completed:
    hackage: network-uri-2.6.3.0@sha256:d2d9ff3a80d9b2d1ff317a354bc0c56cc109c69a4c2449e5fc712d3ddce83ede,2902
    pantry-tree:
      size: 551
      sha256: 807aa9f8278604645d08882c44b3615f69c9189096471edb5fab26f9ea28cf5f
  original:
    hackage: network-uri-2.6.3.0@sha256:d2d9ff3a80d9b2d1ff317a354bc0c56cc109c69a4c2449e5fc712d3ddce83ede,2902
- completed:
    hackage: parallel-3.2.2.0@sha256:c69372af9a39a06739e1d0eaa1f2d8be6b86493a53dbbc455e7b30479c491c6a,1763
    pantry-tree:
      size: 392
      sha256: 0b408143e18070406acc2acb528fc4b695f04161e0beb490351d50d92a841fe3
  original:
    hackage: parallel-3.2.2.0@sha256:c69372af9a39a06739e1d0eaa1f2d8be6b86493a53dbbc455e7b30479c491c6a,1763
- completed:
    hackage: primitive-0.7.0.1@sha256:a381571c36edc7dca28b77fe8159b43c14c640087ec5946adacf949feec64231,3433
    pantry-tree:
      size: 3221
      sha256: fea4312bd404ad504e44a7fd933a3b3442c0a5e1c41bd8abec3c2e7282d88e18
  original:
    hackage: primitive-0.7.0.1@sha256:a381571c36edc7dca28b77fe8159b43c14c640087ec5946adacf949feec64231,3433
- completed:
    hackage: profunctors-5.5.2@sha256:55132b7e8a5461e8f7fdc4e06839109fe42ad581225cd151342753fddb824aa8,2075
    pantry-tree:
      size: 1639
      sha256: ad6ec53d15bbadac65278e52ff03e22236d1399d6fd61ea20ae8cd9a0d9de207
  original:
    hackage: profunctors-5.5.2@sha256:55132b7e8a5461e8f7fdc4e06839109fe42ad581225cd151342753fddb824aa8,2075
- completed:
    hackage: reflection-2.1.5@sha256:8dca1275d0c12d9711890cf2e89cd1ec341f64b22c133d2e47a56b7f1a896557,3884
    pantry-tree:
      size: 1005
      sha256: 8f628f5d333b6df264d89ac80725040b81b69869cbb74ffea9022bee2fd59487
  original:
    hackage: reflection-2.1.5@sha256:8dca1275d0c12d9711890cf2e89cd1ec341f64b22c133d2e47a56b7f1a896557,3884
- completed:
    hackage: retry-0.8.1.2@sha256:b81e7d7e5f068da82349a3c157a2ab25d399c9ca4841d1b6e54e8c4050cb065f,2189
    pantry-tree:
      size: 433
      sha256: a9ebf74c0fce47b4e743c4d1a2c72fcc949a702e5790fa2784c835db17492012
  original:
    hackage: retry-0.8.1.2@sha256:b81e7d7e5f068da82349a3c157a2ab25d399c9ca4841d1b6e54e8c4050cb065f,2189
- completed:
    hackage: safe-exceptions-0.1.7.0@sha256:416cad3470889813fbffd9dce83c7610268a4a52acadeb87a66e388e09a90275,1414
    pantry-tree:
      size: 510
      sha256: e4dfac90cd13e88f447b86332cc844f528f10f0a6fc4ff22ed963847dc2304ec
  original:
    hackage: safe-exceptions-0.1.7.0@sha256:416cad3470889813fbffd9dce83c7610268a4a52acadeb87a66e388e09a90275,1414
- completed:
    hackage: scientific-0.3.6.2@sha256:dd49abc76bd8e2b57e7a057dc2bb742a00527b4bf9350f9374be03b5934e55d8,4679
    pantry-tree:
      size: 656
      sha256: d05b22ccd31ad7a4438d9217bf44771ac63c4eeb0acc9c624465044e5894766a
  original:
    hackage: scientific-0.3.6.2@sha256:dd49abc76bd8e2b57e7a057dc2bb742a00527b4bf9350f9374be03b5934e55d8,4679
- completed:
    hackage: semigroupoids-5.3.4@sha256:d2dee7be882dcb2bf1be4074951acaa0b60a34b372d1711a0bedb4305ce289ce,7363
    pantry-tree:
      size: 1990
      sha256: 7b0cfc1ed7bfeed9136cd9b7d879937a367e2619b3ec508da9effe9af198ca9f
  original:
    hackage: semigroupoids-5.3.4@sha256:d2dee7be882dcb2bf1be4074951acaa0b60a34b372d1711a0bedb4305ce289ce,7363
- completed:
    hackage: tagged-0.8.6@sha256:1f7ca84e6c88cbb923641c60041c9f56c34f1a889759cc073cdf10542b441ff9,2606
    pantry-tree:
      size: 543
      sha256: 7e03b4e4506268d8a1429fba046816d682ec98e1c61d3869ae0ce57d74574d78
  original:
    hackage: tagged-0.8.6@sha256:1f7ca84e6c88cbb923641c60041c9f56c34f1a889759cc073cdf10542b441ff9,2606
- completed:
    hackage: th-abstraction-0.3.2.0@sha256:9b5b4e6e2bbff9b075ad7751ee98e2107090bd17b51d5442695b8990e4db6521,1851
    pantry-tree:
      size: 583
      sha256: 21e260e558db166dc70f3002e7a0d22dd57d0b9e7842dd9de5e2f9f887e1275e
  original:
    hackage: th-abstraction-0.3.2.0@sha256:9b5b4e6e2bbff9b075ad7751ee98e2107090bd17b51d5442695b8990e4db6521,1851
- completed:
    hackage: time-compat-1.9.3@sha256:a1a0a8b088be6a7be50c7c0bf156ce876151b1cbe14261736965e361c8073b2a,4349
    pantry-tree:
      size: 3654
      sha256: 9bce314b9a677472b9cc051a6ed09f4a1555180a5e2702ad67d64d74c9b5ceed
  original:
    hackage: time-compat-1.9.3@sha256:a1a0a8b088be6a7be50c7c0bf156ce876151b1cbe14261736965e361c8073b2a,4349
- completed:
    hackage: tls-1.5.4@sha256:ac18a2a431cf359a27288a607fd01bfaebc70be627c9d53e238009e7e6e1fd79,6753
    pantry-tree:
      size: 4688
      sha256: c20c5a689f0742ab8fdda3d8bfcb4fe35da46762d0c8268d0411562eb6ec5802
  original:
    hackage: tls-1.5.4@sha256:ac18a2a431cf359a27288a607fd01bfaebc70be627c9d53e238009e7e6e1fd79,6753
- completed:
    hackage: transformers-base-0.4.5.2@sha256:e4d8155470905ba2942033a1537fc4cf91927d1c9b34693fd57ddf3bc02334af,1550
    pantry-tree:
      size: 275
      sha256: de1ab09cfb378c269105d6fcfa0fa9820081c2d1d91c87503a5f10068a4119e7
  original:
    hackage: transformers-base-0.4.5.2@sha256:e4d8155470905ba2942033a1537fc4cf91927d1c9b34693fd57ddf3bc02334af,1550
- completed:
    hackage: transformers-compat-0.6.5@sha256:50b00c57bf3fc379ec2477bfc261a2aebc983084488478adb29854f193af4696,5490
    pantry-tree:
      size: 1773
      sha256: 3a15141e82214faba9ddcabaa63526273d4c8b7b1d9d6cbc643334bfe41fb2f8
  original:
    hackage: transformers-compat-0.6.5@sha256:50b00c57bf3fc379ec2477bfc261a2aebc983084488478adb29854f193af4696,5490
- completed:
    hackage: unordered-containers-0.2.10.0@sha256:5e9b095a9283d9e2f064fec73a81a6b6ea0b7fda3f219a8175785d2d2a3de204,5199
    pantry-tree:
      size: 1415
      sha256: dfc2d75f4e59c03e2c68be6909b577f26991367134eaac06a407e940e66856ae
  original:
    hackage: unordered-containers-0.2.10.0@sha256:5e9b095a9283d9e2f064fec73a81a6b6ea0b7fda3f219a8175785d2d2a3de204,5199
- completed:
    hackage: uuid-types-1.0.3@sha256:2cab161f274309cfd9ef62694a6bd1b47525bc4c79a827293b055e4a9eadb4d2,2473
    pantry-tree:
      size: 521
      sha256: 438cb9ae5438dc6827eb39cb561a43026972375217b917f15e6a6d85194af9b2
  original:
    hackage: uuid-types-1.0.3@sha256:2cab161f274309cfd9ef62694a6bd1b47525bc4c79a827293b055e4a9eadb4d2,2473
- completed:
    hackage: vector-0.12.1.2@sha256:9291bc581f36e51d5bda9fce57cb980fbec3dd292996896f285fef39eb80a9a0,7364
    pantry-tree:
      size: 3784
      sha256: f79eefc8ba2b57ded2276f48046e64663d37b210b6047b6b6ecb30c9da196216
  original:
    hackage: vector-0.12.1.2@sha256:9291bc581f36e51d5bda9fce57cb980fbec3dd292996896f285fef39eb80a9a0,7364
- completed:
    hackage: vector-instances-3.4@sha256:4a63d658790db8711db3eab73489ca33edacd66fe65e09bd2df0ee123048da2e,1310
    pantry-tree:
      size: 539
      sha256: c089cde1a9a0fe5bf2b8216ca08a43055377f713574b2bee7a0f9fd2509c7278
  original:
    hackage: vector-instances-3.4@sha256:4a63d658790db8711db3eab73489ca33edacd66fe65e09bd2df0ee123048da2e,1310
- completed:
    hackage: QuickCheck-2.14@sha256:a1bac79e48b36d5bccd771e981058c44707f440156a0a411ebdcfec8cfccfda9,6982
    pantry-tree:
      size: 2203
      sha256: 1c8b0f1ff061117c78ddb69cbed242faf313a427c03e5c84233aa33e7e58a5cb
  original:
    hackage: QuickCheck-2.14@sha256:a1bac79e48b36d5bccd771e981058c44707f440156a0a411ebdcfec8cfccfda9,6982
- completed:
    hackage: RSA-2.4.1@sha256:b52a764965cd10756646cc39eadcbc566e131181a75f2a13c621697f4b06d76b,2467
    pantry-tree:
      size: 403
      sha256: 2c55aa07193c51560d597aae6ec7dffbf95e977ca1bbdbb6ae9106068330264f
  original:
    hackage: RSA-2.4.1@sha256:b52a764965cd10756646cc39eadcbc566e131181a75f2a13c621697f4b06d76b,2467
- completed:
    hackage: SHA-1.6.4.4@sha256:3b7523df3e2186ae8c5ac78c745efb586814afe9c775b886a747556d9f4d429c,4920
    pantry-tree:
      size: 326
      sha256: c03bb11d42a31b3d371761f0b48adc4ca8ed43393c37130a2de788db02d090ae
  original:
    hackage: SHA-1.6.4.4@sha256:3b7523df3e2186ae8c5ac78c745efb586814afe9c775b886a747556d9f4d429c,4920
- completed:
    hackage: StateVar-1.2@sha256:9ab3e4a0e252d28bc2f799c83e0725c3e23e8d3b722cff0fdb9822e64b6c16ac,1413
    pantry-tree:
      size: 314
      sha256: 7e528e8de1df24f858e0be63bf8987537b2752a3d4f6ec823e5ac0e1dc7f1520
  original:
    hackage: StateVar-1.2@sha256:9ab3e4a0e252d28bc2f799c83e0725c3e23e8d3b722cff0fdb9822e64b6c16ac,1413
- completed:
    hackage: adjunctions-4.4@sha256:2738dd5f5d5e93749adb14a05472e58a96a75d0f299e46371c6f46dc4e97daf9,3067
    pantry-tree:
      size: 1560
      sha256: b9b90a45e77481a8f24baa9b61dbf862199ec736b99344b5c7ae9c905f0425d8
  original:
    hackage: adjunctions-4.4@sha256:2738dd5f5d5e93749adb14a05472e58a96a75d0f299e46371c6f46dc4e97daf9,3067
- completed:
    hackage: appar-0.1.8@sha256:a5d529bacbb74d566e4c5f9479af0637eac5957705f6db4d2670517489795de8,1070
    pantry-tree:
      size: 506
      sha256: c8bae7bc8c04b6c3593b48f19f1d626face90832f268f6857aba934bccd4272d
  original:
    hackage: appar-0.1.8@sha256:a5d529bacbb74d566e4c5f9479af0637eac5957705f6db4d2670517489795de8,1070
- completed:
    hackage: asn1-encoding-0.9.6@sha256:3655d9a68c8c082e0d22f33456d968ad8c484d4e95308ad9217788b1c343d8a6,2067
    pantry-tree:
      size: 981
      sha256: c7f1125ca9384ee6852837b523e701e1817dc9dc3dc0803fba4b876cd655f3f2
  original:
    hackage: asn1-encoding-0.9.6@sha256:3655d9a68c8c082e0d22f33456d968ad8c484d4e95308ad9217788b1c343d8a6,2067
- completed:
    hackage: asn1-types-0.3.4@sha256:8e879b3a5bbdd0031232eb84d904b5a3a2c20a18847692b996d774f4ff811355,1025
    pantry-tree:
      size: 525
      sha256: 254adba538008f12853e83b8909ba11ef11e9b8bcb1edc3a97dc6fdb29dad45a
  original:
    hackage: asn1-types-0.3.4@sha256:8e879b3a5bbdd0031232eb84d904b5a3a2c20a18847692b996d774f4ff811355,1025
- completed:
    hackage: async-2.2.2@sha256:a178c166856da7ff22fe4500337b54812e94fd2059409452187d72e057ede9cd,2934
    pantry-tree:
      size: 501
      sha256: 647557f470dd934404806bcc7201ff9b2d440daaf11f570ac6a46d9b2ef42d98
  original:
    hackage: async-2.2.2@sha256:a178c166856da7ff22fe4500337b54812e94fd2059409452187d72e057ede9cd,2934
- completed:
    hackage: attoparsec-iso8601-1.0.1.0@sha256:a01c9144dd0e186cdfcff5a4239aecd40f7f519d9b9e8e3d5f41bfcf2ad350e6,1416
    pantry-tree:
      size: 347
      sha256: 0671a5aa0d2473503c123f3465c5eea0468e5398be88933494568196ea7c3c57
  original:
    hackage: attoparsec-iso8601-1.0.1.0@sha256:a01c9144dd0e186cdfcff5a4239aecd40f7f519d9b9e8e3d5f41bfcf2ad350e6,1416
- completed:
    hackage: base64-bytestring-1.1.0.0@sha256:190264fef9e65d9085f00ccda419137096d1dc94777c58272bc96821dc7f37c3,2334
    pantry-tree:
      size: 850
      sha256: 9ade5b5911df97c37b249b84f123297049f19578cae171c647bf47683633427c
  original:
    hackage: base64-bytestring-1.1.0.0@sha256:190264fef9e65d9085f00ccda419137096d1dc94777c58272bc96821dc7f37c3,2334
- completed:
    hackage: basement-0.0.11@sha256:af43e2e334e515b52ca309919b135c51b5e9411e6d4c68d0e8950d61eb5f25d1,5711
    pantry-tree:
      size: 5859
      sha256: 2b5bdb5b5a3ede3676aef58f0524c38881128338aede213913e64e0c4430906e
  original:
    hackage: basement-0.0.11@sha256:af43e2e334e515b52ca309919b135c51b5e9411e6d4c68d0e8950d61eb5f25d1,5711
- completed:
    hackage: binary-orphans-1.0.1@sha256:82eaf63df8fb7ba8da12352de03a14269e9c11bdcc3e052310d959789bf55c1e,2116
    pantry-tree:
      size: 285
      sha256: e8c7b2aabec8f32c03f58df9a6069998e0ab74acef5d63430f8bff3b33146729
  original:
    hackage: binary-orphans-1.0.1@sha256:82eaf63df8fb7ba8da12352de03a14269e9c11bdcc3e052310d959789bf55c1e,2116
- completed:
    hackage: byteorder-1.0.4@sha256:a952817dcbe20af0346fb55a28c13e95e2ddbf3e99f9b4fffdc063f150f13b20,636
    pantry-tree:
      size: 212
      sha256: 1544dc41983f7fe963740d9a8ce2aec1daef17bcb0916fda253dbfa73a14c77a
  original:
    hackage: byteorder-1.0.4@sha256:a952817dcbe20af0346fb55a28c13e95e2ddbf3e99f9b4fffdc063f150f13b20,636
- completed:
    hackage: bytestring-conversion-0.3.1@sha256:c3a83596c9955edb5558503dfd698d9a99e0da65bdf53edf6eceacef98200cf5,2602
    pantry-tree:
      size: 745
      sha256: bc85d2c9d96061c4ca4028a257c985e995bbcbd353e44e7ce07013bdf15e8ecf
  original:
    hackage: bytestring-conversion-0.3.1@sha256:c3a83596c9955edb5558503dfd698d9a99e0da65bdf53edf6eceacef98200cf5,2602
- completed:
    hackage: cereal-0.5.8.1@sha256:37cb7a78c84412e94592a658768320c41f015f2b8707a433de835afb8ebc18d7,2767
    pantry-tree:
      size: 641
      sha256: 65ec816e5c39253f0060b8b1019450f5c6fa1e0c06c1c7b4a36f09e186a607fd
  original:
    hackage: cereal-0.5.8.1@sha256:37cb7a78c84412e94592a658768320c41f015f2b8707a433de835afb8ebc18d7,2767
- completed:
    hackage: conduit-1.3.2@sha256:f85b5dc1d7d30e9122ac15975e7f59fe846b42ef952e2beddd32520a753c2fc4,4980
    pantry-tree:
      size: 1957
      sha256: f8e5f6d25584d3aaf3f6b13980623aba2bd0446a0c6844b70f7b9cfa01ff5c72
  original:
    hackage: conduit-1.3.2@sha256:f85b5dc1d7d30e9122ac15975e7f59fe846b42ef952e2beddd32520a753c2fc4,4980
- completed:
    hackage: conduit-extra-1.3.5@sha256:c3de6704df0b728d258827370b3de4e467a25d396037104639b859d743146365,4276
    pantry-tree:
      size: 2332
      sha256: a4c8b9cbd79e40c71b6534b08fca3bd1609874cbb13324629baa2a6c23c16c2b
  original:
    hackage: conduit-extra-1.3.5@sha256:c3de6704df0b728d258827370b3de4e467a25d396037104639b859d743146365,4276
- completed:
    hackage: cookie-0.4.5@sha256:22bbe2bea34cfc546eaca2468386035fec521b8dbae52f5aa2f994ed68b35e0e,1448
    pantry-tree:
      size: 360
      sha256: 60ea383838fb35f55265cbf84905a8f17434bb498f90d691621cbd2156da43e4
  original:
    hackage: cookie-0.4.5@sha256:22bbe2bea34cfc546eaca2468386035fec521b8dbae52f5aa2f994ed68b35e0e,1448
- completed:
    hackage: crypto-pubkey-types-0.4.3@sha256:9bcf9ec7045f1043edac2b8331d9120bc055083578dbd953a3cccfc7452d9e8c,1053
    pantry-tree:
      size: 500
      sha256: c9825900454e9bc64c2e421d701da2bfe66ad9cd0c26ead2133bf082597aec36
  original:
    hackage: crypto-pubkey-types-0.4.3@sha256:9bcf9ec7045f1043edac2b8331d9120bc055083578dbd953a3cccfc7452d9e8c,1053
- completed:
    hackage: cryptonite-0.26@sha256:43c722f3770c31f4c5376e7aa42645b104834103312e217aa7fe79316416d6df,17352
    pantry-tree:
      size: 22455
      sha256: cbec4c7bd57508339510f18df64827dbd65eb7ede00db07a463a36aecdda077c
  original:
    hackage: cryptonite-0.26@sha256:43c722f3770c31f4c5376e7aa42645b104834103312e217aa7fe79316416d6df,17352
- completed:
    hackage: data-default-0.7.1.1@sha256:2804e8d14f521a1edee88b68b66347448e7f3b685868290fdc55930e4471f5a9,645
    pantry-tree:
      size: 212
      sha256: 1db0dcb6890feff1b87ea180a4c4a0611cda399a700822bd75970a2b7ad02dbc
  original:
    hackage: data-default-0.7.1.1@sha256:2804e8d14f521a1edee88b68b66347448e7f3b685868290fdc55930e4471f5a9,645
- completed:
    hackage: data-default-class-0.1.2.0@sha256:63e62120b7efd733a5a17cf59ceb43268e9a929c748127172d7d42f4a336e327,542
    pantry-tree:
      size: 224
      sha256: 5017630b11698aefa65fc61cab84a257ce97833c968d425e1b2d53d6c3b5c096
  original:
    hackage: data-default-class-0.1.2.0@sha256:63e62120b7efd733a5a17cf59ceb43268e9a929c748127172d7d42f4a336e327,542
- completed:
    hackage: errors-2.3.0@sha256:e76c5af088c70c36f772a7e2b88a47abf327f39ee32fd18da4d4464c44463ae9,1371
    pantry-tree:
      size: 504
      sha256: 9318c85081e78208386f72762314409b0ddd73f27285d028521273c3d34a5042
  original:
    hackage: errors-2.3.0@sha256:e76c5af088c70c36f772a7e2b88a47abf327f39ee32fd18da4d4464c44463ae9,1371
- completed:
    hackage: hourglass-0.2.12@sha256:e083f5e030dfebe432e30a9c0fa07a99a54eac992f622442646be561fd7a44e8,3085
    pantry-tree:
      size: 1605
      sha256: 2b452cfac948057203679468e3e856e7fdf884c3c051f42bc52ba6253ca896e0
  original:
    hackage: hourglass-0.2.12@sha256:e083f5e030dfebe432e30a9c0fa07a99a54eac992f622442646be561fd7a44e8,3085
- completed:
    hackage: http-conduit-2.3.7.3@sha256:a1307eb0b31879f4fabfbb3edba490b6b998603caa73425a3ee35a2fd9b47d91,2869
    pantry-tree:
      size: 784
      sha256: fdb29aca67aed3f487e3e22bceffb9fa911a3cb65777ff1a432e16962c84372d
  original:
    hackage: http-conduit-2.3.7.3@sha256:a1307eb0b31879f4fabfbb3edba490b6b998603caa73425a3ee35a2fd9b47d91,2869
- completed:
    hackage: integer-logarithms-1.0.3@sha256:63d42595ec92b71ac98a07b984b0a2eb3d4956f4ad2d856c3bf6fc3dc218d228,2820
    pantry-tree:
      size: 865
      sha256: 7feb7c37d4117f398377c7e0ad480bfa7f63e378753fc6a163deec1f3e9fbc23
  original:
    hackage: integer-logarithms-1.0.3@sha256:63d42595ec92b71ac98a07b984b0a2eb3d4956f4ad2d856c3bf6fc3dc218d228,2820
- completed:
    hackage: invariant-0.5.3@sha256:e430340b5f4248159f9fd217c506946887b4ff8f2c7a3819c3d4f06bcb195e6a,3323
    pantry-tree:
      size: 650
      sha256: f7a85efb9277edc3d613003d1ec89f2302dc42674932d705cf2438a76ea5edd0
  original:
    hackage: invariant-0.5.3@sha256:e430340b5f4248159f9fd217c506946887b4ff8f2c7a3819c3d4f06bcb195e6a,3323
- completed:
    hackage: keys-3.12.3@sha256:6a4ef6d1513c79d2d7e2abaf2cdbf0078c90d32092dfa86827adf8b17c78182e,2237
    pantry-tree:
      size: 426
      sha256: 1e203d2a0c7a117b0ae42ade42b1769380e313c4e311ee82e3f4531dcd2492d5
  original:
    hackage: keys-3.12.3@sha256:6a4ef6d1513c79d2d7e2abaf2cdbf0078c90d32092dfa86827adf8b17c78182e,2237
- completed:
    hackage: megaparsec-8.0.0@sha256:362f85e243ecbcb550e1de6e5c74ba5a50c09edaa1208c99bc5b9fd242227fc6,3808
    pantry-tree:
      size: 1446
      sha256: 955117c00a86970f2d0c215f33cf5293b16589c04678a0a790c03368ab6fd0aa
  original:
    hackage: megaparsec-8.0.0@sha256:362f85e243ecbcb550e1de6e5c74ba5a50c09edaa1208c99bc5b9fd242227fc6,3808
- completed:
    hackage: memory-0.15.0@sha256:be7024b50e876a9c3b7febaefdd81d5dc67268c58a7b4e6b3825bdc58274d88c,5002
    pantry-tree:
      size: 2509
      sha256: df13688e9516d23eab08bbec9d26338d072e85bf760b654335dc14289162988f
  original:
    hackage: memory-0.15.0@sha256:be7024b50e876a9c3b7febaefdd81d5dc67268c58a7b4e6b3825bdc58274d88c,5002
- completed:
    hackage: mime-types-0.1.0.9@sha256:d631fe56daed713ec7798933aaa1429dc9912d85375619aa6e25a0fefe8e95e7,826
    pantry-tree:
      size: 311
      sha256: 5cf87fbc920b9d268dde4964e91baac137708fdbdcf80e2bd6f23812a09d97f0
  original:
    hackage: mime-types-0.1.0.9@sha256:d631fe56daed713ec7798933aaa1429dc9912d85375619aa6e25a0fefe8e95e7,826
- completed:
    hackage: network-3.1.1.1@sha256:b704cb6676c03e98267190df797497587576a2e96094550ea143415239bbe66e,4268
    pantry-tree:
      size: 3297
      sha256: 975170abd872edadd5afea9911eaebfd7683fe6e53f0a898343743d938b7b80d
  original:
    hackage: network-3.1.1.1@sha256:b704cb6676c03e98267190df797497587576a2e96094550ea143415239bbe66e,4268
- completed:
    hackage: pointed-5.0.1@sha256:1ca03c4ceb74d0b8bca7bd454129b169a696b379f7cb21c55178a8feb271a402,3267
    pantry-tree:
      size: 440
      sha256: 48dfbe2ad53018e2b594a4b18e8ec6189ce96441ea08eefe5e48d059e271177b
  original:
    hackage: pointed-5.0.1@sha256:1ca03c4ceb74d0b8bca7bd454129b169a696b379f7cb21c55178a8feb271a402,3267
- completed:
    hackage: random-1.1@sha256:7b67624fd76ddf97c206de0801dc7e888097e9d572974be9b9ea6551d76965df,1777
    pantry-tree:
      size: 637
      sha256: 14a1b01728c5584e87c9fa00746a66e28ffd89dd2c0eabd334c8463953496e1b
  original:
    hackage: random-1.1@sha256:7b67624fd76ddf97c206de0801dc7e888097e9d572974be9b9ea6551d76965df,1777
- completed:
    hackage: resourcet-1.2.4@sha256:1dbd6b3fdd91ab693e7d0d7389c1c482b3fef3df18b552bd23da8e16018f5047,1655
    pantry-tree:
      size: 647
      sha256: f4e5267be4f1d5a4779b1d8dd74b74ce139464bf98859cc57eeb196b50819064
  original:
    hackage: resourcet-1.2.4@sha256:1dbd6b3fdd91ab693e7d0d7389c1c482b3fef3df18b552bd23da8e16018f5047,1655
- completed:
    hackage: semigroups-0.19.1@sha256:ecae129621e0d2f77bef2f01e4458c2e0567ab6e1f39579c61d7cec8058ebb0e,6262
    pantry-tree:
      size: 534
      sha256: 61160272cccf0dcffe7fe23b7644412b959a8ec232bed4d43be235176f0bd90b
  original:
    hackage: semigroups-0.19.1@sha256:ecae129621e0d2f77bef2f01e4458c2e0567ab6e1f39579c61d7cec8058ebb0e,6262
- completed:
    hackage: socks-0.6.1@sha256:ac190808eea704672df18f702e8f2ad0b7a4d0af528e95ee55ea6ee0be672e2a,1258
    pantry-tree:
      size: 692
      sha256: 53d29c06c42e737ae99660e077c7c4b286f1272b3394ad7f74163867a5b3b8fa
  original:
    hackage: socks-0.6.1@sha256:ac190808eea704672df18f702e8f2ad0b7a4d0af528e95ee55ea6ee0be672e2a,1258
- completed:
    hackage: streaming-commons-0.2.1.2@sha256:7830ce8a437bbe8b6546b03308d86e2f6c96bc1b62c2d0c007c44b27f3849a20,4990
    pantry-tree:
      size: 3325
      sha256: a3d9a7f070084f8d33e1c7a90dc33b38f720569c0f234e4abb0d5b6f263fb59f
  original:
    hackage: streaming-commons-0.2.1.2@sha256:7830ce8a437bbe8b6546b03308d86e2f6c96bc1b62c2d0c007c44b27f3849a20,4990
- completed:
    hackage: text-binary-0.2.1.1@sha256:b8266aaa392b6b0143fb68975c9ae2dfd12bb50cd05cd705f6faee49d1854d24,866
    pantry-tree:
      size: 261
      sha256: 13166477915ac536303d6aa0771b5db26b4953c4ffe480ea124cb75610a1c1ca
  original:
    hackage: text-binary-0.2.1.1@sha256:b8266aaa392b6b0143fb68975c9ae2dfd12bb50cd05cd705f6faee49d1854d24,866
- completed:
    hackage: vector-binary-instances-0.2.5.1@sha256:dde16050ebc4f6da36a75f10b8b933742793e94366086cc752636679f0894945,2577
    pantry-tree:
      size: 346
      sha256: 46b40d1a7a7b6428e631771441930cbc62e0f9582958f17c74fe530d07aedc9a
  original:
    hackage: vector-binary-instances-0.2.5.1@sha256:dde16050ebc4f6da36a75f10b8b933742793e94366086cc752636679f0894945,2577
- completed:
    hackage: x509-1.7.5@sha256:01185a9a17bee4e89287d9e32bfaa673133cf2b09a39759627bed1f72ea528fd,2305
    pantry-tree:
      size: 1072
      sha256: 42cc162fbe2221555fb4d91e3de6699bc7731887c2c0e01ad79c8bf6ade988d9
  original:
    hackage: x509-1.7.5@sha256:01185a9a17bee4e89287d9e32bfaa673133cf2b09a39759627bed1f72ea528fd,2305
- completed:
    hackage: x509-store-1.6.7@sha256:a707b2f4ba3c02ebacd7ecd19e9f0c0b211b58270329c2c775a2c1df26820212,1781
    pantry-tree:
      size: 398
      sha256: 583026f9af3752de292e672472de40d4cddde83d6ec2cb72b896c1eea3dc1da3
  original:
    hackage: x509-store-1.6.7@sha256:a707b2f4ba3c02ebacd7ecd19e9f0c0b211b58270329c2c775a2c1df26820212,1781
- completed:
    hackage: x509-system-1.6.6@sha256:3a1b9cc26715d7cb3cd1a3f8b6153f12c2d42187ac5df305c3973c78a061db05,1418
    pantry-tree:
      size: 391
      sha256: f787ec9fe9d4ae10b1e28821bfc07e711755a043a4fafc74a0c6bedaab40f488
  original:
    hackage: x509-system-1.6.6@sha256:3a1b9cc26715d7cb3cd1a3f8b6153f12c2d42187ac5df305c3973c78a061db05,1418
- completed:
    hackage: x509-validation-1.6.11@sha256:7798c62717265a395f1092e6ad576f64b7876c289bb84353bddc0bb5a66c6b26,2169
    pantry-tree:
      size: 631
      sha256: 5a2bdfefa3438eff100c556fa55232b2de64badb832c614cade1ca147f215715
  original:
    hackage: x509-validation-1.6.11@sha256:7798c62717265a395f1092e6ad576f64b7876c289bb84353bddc0bb5a66c6b26,2169
- completed:
    hackage: xml-conduit-1.8.0.1@sha256:92bd9a77f714578f3efa61701231545f7aeb36a3228358e3fdddf3a28350e8c2,2677
    pantry-tree:
      size: 808
      sha256: ff006e076216ee5e207a4051fb876987b2f9d29932026cb7fcbe38c3aa193264
  original:
    hackage: xml-conduit-1.8.0.1@sha256:92bd9a77f714578f3efa61701231545f7aeb36a3228358e3fdddf3a28350e8c2,2677
- completed:
    hackage: xml-types-0.3.6@sha256:0bf423674cc2d8bbe0f1324afd6d0b5e4d617a8be9699be06d1fdd324ac4032a,905
    pantry-tree:
      size: 219
      sha256: 7df0e946b6b365d36ad05ca5bf5b639aeca1219f53df6c2625812cd0e921960a
  original:
    hackage: xml-types-0.3.6@sha256:0bf423674cc2d8bbe0f1324afd6d0b5e4d617a8be9699be06d1fdd324ac4032a,905
- completed:
    hackage: asn1-parse-0.9.5@sha256:77c0126d63070df2d82cb4cfa4febb26c4e280f6d854bc778c2fa4d80ce692b8,976
    pantry-tree:
      size: 212
      sha256: 2a6766aa05af5b045ff2d097b5f99621f983d471e254079ef4e56acff26b2248
  original:
    hackage: asn1-parse-0.9.5@sha256:77c0126d63070df2d82cb4cfa4febb26c4e280f6d854bc778c2fa4d80ce692b8,976
- completed:
    hackage: crypto-api-0.13.3@sha256:e572c0cdc58ba6773ea200ea5261d6bf5fc116d910b52cf1c671d85b940ed6fc,2366
    pantry-tree:
      size: 903
      sha256: 73b31229fc38562b8eec3cb5f7ad828a44bf7820bf3196c9113d64ad13578fc1
  original:
    hackage: crypto-api-0.13.3@sha256:e572c0cdc58ba6773ea200ea5261d6bf5fc116d910b52cf1c671d85b940ed6fc,2366
- completed:
    hackage: data-default-instances-containers-0.0.1@sha256:6e1f4b28028a3bc455aaf4b5a9104b71ea72cff78b1b8041863df7afd1a8deb3,527
    pantry-tree:
      size: 254
      sha256: 3e61b45fb5aa231cff29025b1d36561d7d6b17fa91cdddd15d854615a3fe1ae0
  original:
    hackage: data-default-instances-containers-0.0.1@sha256:6e1f4b28028a3bc455aaf4b5a9104b71ea72cff78b1b8041863df7afd1a8deb3,527
- completed:
    hackage: data-default-instances-dlist-0.0.1@sha256:4286abacbb256c392907701be16986a6e07f2beaf2778e7bd925465655d9e301,507
    pantry-tree:
      size: 244
      sha256: 705ebc2408e66631dac47e400fd963deaefe8a55de662b5f1950c47a590632ce
  original:
    hackage: data-default-instances-dlist-0.0.1@sha256:4286abacbb256c392907701be16986a6e07f2beaf2778e7bd925465655d9e301,507
- completed:
    hackage: data-default-instances-old-locale-0.0.1@sha256:d4a757f68f0f83531fcb34a4525fe6769c54a45182e28ffdfff19c2b0ace42fb,526
    pantry-tree:
      size: 253
      sha256: 91a62d701bea1432cc0126dd25005a4480e4a5082b2fae5e9d36f96fb8bbffb5
  original:
    hackage: data-default-instances-old-locale-0.0.1@sha256:d4a757f68f0f83531fcb34a4525fe6769c54a45182e28ffdfff19c2b0ace42fb,526
- completed:
    hackage: double-conversion-2.0.2.0@sha256:934ef2ffa06e196ab7df9e130bedee0228dc54bf879822bc2349624e1dfd38e4,3624
    pantry-tree:
      size: 5141
      sha256: a74a7357fc6308444642a8ec19f90f7848a92cc95676b64af5caf5aefec8f626
  original:
    hackage: double-conversion-2.0.2.0@sha256:934ef2ffa06e196ab7df9e130bedee0228dc54bf879822bc2349624e1dfd38e4,3624
- completed:
    hackage: mono-traversable-1.0.15.1@sha256:cad0e8681cd6c96d3303867fc68c80e2f5d55c2c4bf5277c06ca74402fda61c8,2230
    pantry-tree:
      size: 761
      sha256: c9950f4b3409f0e198e6f074abd51b59b0b238b4919b3f6acd0091a3779f2fe2
  original:
    hackage: mono-traversable-1.0.15.1@sha256:cad0e8681cd6c96d3303867fc68c80e2f5d55c2c4bf5277c06ca74402fda61c8,2230
- completed:
    hackage: parser-combinators-1.2.1@sha256:16c3490e007ec10b1255a2b36fb483d000156d555269107131241d9e0fa96412,1788
    pantry-tree:
      size: 725
      sha256: 7b7cc6bb088f536691c4088ac6abe9f4dd0399feffc26bdb2cbec695f7259737
  original:
    hackage: parser-combinators-1.2.1@sha256:16c3490e007ec10b1255a2b36fb483d000156d555269107131241d9e0fa96412,1788
- completed:
    hackage: pem-0.2.4@sha256:cc8e62118b783e284dc0fa032f54fe386a3861a948ec88079370a433c103a705,1441
    pantry-tree:
      size: 425
      sha256: 2413dd2c97c72d6e00330057b158973faa6336de068a9be4d6fdcfd474485f77
  original:
    hackage: pem-0.2.4@sha256:cc8e62118b783e284dc0fa032f54fe386a3861a948ec88079370a433c103a705,1441
- completed:
    hackage: safe-0.3.18@sha256:6aa17f30b93a39f60e132fca490a3995db43bf32cf868708327a2f4b526c217f,2405
    pantry-tree:
      size: 564
      sha256: 2f2805dc3e1414378eca6ca0419858ff0b844062a2d1d38f55f8e1cb3abf9d38
  original:
    hackage: safe-0.3.18@sha256:6aa17f30b93a39f60e132fca490a3995db43bf32cf868708327a2f4b526c217f,2405
- completed:
    hackage: splitmix-0.0.4@sha256:fb9bb8b54a2e76c8a021fe5c4c3798047e1f60e168379a1f80693047fe00ad0e,4813
    pantry-tree:
      size: 872
      sha256: e58892088b95190bfb59a7c0803f7ef65338e57fc9b938d7c166563605003902
  original:
    hackage: splitmix-0.0.4@sha256:fb9bb8b54a2e76c8a021fe5c4c3798047e1f60e168379a1f80693047fe00ad0e,4813
- completed:
    hackage: typed-process-0.2.6.0@sha256:c901c13d491441830eb23132ad6968243a56b98161629d260a26c0b13c735fcd,2136
    pantry-tree:
      size: 529
      sha256: 2ef79f15f1f391e49dc522076f6d1584c7b305bf2aaa0dfec4dc0d4b61f31111
  original:
    hackage: typed-process-0.2.6.0@sha256:c901c13d491441830eb23132ad6968243a56b98161629d260a26c0b13c735fcd,2136
- completed:
    hackage: unliftio-core-0.2.0.1@sha256:9b3e44ea9aacacbfc35b3b54015af450091916ac3618a41868ebf6546977659a,1082
    pantry-tree:
      size: 328
      sha256: e81c5a1e82ec2cd68cbbbec9cd60567363abe02257fa1370a906f6754b6818b8
  original:
    hackage: unliftio-core-0.2.0.1@sha256:9b3e44ea9aacacbfc35b3b54015af450091916ac3618a41868ebf6546977659a,1082
- completed:
    hackage: void-0.7.3@sha256:13d30f62fcdf065e595d679d4ac8b4b0c1bb1a1b73db7b5b5a8f857cb5c8a546,1857
    pantry-tree:
      size: 584
      sha256: 5730b45e857424c97d24ee1cf530be1fc782cd000221ac97b5568be886cbbc2b
  original:
    hackage: void-0.7.3@sha256:13d30f62fcdf065e595d679d4ac8b4b0c1bb1a1b73db7b5b5a8f857cb5c8a546,1857
- completed:
    hackage: zlib-0.6.2.1@sha256:d34ddf5fece4d1e9d471b5298f36335bb3cfe12cb5a1b8525c42f0b665382f45,4547
    pantry-tree:
      size: 2536
      sha256: 8216dda4ee6a216e6399912d742b622eaab60c8f75a65d7ad2632b70c974ba2e
  original:
    hackage: zlib-0.6.2.1@sha256:d34ddf5fece4d1e9d471b5298f36335bb3cfe12cb5a1b8525c42f0b665382f45,4547
- completed:
    hackage: entropy-0.4.1.6@sha256:d72a8745b0d011737190832be477f6d98a7c819865a6392e4c451110eb79361c,3007
    pantry-tree:
      size: 743
      sha256: e3909bd795797100f74a6e81c9ed098fbc77985a053335b39c10e07b16ba1ddc
  original:
    hackage: entropy-0.4.1.6@sha256:d72a8745b0d011737190832be477f6d98a7c819865a6392e4c451110eb79361c,3007
- completed:
    hackage: old-locale-1.0.0.7@sha256:fa998be2c7e00cd26a6e9075bea790caaf3932caa3e9497ad69bc20380dd6911,1071
    pantry-tree:
      size: 263
      sha256: 462ef15cb35164d585aa3860f717c9685fbf05578330490860abd544381d2e24
  original:
    hackage: old-locale-1.0.0.7@sha256:fa998be2c7e00cd26a6e9075bea790caaf3932caa3e9497ad69bc20380dd6911,1071
- completed:
    hackage: split-0.2.3.4@sha256:bad9bfc9e8e0aca4ac1f7b3a2767ee6b1c199d4a1b6960db5cc3d7674aee5d73,2564
    pantry-tree:
      size: 439
      sha256: d931baa404f6867a23ed342c11ef27613227a7a82ba2324f95da184fffad0bd9
  original:
    hackage: split-0.2.3.4@sha256:bad9bfc9e8e0aca4ac1f7b3a2767ee6b1c199d4a1b6960db5cc3d7674aee5d73,2564
- completed:
    hackage: vector-algorithms-0.8.0.3@sha256:477ef5ac82fdd28a39536ed0a767faec3425802827abee485be31db5bc6f5e90,3488
    pantry-tree:
      size: 1439
      sha256: 9f04ef44c2459a122f2d5c093b4a9ebc47aaa00284a7bff9793fee7c6783f979
  original:
    hackage: vector-algorithms-0.8.0.3@sha256:477ef5ac82fdd28a39536ed0a767faec3425802827abee485be31db5bc6f5e90,3488
- completed:
    hackage: amazonka-ses-1.6.1@sha256:335796c855121ca34affd35097676587d5ebe0b2e576da42faaedd9d163881b0,6425
    pantry-tree:
      size: 18151
      sha256: 1b4746acac660d5418731b3972c4ff2285ee3435c709dfda67df49665f781d0a
  original:
    hackage: amazonka-ses-1.6.1@sha256:335796c855121ca34affd35097676587d5ebe0b2e576da42faaedd9d163881b0,6425
snapshots: []
