# This file was autogenerated by Stack.
# You should not edit this file by hand.
# For more information, please see the documentation at:
#   https://docs.haskellstack.org/en/stable/lock_files

packages:
- completed:
    hackage: IfElse-0.85@sha256:6939b94acc6a55f545f63a168a349dd2fbe4b9a7cca73bf60282db5cc6aa47d2,445
    pantry-tree:
      size: 213
      sha256: 4efed7ab11ec6d794c7e56eb76216363c51c4c084d9a616917fc025a1151cd65
  original:
    hackage: IfElse-0.85@sha256:6939b94acc6a55f545f63a168a349dd2fbe4b9a7cca73bf60282db5cc6aa47d2,445
- completed:
    hackage: HaskellNet-0.4.5@sha256:a0efc71a52f4e11b57b151bef7e1170b1adcf8cbe66fcbedd5ad40a70b97da9e,1560
    pantry-tree:
      size: 1437
      sha256: d1878f3f277402778f46411263a2ba6261bbd99dacfdeaadce80c9d7fa6299c5
  original:
    hackage: HaskellNet-0.4.5
- completed:
    hackage: network-2.7.0.2@sha256:7cb8d7bc2080be946cf87890c807b12dae9c59314fa030b2687999100ce60512,2845
    pantry-tree:
      size: 2313
      sha256: b580d8127a0aa19d91384379d8cb0e502d93e3a42df3fc82e5388c87a89f2372
  original:
    hackage: network-2.7.0.2
- completed:
    hackage: propellor-5.10.1@sha256:ba86a9714ec198dcdb5332b1bde8e1270c6d2523ef1c6707309aab41a9a56bb6,7272
    pantry-tree:
      size: 14035
      sha256: 356657466358932d811f031f23f903525a5154a86a5be391e2a9d32590fbf0fc
  original:
    hackage: propellor-5.10.1@sha256:ba86a9714ec198dcdb5332b1bde8e1270c6d2523ef1c6707309aab41a9a56bb6,7272
- completed:
    hackage: HGamer3D-0.9.5@sha256:b6aa5740fe4cc743e19d729a2cd0ed47dc04040977ae17a7d00f5e2c4bf1e1b3,2128
    pantry-tree:
      size: 3438
      sha256: 218e46baf1199f7c4874545ca6ccf12982df9b3196b65059dd7ac2edbd0c82db
  original:
    hackage: HGamer3D-0.9.5@sha256:b6aa5740fe4cc743e19d729a2cd0ed47dc04040977ae17a7d00f5e2c4bf1e1b3,2128
- completed:
    hackage: simple-bluetooth-0.1.0.0@sha256:c1cb65d4591a4e29edb9aea172bf78ccb8691d0d1021b0da87534b1f66382d08,1300
    pantry-tree:
      size: 555
      sha256: fb8ba71d32dde7018cc7288dd651f7ca265585b12a8b08f1a3a068d8b8416bd3
  original:
    hackage: simple-bluetooth-0.1.0.0@sha256:c1cb65d4591a4e29edb9aea172bf78ccb8691d0d1021b0da87534b1f66382d08,1300
- completed:
    hackage: binary-serialise-cbor-0.2.1.0@sha256:737f4c1d72258a0ed6c72f24e052e1ce13068c0e40112b3812c477ed68bfa85b,1939
    pantry-tree:
      size: 248
      sha256: 1a73323184971952c489c706f1de59ab4cd327d770d704e84558186fbdc8dc67
  original:
    hackage: binary-serialise-cbor-0.2.1.0@sha256:737f4c1d72258a0ed6c72f24e052e1ce13068c0e40112b3812c477ed68bfa85b,1939
- completed:
    hackage: fresco-binding-0.3.0@sha256:d57fc3af9b088a97f3ebdd1ba915f8d189eec260fb4bb95f16ae5f87ebdc2e92,1301
    pantry-tree:
      size: 380
      sha256: e366d437bcb32b95ebf433185ca61ff953a2f49be0d819c3aeb0ebfcaf5e0e9a
  original:
    hackage: fresco-binding-0.3.0@sha256:d57fc3af9b088a97f3ebdd1ba915f8d189eec260fb4bb95f16ae5f87ebdc2e92,1301
- completed:
    hackage: vect-0.4.7@sha256:218bb44622096d1e72772507fac4e073887fa6483f7b64d068d14ed2300ca377,3208
    pantry-tree:
      size: 2206
      sha256: 7b35a2433d7b8d88fa56c58fee97f0820f2f2526b7156194612c5566b7528713
  original:
    hackage: vect-0.4.7@sha256:218bb44622096d1e72772507fac4e073887fa6483f7b64d068d14ed2300ca377,3208
snapshots:
- completed:
    size: 524996
    url: https://raw.githubusercontent.com/commercialhaskell/stackage-snapshots/master/lts/14/27.yaml
    sha256: 7ea31a280c56bf36ff591a7397cc384d0dff622e7f9e4225b47d8980f019a0f0
  original: lts-14.27
