# This file was autogenerated by Stack.
# You should not edit this file by hand.
# For more information, please see the documentation at:
#   https://docs.haskellstack.org/en/stable/lock_files

packages:
- completed:
    hackage: reflex-dom-0.6.1.0@sha256:57f3f0a80d61e434cd1b00c08c9cef4b8d31c55fe8627b1798000e395cabdadb,6298
    pantry-tree:
      size: 808
      sha256: b15d01fa8e89cbc2212c99dc9a95f566c0691ada9ec9609dbcdc7ca38c092f49
  original:
    hackage: reflex-dom-0.6.1.0@sha256:57f3f0a80d61e434cd1b00c08c9cef4b8d31c55fe8627b1798000e395cabdadb,6298
- completed:
    hackage: jsaddle-0.9.7.1@sha256:711e48fa92c04d373fc18f058743dd9a53aecd048c851a47c932ff7d9bff2c82,4418
    pantry-tree:
      size: 4329
      sha256: 5d47086288813d1b0387a37c7b4095eaf90b40150913548b2da43f54fce1f74a
  original:
    hackage: jsaddle-0.9.7.1@sha256:711e48fa92c04d373fc18f058743dd9a53aecd048c851a47c932ff7d9bff2c82,4418
- completed:
    hackage: jsaddle-warp-0.9.7.1@sha256:a97fc8ed87b3be01b02fa1c3dd5309229ced107e806fe0a2b3efcf970aae7d9a,2713
    pantry-tree:
      size: 475
      sha256: 1a232daaa014ac55ed3d9fb8147eb6e78364be717af2a143a13957ea6dfe5dd2
  original:
    hackage: jsaddle-warp-0.9.7.1@sha256:a97fc8ed87b3be01b02fa1c3dd5309229ced107e806fe0a2b3efcf970aae7d9a,2713
- completed:
    hackage: reflex-0.8.0.0@sha256:e50de03568818072e2811211431ffe9811aeed69f3b24104b1dafb1b6fd0a525,11942
    pantry-tree:
      size: 4587
      sha256: 41a690372195eecda7bc9631a3724bc8a60a47a765e5c4e7a7ef8bdaf6a6eae9
  original:
    hackage: reflex-0.8.0.0@sha256:e50de03568818072e2811211431ffe9811aeed69f3b24104b1dafb1b6fd0a525,11942
- completed:
    hackage: reflex-dom-core-0.6.1.0@sha256:ab10422cb9d445c5aa589d7acdbebfc937c5a084977818ec2c4855195719b892,7501
    pantry-tree:
      size: 2735
      sha256: 753fde7ceb0d9d8bde9b8f40f1696723f72e2077d0e2bb5d671f05ea9cfd9c79
  original:
    hackage: reflex-dom-core-0.6.1.0@sha256:ab10422cb9d445c5aa589d7acdbebfc937c5a084977818ec2c4855195719b892,7501
- completed:
    hackage: constraints-extras-0.3.0.2@sha256:013b8d0392582c6ca068e226718a4fe8be8e22321cc0634f6115505bf377ad26,1853
    pantry-tree:
      size: 594
      sha256: 3ce1012bfb02e4d7def9df19ce80b8cd2b472c691b25b181d9960638673fecd1
  original:
    hackage: constraints-extras-0.3.0.2@sha256:013b8d0392582c6ca068e226718a4fe8be8e22321cc0634f6115505bf377ad26,1853
- completed:
    hackage: dependent-map-0.4.0.0@sha256:ca2b131046f4340a1c35d138c5a003fe4a5be96b14efc26291ed35fd08c62221,1657
    pantry-tree:
      size: 551
      sha256: 5defa30010904d2ad05a036f3eaf83793506717c93cbeb599f40db1a3632cfc5
  original:
    hackage: dependent-map-0.4.0.0@sha256:ca2b131046f4340a1c35d138c5a003fe4a5be96b14efc26291ed35fd08c62221,1657
- completed:
    hackage: dependent-sum-0.7.1.0@sha256:5599aa89637db434431b1dd3fa7c34bc3d565ee44f0519bfbc877be1927c2531,2068
    pantry-tree:
      size: 290
      sha256: 9cbfb32b5a8a782b7a1c941803fd517633cb699159b851c1d82267a9e9391b50
  original:
    hackage: dependent-sum-0.7.1.0@sha256:5599aa89637db434431b1dd3fa7c34bc3d565ee44f0519bfbc877be1927c2531,2068
- completed:
    hackage: dependent-sum-template-0.1.0.3@sha256:0bbbacdfbd3abf2a15aaf0cf2c27e5bdd159b519441fec39e1e6f2f54424adde,1682
    pantry-tree:
      size: 436
      sha256: 32eeadeb991a290a1da41ce7e995dee7d38ebba3bd3e53ea8074c32c086701fd
  original:
    hackage: dependent-sum-template-0.1.0.3@sha256:0bbbacdfbd3abf2a15aaf0cf2c27e5bdd159b519441fec39e1e6f2f54424adde,1682
- completed:
    hackage: ghcjs-dom-0.9.4.0@sha256:c2b3d25145e24b66a8a5078c0d750305b577aeff05957cf282d74f6e8d2424dd,32082
    pantry-tree:
      size: 357
      sha256: de76dd6924d6ad9124e836a0fa66a0338f585acbcbfbffd90e8357d1b6b8fbb4
  original:
    hackage: ghcjs-dom-0.9.4.0@sha256:c2b3d25145e24b66a8a5078c0d750305b577aeff05957cf282d74f6e8d2424dd,32082
- completed:
    hackage: monoidal-containers-0.6.0.1@sha256:ffdfae0fde7a08e9e314667a78d86454d2d23137d85f226ec6e757c190fb28ad,2583
    pantry-tree:
      size: 569
      sha256: 61d5a73cb768aa4d59db7365418a2fc1bb24b8c3e53ca496372656b6ba4d31ab
  original:
    hackage: monoidal-containers-0.6.0.1@sha256:ffdfae0fde7a08e9e314667a78d86454d2d23137d85f226ec6e757c190fb28ad,2583
- completed:
    hackage: patch-0.0.3.2@sha256:b4d3a60db88a04030392a06076defb9fe310a79577df7ff63ea2bb0298817b8d,2452
    pantry-tree:
      size: 977
      sha256: b9ab71b93cdff84a75c9d251513b4d64a9fea5b89526ecbec60eb9ae04521478
  original:
    hackage: patch-0.0.3.2@sha256:b4d3a60db88a04030392a06076defb9fe310a79577df7ff63ea2bb0298817b8d,2452
- completed:
    hackage: prim-uniq-0.2@sha256:7bfd8a729812bf212610b63459b76a086ecd5ce48f48d785c288e082d055d47b,1403
    pantry-tree:
      size: 464
      sha256: aa27fb2f22141bd9bb474091f811badd9c71c52a1504fb81834aeb28cecff626
  original:
    hackage: prim-uniq-0.2@sha256:7bfd8a729812bf212610b63459b76a086ecd5ce48f48d785c288e082d055d47b,1403
- completed:
    hackage: ref-tf-0.4.0.2@sha256:69de3550250e0cd69f45d080359cb314a9487c915024349c75b78732bbee9332,1134
    pantry-tree:
      size: 211
      sha256: fc5a4a35b4c782a33f452c1dc66ffa8ddbf321e2db369bd8823c796f0d4d8c7f
  original:
    hackage: ref-tf-0.4.0.2@sha256:69de3550250e0cd69f45d080359cb314a9487c915024349c75b78732bbee9332,1134
- completed:
    hackage: witherable-0.3.5@sha256:6590a15735b50ac14dcc138d4265ff1585d5f3e9d3047d5ebc5abf4cd5f50084,1476
    pantry-tree:
      size: 271
      sha256: b99f21dbac28da031eb7c787fbffbe5e77e0aee42b64b5dda082470e907d5ab5
  original:
    hackage: witherable-0.3.5@sha256:6590a15735b50ac14dcc138d4265ff1585d5f3e9d3047d5ebc5abf4cd5f50084,1476
- completed:
    hackage: zenc-0.1.1@sha256:e4be3e5e9fe1a1ade05910909c6e5b5a8eff72e697868b03955c9781b0443947,964
    pantry-tree:
      size: 206
      sha256: ac8bdc2a8c4b51c7bfa95802ecbab6879190787c870a9cbe0bfee220b3b2a7fe
  original:
    hackage: zenc-0.1.1@sha256:e4be3e5e9fe1a1ade05910909c6e5b5a8eff72e697868b03955c9781b0443947,964
- completed:
    hackage: ghcjs-dom-jsaddle-0.9.4.0@sha256:31ddfc5ebcbb4811b0c956fd5fcf106643012b46bb4e0bc2f15d09db1d116fbb,39525
    pantry-tree:
      size: 164
      sha256: 3f665a5e70fab961bf236e5c672f497901632785d403024d7bab1785444a0816
  original:
    hackage: ghcjs-dom-jsaddle-0.9.4.0@sha256:31ddfc5ebcbb4811b0c956fd5fcf106643012b46bb4e0bc2f15d09db1d116fbb,39525
- completed:
    hackage: jsaddle-dom-0.9.4.1@sha256:c769ab7d568c6fa9d0ecc9fa1c83091bfd3277c48e7f109a056cd088f399505f,75700
    pantry-tree:
      size: 48295
      sha256: 8216bbceb63aaed6184b28203347ddc697c6a492346d552d6f0937130bce8b1d
  original:
    hackage: jsaddle-dom-0.9.4.1@sha256:c769ab7d568c6fa9d0ecc9fa1c83091bfd3277c48e7f109a056cd088f399505f,75700
snapshots:
- completed:
    size: 532832
    url: https://raw.githubusercontent.com/commercialhaskell/stackage-snapshots/master/lts/16/23.yaml
    sha256: fbb2a0519008533924c7753bd7164ddd1009f09504eb06674acad6049b46db09
  original: lts-16.23
