{
  "name": "ts",
  "version": "1.0.0",
  "lockfileVersion": 1,
  "requires": true,
  "dependencies": {
    "@types/node": {
      "version": "17.0.31",
      "resolved": "https://registry.npmjs.org/@types/node/-/node-17.0.31.tgz",
      "integrity": "sha512-AR0x5HbXGqkEx9CadRH3EBYx/VkiUgZIhP4wvPn/+5KIsgpNoyFaRlVe0Zlx9gRtg8fA06a9tskE2MSN7TcG4Q==",
      "dev": true
    },
    "typescript": {
      "version": "4.8.0-dev.20220510",
      "resolved": "https://registry.npmjs.org/typescript/-/typescript-4.8.0-dev.20220510.tgz",
      "integrity": "sha512-tetO33Iv3/HIOjJl9IbNGsWcctyToiEjnqeU+ry/FVaFdxuY9LrX86WYeEsajD+eMA8UsEPFYk03LMsyvLheDA==",
      "dev": true
    }
  }
}
