{
  "name": "ts",
  "version": "1.0.0",
  "lockfileVersion": 2,
  "requires": true,
  "packages": {
    "": {
      "version": "1.0.0",
      "license": "ISC",
      "devDependencies": {
        "@types/node": "^14.0.9",
        "typescript": "^4.2.0-dev.20201129"
      }
    },
    "node_modules/@types/node": {
      "version": "14.14.10",
      "resolved": "https://registry.npmjs.org/@types/node/-/node-14.14.10.tgz",
      "integrity": "sha512-J32dgx2hw8vXrSbu4ZlVhn1Nm3GbeCFNw2FWL8S5QKucHGY0cyNwjdQdO+KMBZ4wpmC7KhLCiNsdk1RFRIYUQQ==",
      "dev": true
    },
    "node_modules/typescript": {
      "version": "4.2.0-dev.20201129",
      "resolved": "https://registry.npmjs.org/typescript/-/typescript-4.2.0-dev.20201129.tgz",
      "integrity": "sha512-m8mbGgTdDt7kHAu4FffcVUv7fDwu+EPK1gbhXNJ56HTOsM1V62dTiL9FK+EOb/Z49XW1q3H2GlT7btMLDZqBmg==",
      "dev": true,
      "bin": {
        "tsc": "bin/tsc",
        "tsserver": "bin/tsserver"
      },
      "engines": {
        "node": ">=4.2.0"
      }
    }
  },
  "dependencies": {
    "@types/node": {
      "version": "14.14.10",
      "resolved": "https://registry.npmjs.org/@types/node/-/node-14.14.10.tgz",
      "integrity": "sha512-J32dgx2hw8vXrSbu4ZlVhn1Nm3GbeCFNw2FWL8S5QKucHGY0cyNwjdQdO+KMBZ4wpmC7KhLCiNsdk1RFRIYUQQ==",
      "dev": true
    },
    "typescript": {
      "version": "4.2.0-dev.20201129",
      "resolved": "https://registry.npmjs.org/typescript/-/typescript-4.2.0-dev.20201129.tgz",
      "integrity": "sha512-m8mbGgTdDt7kHAu4FffcVUv7fDwu+EPK1gbhXNJ56HTOsM1V62dTiL9FK+EOb/Z49XW1q3H2GlT7btMLDZqBmg==",
      "dev": true
    }
  }
}
