{
  "name": "ts",
  "version": "1.0.0",
  "lockfileVersion": 2,
  "requires": true,
  "packages": {
    "": {
      "version": "1.0.0",
      "license": "ISC",
      "devDependencies": {
        "@types/node": "^14.0.9",
        "typescript": "^4.2.0-dev.20201209"
      }
    },
    "node_modules/@types/node": {
      "version": "14.14.11",
      "resolved": "https://registry.npmjs.org/@types/node/-/node-14.14.11.tgz",
      "integrity": "sha512-BJ97wAUuU3NUiUCp44xzUFquQEvnk1wu7q4CMEUYKJWjdkr0YWYDsm4RFtAvxYsNjLsKcrFt6RvK8r+mnzMbEQ==",
      "dev": true
    },
    "node_modules/typescript": {
      "version": "4.2.0-dev.20201209",
      "resolved": "https://registry.npmjs.org/typescript/-/typescript-4.2.0-dev.20201209.tgz",
      "integrity": "sha512-rXJtE/naraN9n3bPBDA5Sa/2nrx1di5se/kVkmAjhUSpBzGmx3zeNHZF59U8XhYQdQ1QsMiDDnjmtjFUGC9LEQ==",
      "dev": true,
      "bin": {
        "tsc": "bin/tsc",
        "tsserver": "bin/tsserver"
      },
      "engines": {
        "node": ">=4.2.0"
      }
    }
  },
  "dependencies": {
    "@types/node": {
      "version": "14.14.11",
      "resolved": "https://registry.npmjs.org/@types/node/-/node-14.14.11.tgz",
      "integrity": "sha512-BJ97wAUuU3NUiUCp44xzUFquQEvnk1wu7q4CMEUYKJWjdkr0YWYDsm4RFtAvxYsNjLsKcrFt6RvK8r+mnzMbEQ==",
      "dev": true
    },
    "typescript": {
      "version": "4.2.0-dev.20201209",
      "resolved": "https://registry.npmjs.org/typescript/-/typescript-4.2.0-dev.20201209.tgz",
      "integrity": "sha512-rXJtE/naraN9n3bPBDA5Sa/2nrx1di5se/kVkmAjhUSpBzGmx3zeNHZF59U8XhYQdQ1QsMiDDnjmtjFUGC9LEQ==",
      "dev": true
    }
  }
}
