# This file was autogenerated by Stack.
# You should not edit this file by hand.
# For more information, please see the documentation at:
#   https://docs.haskellstack.org/en/stable/lock_files

packages:
- completed:
    hackage: amazonka-core-1.6.1@sha256:ad6b06eb5b6847cbfbe4201e78b3fdb7818a42da061c5d0f8af4fdf2494e44b5,4957
    pantry-tree:
      size: 3438
      sha256: a1100a5e07e858cdf60ab52305568e26feef56d360777a6a0a79505b1ae0fb67
  original:
    hackage: amazonka-core-1.6.1@sha256:ad6b06eb5b6847cbfbe4201e78b3fdb7818a42da061c5d0f8af4fdf2494e44b5,4957
- completed:
    hackage: amazonka-kinesis-1.6.1@sha256:439479d6d7f4a731a2f1feeb3a4c653d266c11d655cd4085608e157eb524c51b,3998
    pantry-tree:
      size: 6151
      sha256: 093cc250ae84c361bbeb2c3b8974f811f5110b638f89b65c9d51a940e2363331
  original:
    hackage: amazonka-kinesis-1.6.1@sha256:439479d6d7f4a731a2f1feeb3a4c653d266c11d655cd4085608e157eb524c51b,3998
- completed:
    hackage: amazonka-s3-1.6.1@sha256:9d07240fca59ad5197fb614ce3051e701e4951e6d4625a2dab4a9c17a1900194,6317
    pantry-tree:
      size: 18385
      sha256: 5cab233d241615764d9fd6927bc397f02887154450a9932c38c2e17ea86d79bc
  original:
    hackage: amazonka-s3-1.6.1@sha256:9d07240fca59ad5197fb614ce3051e701e4951e6d4625a2dab4a9c17a1900194,6317
- completed:
    hackage: http-client-0.5.14@sha256:4880b27d6741e331454a1d4c887d96ce3d7d625322c8433983a4b1cd08538577,5348
    pantry-tree:
      size: 2457
      sha256: 02bcffba9cad572fefb4640f5fc9be68e770b32ab73efcac649db20290994c6d
  original:
    hackage: http-client-0.5.14@sha256:4880b27d6741e331454a1d4c887d96ce3d7d625322c8433983a4b1cd08538577,5348
- completed:
    hackage: serverless-haskell-0.9.3@sha256:a263c73883efc7a5df3120b6d0d34ce9f133d43e78a3cb2b166081deb904ffda,2528
    pantry-tree:
      size: 1614
      sha256: 8f8594a7e1dc77370aaa15aa4b1af5349d3c749a5cb3ba27e48e0d7040766a93
  original:
    hackage: serverless-haskell-0.9.3
- completed:
    hackage: fakedata-0.2.2@sha256:24595200d354d47fca9c92f0e7d350decc9a6e06baaf26b155ffb04c145b0c7e,17555
    pantry-tree:
      size: 35913
      sha256: 348cec651007590ea30340d0c3ffd1eaab2ba05b15dae6d17a066101577fff04
  original:
    hackage: fakedata-0.2.2
snapshots:
- completed:
    size: 524130
    url: https://raw.githubusercontent.com/commercialhaskell/stackage-snapshots/master/lts/14/10.yaml
    sha256: 04841e0397d7ce6364f19359fce89aa45ca8684609d665845db80d398002baa9
  original: lts-14.10
