{
  "name": "webgl",
  "version": "2.0.0",
  "lockfileVersion": 1,
  "requires": true,
  "dependencies": {
    "gl-matrix": {
      "version": "3.4.3",
      "resolved": "https://registry.npmjs.org/gl-matrix/-/gl-matrix-3.4.3.tgz",
      "integrity": "sha512-wcCp8vu8FT22BnvKVPjXa/ICBWRq/zjFfdofZy1WSpQZpphblv12/bOQLBC1rMM7SGOFS9ltVmKOHil5+Ml7gA=="
    },
    "snyk": {
      "version": "1.924.0",
      "resolved": "https://registry.npmjs.org/snyk/-/snyk-1.924.0.tgz",
      "integrity": "sha512-2LOx+raw2WkrXLlZeGKkNFgc57TzJ/NURr8ozo2DV5wFuln2+0gB3TN5R4WNWmPxBmDmNBTLxL9V/QF0IXtTKg==",
      "dev": true
    }
  }
}
