# This file was autogenerated by Stack.
# You should not edit this file by hand.
# For more information, please see the documentation at:
#   https://docs.haskellstack.org/en/stable/lock_files

packages:
- completed:
    hackage: brick-0.50@sha256:6e0d6e544673c452042040b49af9ca65407f7319d3285439c5d686a5bb7093ab,13903
    pantry-tree:
      size: 3752
      sha256: 8c01f51ff6f26faaec42f24f900e436e71d54e7a3b7fd03ef8fdb4f02bd51eb3
  original:
    hackage: brick-0.50
- completed:
    hackage: fakedata-0.3.1@sha256:4e10a0818c27a26f2934a770eaf73a1d60154772662d5acdeefdce0a2ecd0bfb,18150
    pantry-tree:
      size: 36093
      sha256: e65050b38c8ad6a56fe781d204a6ca85532011b041156756dca178e2e28612f7
  original:
    hackage: fakedata-0.3.1
- completed:
    hackage: uuid-1.3.13@sha256:380b45cfd1d2dfda0b52d414f0040cef3adfc02bf54bd9e61f2ef47755ce5adc,3137
    pantry-tree:
      size: 767
      sha256: 95b5b5506a78e68bf33586a925a6375274bd6d36cfca62e91e17221d8d851809
  original:
    hackage: uuid-1.3.13
snapshots:
- completed:
    size: 492015
    url: https://raw.githubusercontent.com/commercialhaskell/stackage-snapshots/master/lts/15/8.yaml
    sha256: 926bc3d70249dd0ba05277ff00943c0addb35b627cb641752669e7cf771310d0
  original: lts-15.9
