# This file was autogenerated by Stack.
# You should not edit this file by hand.
# For more information, please see the documentation at:
#   https://docs.haskellstack.org/en/stable/lock_files

packages: []
snapshots:
- completed:
    size: 544004
    url: https://raw.githubusercontent.com/commercialhaskell/stackage-snapshots/master/nightly/2020/11/3.yaml
    sha256: f6988e9a2c92219dc8ff0ebd2d420ede3425fa08cb6613ba47f1bc97c9925aa8
  original: nightly-2020-11-03
