# This file was autogenerated by Stack.
# You should not edit this file by hand.
# For more information, please see the documentation at:
#   https://docs.haskellstack.org/en/stable/lock_files

packages:
- completed:
    hackage: IfElse-0.85@sha256:6939b94acc6a55f545f63a168a349dd2fbe4b9a7cca73bf60282db5cc6aa47d2,445
    pantry-tree:
      size: 213
      sha256: 4efed7ab11ec6d794c7e56eb76216363c51c4c084d9a616917fc025a1151cd65
  original:
    hackage: IfElse-0.85@sha256:6939b94acc6a55f545f63a168a349dd2fbe4b9a7cca73bf60282db5cc6aa47d2,445
- completed:
    hackage: HaskellNet-0.5.1@sha256:53f2cfffb140740691296f905a70143c859b571eea3f5cf5f7a4642851d9e38a,1584
    pantry-tree:
      size: 1437
      sha256: e0806ea13b946dfc785bf9580e126cfcb8d3c6f21e1fbe313374745c3a8a8b99
  original:
    hackage: HaskellNet-0.5.1
- completed:
    hackage: mime-mail-0.4.14@sha256:22e54d99c3f9f21004c929f0cf0c7ab75fcee5e0666c03517157be61be6fea93,1647
    pantry-tree:
      size: 439
      sha256: 85b015dbc632b2796dfc1b6b750f4a7906c62c4067af0f27460fbf38c712b6e4
  original:
    hackage: mime-mail-0.4.14@sha256:22e54d99c3f9f21004c929f0cf0c7ab75fcee5e0666c03517157be61be6fea93,1647
- completed:
    hackage: mongoDB-2.5.0.0@sha256:fa2e3ad7a79f0e5472fda78dad040062cb2c73687d329161d5900ec30ef666d1,5008
    pantry-tree:
      size: 1186
      sha256: 807e4b23607d1a21dde32b8b2f98ce0f0bbc168c8514b627ee166b37a3b7b1e2
  original:
    hackage: mongoDB-2.5.0.0
- completed:
    hackage: propellor-5.9.1@sha256:a379cde809635c2216240ff3a2d41a6d5fbf811b1607bc630918b69c8a06bd7c,7271
    pantry-tree:
      size: 14035
      sha256: 19b8c2822d828460043acaa0d35d36bd9920d6ece9ed31e7af232453c2324d41
  original:
    hackage: propellor-5.9.1
snapshots:
- completed:
    size: 524130
    url: https://raw.githubusercontent.com/commercialhaskell/stackage-snapshots/master/lts/14/10.yaml
    sha256: 04841e0397d7ce6364f19359fce89aa45ca8684609d665845db80d398002baa9
  original: lts-14.10
