{
  "name": "fuse",
  "version": "1.0.0",
  "lockfileVersion": 2,
  "requires": true,
  "packages": {
    "": {
      "version": "1.0.0",
      "license": "ISC",
      "dependencies": {
        "fuse-bindings": "^2.11.2"
      }
    },
    "node_modules/fuse-bindings": {
      "version": "2.11.2",
      "hasInstallScript": true,
      "license": "MIT",
      "dependencies": {
        "nan": "^2.3.5",
        "node-gyp-build": "^3.2.2",
        "xtend": "^4.0.1"
      }
    },
    "node_modules/nan": {
      "version": "2.14.2",
      "license": "MIT"
    },
    "node_modules/node-gyp-build": {
      "version": "3.9.0",
      "license": "MIT",
      "bin": {
        "node-gyp-build": "bin.js",
        "node-gyp-build-optional": "optional.js",
        "node-gyp-build-test": "build-test.js"
      }
    },
    "node_modules/xtend": {
      "version": "4.0.2",
      "license": "MIT",
      "engines": {
        "node": ">=0.4"
      }
    }
  },
  "dependencies": {
    "fuse-bindings": {
      "version": "2.11.2",
      "requires": {
        "nan": "^2.3.5",
        "node-gyp-build": "^3.2.2",
        "xtend": "^4.0.1"
      }
    },
    "nan": {
      "version": "2.14.2"
    },
    "node-gyp-build": {
      "version": "3.9.0"
    },
    "xtend": {
      "version": "4.0.2"
    }
  }
}
