# This file was autogenerated by Stack.
# You should not edit this file by hand.
# For more information, please see the documentation at:
#   https://docs.haskellstack.org/en/stable/lock_files

packages:
- completed:
    hackage: ghcjs-dom-0.9.4.0@sha256:c2b3d25145e24b66a8a5078c0d750305b577aeff05957cf282d74f6e8d2424dd,32082
    pantry-tree:
      size: 357
      sha256: de76dd6924d6ad9124e836a0fa66a0338f585acbcbfbffd90e8357d1b6b8fbb4
  original:
    hackage: ghcjs-dom-0.9.4.0
- completed:
    hackage: ghcjs-dom-jsaddle-0.9.4.0@sha256:31ddfc5ebcbb4811b0c956fd5fcf106643012b46bb4e0bc2f15d09db1d116fbb,39525
    pantry-tree:
      size: 164
      sha256: 3f665a5e70fab961bf236e5c672f497901632785d403024d7bab1785444a0816
  original:
    hackage: ghcjs-dom-jsaddle-0.9.4.0
- completed:
    hackage: jsaddle-0.9.6.0@sha256:03b3792794759587c69dd93c79a3f743e0b4032a3617c38f7841f8e16327e013,4379
    pantry-tree:
      size: 4329
      sha256: 85e8e47983eaf44959614ff6642f009709388590bf39c61090daf6497ed63c5f
  original:
    hackage: jsaddle-0.9.6.0
- completed:
    hackage: jsaddle-dom-0.9.3.2@sha256:54d4666c8983d227b2b560714c54a9486629201c49de178bbf563c6db3aa8160,75673
    pantry-tree:
      size: 48227
      sha256: 49d82904ca995ef048dbde99eddb827c5c40eaf3618815040af15f5ffba58063
  original:
    hackage: jsaddle-dom-0.9.3.2
- completed:
    hackage: jsaddle-warp-0.9.6.0@sha256:d84550439a50ab058f049beb0dac567a86eb4b09552ec242f1c57b3a16ab68bc,2710
    pantry-tree:
      size: 475
      sha256: 6ed1686e8dc644064c1668bbbeaea97b974499b172eb77e670c6389b78a40fda
  original:
    hackage: jsaddle-warp-0.9.6.0
- completed:
    hackage: ref-tf-0.4.0.1@sha256:369e5c6237e4b6fe330fde021b94a9f98971690cbec5b910faa9af3cbcb15610,1133
    pantry-tree:
      size: 211
      sha256: 81ecae4728867eaa8aff5bfcd26f05942ff8c5c3e6568a1e042db444063ea5e7
  original:
    hackage: ref-tf-0.4.0.1@sha256:369e5c6237e4b6fe330fde021b94a9f98971690cbec5b910faa9af3cbcb15610,1133
snapshots:
- completed:
    size: 524104
    url: https://raw.githubusercontent.com/commercialhaskell/stackage-snapshots/master/lts/14/5.yaml
    sha256: 3c146eebc1b383211ea49d5422fb3d63d699da12307b4bc989107300eb579d60
  original: lts-14.5
