# This file was autogenerated by Stack.
# You should not edit this file by hand.
# For more information, please see the documentation at:
#   https://docs.haskellstack.org/en/stable/lock_files

packages:
- completed:
    name: humblr
    version: 0.3.0.0
    git: https://github.com/danwdart/humblr.git
    pantry-tree:
      size: 685
      sha256: 41ea205f233d6ac4227561f1fcf56853daff05213322a818cdfe97ba5827bf51
    commit: c3fbbec08fdb66804258c95e06b33c9d3373d318
  original:
    git: https://github.com/danwdart/humblr.git
    commit: c3fbbec08fdb66804258c95e06b33c9d3373d318
- completed:
    hackage: attoparsec-conduit-1.1.0@sha256:00aeee08f025b5386b994a0d6409ca578b0227a0d8445955847c186c31c63caa,692
    pantry-tree:
      size: 163
      sha256: d9d0e8c6bd59235fc7f0dd4afbb34de93d0e7f421635326fdf04b64fd43cdfb3
  original:
    hackage: attoparsec-conduit-1.1.0@sha256:00aeee08f025b5386b994a0d6409ca578b0227a0d8445955847c186c31c63caa,692
snapshots:
- completed:
    size: 556768
    url: https://raw.githubusercontent.com/commercialhaskell/stackage-snapshots/master/nightly/2020/12/9.yaml
    sha256: bca31ebf05f842be9dd24410eca84f296da1860369a82eb7466f447a76cca762
  original: nightly-2020-12-09
