
Microsoft Visual Studio Solution File, Format Version 11.00
# Visual Studio 2010
Project("{FAE04EC0-301F-11D3-BF4B-00C04F79EFBC}") = "bobb2", "bobb2.csproj", "{905AA81D-FC0A-4421-BA6A-09EB74C4F9A1}"
EndProject
Global
	GlobalSection(SolutionConfigurationPlatforms) = preSolution
		Debug|x86 = Debug|x86
		Release|x86 = Release|x86
	EndGlobalSection
	GlobalSection(ProjectConfigurationPlatforms) = postSolution
		{905AA81D-FC0A-4421-BA6A-09EB74C4F9A1}.Debug|x86.ActiveCfg = Debug|x86
		{905AA81D-FC0A-4421-BA6A-09EB74C4F9A1}.Debug|x86.Build.0 = Debug|x86
		{905AA81D-FC0A-4421-BA6A-09EB74C4F9A1}.Release|x86.ActiveCfg = Release|x86
		{905AA81D-FC0A-4421-BA6A-09EB74C4F9A1}.Release|x86.Build.0 = Release|x86
	EndGlobalSection
	GlobalSection(MonoDevelopProperties) = preSolution
		StartupItem = bobb2.csproj
	EndGlobalSection
EndGlobal
