# This file was autogenerated by Stack.
# You should not edit this file by hand.
# For more information, please see the documentation at:
#   https://docs.haskellstack.org/en/stable/lock_files

packages:
- completed:
    hackage: HGamer3D-0.9.5@sha256:b6aa5740fe4cc743e19d729a2cd0ed47dc04040977ae17a7d00f5e2c4bf1e1b3,2128
    pantry-tree:
      size: 3438
      sha256: 218e46baf1199f7c4874545ca6ccf12982df9b3196b65059dd7ac2edbd0c82db
  original:
    hackage: HGamer3D-0.9.5@sha256:b6aa5740fe4cc743e19d729a2cd0ed47dc04040977ae17a7d00f5e2c4bf1e1b3,2128
- completed:
    hackage: binary-serialise-cbor-0.2.1.0@sha256:737f4c1d72258a0ed6c72f24e052e1ce13068c0e40112b3812c477ed68bfa85b,1939
    pantry-tree:
      size: 248
      sha256: 1a73323184971952c489c706f1de59ab4cd327d770d704e84558186fbdc8dc67
  original:
    hackage: binary-serialise-cbor-0.2.1.0@sha256:737f4c1d72258a0ed6c72f24e052e1ce13068c0e40112b3812c477ed68bfa85b,1939
- completed:
    hackage: fresco-binding-0.3.0@sha256:d57fc3af9b088a97f3ebdd1ba915f8d189eec260fb4bb95f16ae5f87ebdc2e92,1301
    pantry-tree:
      size: 380
      sha256: e366d437bcb32b95ebf433185ca61ff953a2f49be0d819c3aeb0ebfcaf5e0e9a
  original:
    hackage: fresco-binding-0.3.0@sha256:d57fc3af9b088a97f3ebdd1ba915f8d189eec260fb4bb95f16ae5f87ebdc2e92,1301
- completed:
    hackage: vect-0.4.7@sha256:218bb44622096d1e72772507fac4e073887fa6483f7b64d068d14ed2300ca377,3208
    pantry-tree:
      size: 2206
      sha256: 7b35a2433d7b8d88fa56c58fee97f0820f2f2526b7156194612c5566b7528713
  original:
    hackage: vect-0.4.7@sha256:218bb44622096d1e72772507fac4e073887fa6483f7b64d068d14ed2300ca377,3208
- completed:
    hackage: cborg-0.2.4.0@sha256:1b26fd86a105be37e915527d12d756fd00a0b35383474b1426484304eca9c178,4805
    pantry-tree:
      size: 2560
      sha256: 33df171e888feb12caaba268201ecb1ccdb991fd5c287d40738327690fa8d255
  original:
    hackage: cborg-0.2.4.0@sha256:1b26fd86a105be37e915527d12d756fd00a0b35383474b1426484304eca9c178,4805
- completed:
    hackage: serialise-0.2.3.0@sha256:39cc16a27b77be1eb6a8fc69da940430cf5ecbef88e32ce4b499e150e384e6dd,8670
    pantry-tree:
      size: 4056
      sha256: e4dd59e6c2f1dd5a90e39124ea6ab084074208ebd64bdf57e1523789d2a6aaa6
  original:
    hackage: serialise-0.2.3.0@sha256:39cc16a27b77be1eb6a8fc69da940430cf5ecbef88e32ce4b499e150e384e6dd,8670
snapshots:
- completed:
    size: 537868
    url: https://raw.githubusercontent.com/commercialhaskell/stackage-snapshots/master/lts/9/21.yaml
    sha256: 0a3be91c2bce851de4755003cfb1d85d62b6f90276231fcc305729c0c5c864a9
  original: lts-9.21
