# This file was autogenerated by Stack.
# You should not edit this file by hand.
# For more information, please see the documentation at:
#   https://docs.haskellstack.org/en/stable/lock_files

packages: []
snapshots:
- completed:
    size: 554409
    url: https://raw.githubusercontent.com/commercialhaskell/stackage-snapshots/master/nightly/2020/11/28.yaml
    sha256: c41a5ef1c4fc0d5d55cf84e3ffa4481c3594226d1a404ffe090478d15069d35b
  original: nightly-2020-11-28
