# This file was autogenerated by Stack.
# You should not edit this file by hand.
# For more information, please see the documentation at:
#   https://docs.haskellstack.org/en/stable/lock_files

packages: []
snapshots:
- completed:
    size: 550745
    url: https://raw.githubusercontent.com/commercialhaskell/stackage-snapshots/master/nightly/2020/11/16.yaml
    sha256: 370bbd9ffbb3328a696a3dd95d53b8f801535c89e74db18ae3c3e103395bedf5
  original: nightly-2020-11-16
