# This file was autogenerated by Stack.
# You should not edit this file by hand.
# For more information, please see the documentation at:
#   https://docs.haskellstack.org/en/stable/lock_files

packages:
- completed:
    hackage: indexed-profunctors-0.1@sha256:ddf618d0d4c58319c1e735e746bc69a1021f13b6f475dc9614b80af03432e6d4,1016
    pantry-tree:
      size: 235
      sha256: cfd66c0a53be1b45eae72df112ea1158614458bb7b1c9cbbe3410b04ab011ec6
  original:
    hackage: indexed-profunctors-0.1@sha256:ddf618d0d4c58319c1e735e746bc69a1021f13b6f475dc9614b80af03432e6d4,1016
- completed:
    hackage: constraints-extras-0.3.0.2@sha256:bf6884be65958e9188ae3c9e5547abfd6d201df021bff8a4704c2c4fe1e1ae5b,1784
    pantry-tree:
      size: 594
      sha256: b0bcc96d375ee11b1972a2e9e8e42039b3f420b0e1c46e9c70652470445a6505
  original:
    hackage: constraints-extras-0.3.0.2@sha256:bf6884be65958e9188ae3c9e5547abfd6d201df021bff8a4704c2c4fe1e1ae5b,1784
- completed:
    hackage: optics-core-0.3@sha256:0464583aaef715f8e48b8c9ce3fab9866345de93e740dae32d5c5e9a57097bf7,4532
    pantry-tree:
      size: 5030
      sha256: d87366c3a2d4099a7a1d54df029a38e24b591ba8fb88d56fabf0c5c4bc345a51
  original:
    hackage: optics-core-0.3@sha256:0464583aaef715f8e48b8c9ce3fab9866345de93e740dae32d5c5e9a57097bf7,4532
- completed:
    hackage: optics-extra-0.3@sha256:b1b9917596a4305069aa95eaf3083afe88c6db3c84ed6f52e926c82d0c56eea9,3382
    pantry-tree:
      size: 1809
      sha256: 1f5bed915d1696d2f217e494f9e2d70929f33d6a9647996c3fa6c36f4f189c9d
  original:
    hackage: optics-extra-0.3@sha256:b1b9917596a4305069aa95eaf3083afe88c6db3c84ed6f52e926c82d0c56eea9,3382
- completed:
    hackage: optics-th-0.3@sha256:b4746b3d142feb2dc9dfcf76b49a11fd04321aa0ee9c1bcd297c5e8dc393803c,1965
    pantry-tree:
      size: 653
      sha256: 24e990405793450726f6364034614c715537b0ed3f21fafc9ce0267979feb01b
  original:
    hackage: optics-th-0.3@sha256:b4746b3d142feb2dc9dfcf76b49a11fd04321aa0ee9c1bcd297c5e8dc393803c,1965
- completed:
    hackage: patch-0.0.3.1@sha256:f14acf2eea8c83be57398106cec549c476577a947a7f856e6aa71dc561d58ca9,2308
    pantry-tree:
      size: 977
      sha256: d959d6d59fa8b46876c0eaa4f2736017b3e2d4dbbc5ee6a6bdd7635c7d4c1510
  original:
    hackage: patch-0.0.3.1@sha256:f14acf2eea8c83be57398106cec549c476577a947a7f856e6aa71dc561d58ca9,2308
- completed:
    hackage: ref-tf-0.4.0.2@sha256:69de3550250e0cd69f45d080359cb314a9487c915024349c75b78732bbee9332,1134
    pantry-tree:
      size: 211
      sha256: fc5a4a35b4c782a33f452c1dc66ffa8ddbf321e2db369bd8823c796f0d4d8c7f
  original:
    hackage: ref-tf-0.4.0.2@sha256:69de3550250e0cd69f45d080359cb314a9487c915024349c75b78732bbee9332,1134
- completed:
    hackage: witherable-0.3.1@sha256:ed3d5bc9eb1c08fa9704d9e143cdf622e1bd80b847cd5ede8c07da7bc7981ab9,1313
    pantry-tree:
      size: 271
      sha256: 7077f6c0e9e973af2c7f4429bcc3af6d345c19554c1335733faccec35d4c1708
  original:
    hackage: witherable-0.3.1@sha256:ed3d5bc9eb1c08fa9704d9e143cdf622e1bd80b847cd5ede8c07da7bc7981ab9,1313
- completed:
    hackage: HDBC-postgresql-2.3.2.7@sha256:93d8e3c3d2dc9291a10f28ae3f8d0604a55ef47298ed43003a4d16f3d9905bae,3228
    pantry-tree:
      size: 1740
      sha256: 07bfba988402849f447025b324f2993ea88ac0ec4f7dd4b86942644e2e239d45
  original:
    hackage: HDBC-postgresql-2.3.2.7@sha256:93d8e3c3d2dc9291a10f28ae3f8d0604a55ef47298ed43003a4d16f3d9905bae,3228
- completed:
    hackage: HDBC-sqlite3-2.3.3.1@sha256:5025fd94d02b9b3f0b8b8233796dd9a85a0b3dda6503c6e671e3eddbc51cb4d4,2424
    pantry-tree:
      size: 1427
      sha256: 76e71f73502350ed3fe5fc64604a21a3c8027d49fe6846183d53dbdaf583437a
  original:
    hackage: HDBC-sqlite3-2.3.3.1@sha256:5025fd94d02b9b3f0b8b8233796dd9a85a0b3dda6503c6e671e3eddbc51cb4d4,2424
- completed:
    hackage: avahi-0.2.0@sha256:eb725536d8427548685b531d4bf8271a3104da06f611ed38165a0e08e21c54eb,1799
    pantry-tree:
      size: 447
      sha256: 13863fdea02723187974eae872a855369db6fe6ee961e0dcbc13d22581b7c867
  original:
    hackage: avahi-0.2.0@sha256:eb725536d8427548685b531d4bf8271a3104da06f611ed38165a0e08e21c54eb,1799
- completed:
    hackage: gogol-0.5.0@sha256:01b38acf97ae0afb2465935fee1bebce03c1b84e629cf0887467be7ae361f0a7,3222
    pantry-tree:
      size: 1243
      sha256: ab472e169f12b97837cdfca2262b2d6fb569ae17876cbc10e97186944a401866
  original:
    hackage: gogol-0.5.0@sha256:01b38acf97ae0afb2465935fee1bebce03c1b84e629cf0887467be7ae361f0a7,3222
- completed:
    hackage: gogol-core-0.5.0@sha256:c0a919cd89a33de7fd6ee925abdb48b0eb5d1002a016124acbdff568f267e4c7,2821
    pantry-tree:
      size: 686
      sha256: f3c803da46a2df6987b72098b3e7c6c2c0aeb141335d2a0d5630b210401bc2c8
  original:
    hackage: gogol-core-0.5.0@sha256:c0a919cd89a33de7fd6ee925abdb48b0eb5d1002a016124acbdff568f267e4c7,2821
- completed:
    hackage: gogol-translate-0.5.0@sha256:b07968efdff5dcbeb3526cbf382cc8632fa7d863ff2d23f23564353a5362624b,1795
    pantry-tree:
      size: 1067
      sha256: f7f0b4ce5cec274ef30c0116da425d791718751278b657d309a45a056773c3b0
  original:
    hackage: gogol-translate-0.5.0@sha256:b07968efdff5dcbeb3526cbf382cc8632fa7d863ff2d23f23564353a5362624b,1795
- completed:
    hackage: hsx2hs-0.14.1.6@sha256:0681c3cc1d681b45e11e8b53119942bb8e9d65477d2e44f45d3f78baba322286,3579
    pantry-tree:
      size: 406
      sha256: f964bb73bf32448a43bbe58dbe217af2e2479f7c9e68f7235be0fc852a92cb4b
  original:
    hackage: hsx2hs-0.14.1.6@sha256:0681c3cc1d681b45e11e8b53119942bb8e9d65477d2e44f45d3f78baba322286,3579
- completed:
    hackage: hxt-xpath-9.1.2.2@sha256:9cd590ae93a04573db8f90fa4094625ebd97dded45da7667c577ce6b38a42900,1999
    pantry-tree:
      size: 2225
      sha256: aee2f75974e868ff429b8ff349a29667536c60397098f5dfedc968d1951511bb
  original:
    hackage: hxt-xpath-9.1.2.2@sha256:9cd590ae93a04573db8f90fa4094625ebd97dded45da7667c577ce6b38a42900,1999
- completed:
    hackage: optics-0.3@sha256:5f62fca47b01ce065bb999724b8cdd45e747537892ee00faeac4b4b20d821aee,6494
    pantry-tree:
      size: 1077
      sha256: 20d41262ffcb59bf63801c9529d639b9a1037be7cc0a812e2379007f151ff463
  original:
    hackage: optics-0.3@sha256:5f62fca47b01ce065bb999724b8cdd45e747537892ee00faeac4b4b20d821aee,6494
- completed:
    hackage: reflex-0.7.0.0@sha256:b7c00263a97925045d9c05c47979b46850935f7ba01b775d728cf357b373e611,11192
    pantry-tree:
      size: 4463
      sha256: 03e0d44b78c799daee330fbbcc6a0d89c4166619070cc3f524122c81b31ac157
  original:
    hackage: reflex-0.7.0.0@sha256:b7c00263a97925045d9c05c47979b46850935f7ba01b775d728cf357b373e611,11192
- completed:
    hackage: serial-0.2.7@sha256:7138d32ad74d4d360023455edd3b5bc112b6462eddb73bf2e57f888a0301f065,717
    pantry-tree:
      size: 390
      sha256: 7bbefd6907aaf086d043a422f06dea4a6813e6d920e289e01686e2adcb1a805c
  original:
    hackage: serial-0.2.7@sha256:7138d32ad74d4d360023455edd3b5bc112b6462eddb73bf2e57f888a0301f065,717
- completed:
    name: shell-conduit
    version: 4.7.0
    git: git@github.com:danwdart/shell-conduit.git
    pantry-tree:
      size: 1348
      sha256: 8871480b23568ba993ee3561f5bf665a74b64130678bcfc5c52a7ac63a2fe375
    commit: 536d3ac5d1fc660d80d0e5b3556375ee7e1f0abf
  original:
    git: git@github.com:danwdart/shell-conduit.git
    commit: 536d3ac5d1fc660d80d0e5b3556375ee7e1f0abf
snapshots:
- completed:
    size: 524996
    url: https://raw.githubusercontent.com/commercialhaskell/stackage-snapshots/master/lts/14/27.yaml
    sha256: 7ea31a280c56bf36ff591a7397cc384d0dff622e7f9e4225b47d8980f019a0f0
  original: lts-14.27
