# This file was autogenerated by Stack.
# You should not edit this file by hand.
# For more information, please see the documentation at:
#   https://docs.haskellstack.org/en/stable/lock_files

packages:
- completed:
    hackage: Cabal-2.4.1.0@sha256:8aef21305c2324214944983e9dd118e65063b2e04f8c597db875298f602f6f12,21831
    pantry-tree:
      size: 31482
      sha256: 0d79ac300c7ac910d6a813b4de687498e51b6068e4f97503b8772dc9e9f0d36c
  original:
    hackage: Cabal-2.4.1.0
- completed:
    hackage: directory-1.3.6.1@sha256:3dc9c69c8e09ec95a7a45c6d06abe0f0d2f604439c37e5f88e5a6c335b088d71,2810
    pantry-tree:
      size: 3433
      sha256: 9247d0e7cfbf9946b922d23bd56a6b765cdb91f71d72f8ae6ed22c94dbd9f1db
  original:
    hackage: directory-1.3.6.1@sha256:3dc9c69c8e09ec95a7a45c6d06abe0f0d2f604439c37e5f88e5a6c335b088d71,2810
- completed:
    hackage: HDBC-2.4.0.3@sha256:99d3de808f53271afb0a8c31adfc99c7ef94f28355aba58bb0c9dffd4376296f,2998
    pantry-tree:
      size: 1004
      sha256: 4a151afa92d9d77a85b5d05583b93744bbec353b995a07daf4a4739211ced292
  original:
    hackage: HDBC-2.4.0.3@sha256:99d3de808f53271afb0a8c31adfc99c7ef94f28355aba58bb0c9dffd4376296f,2998
- completed:
    hackage: HDBC-mysql-0.7.1.0@sha256:0a10703f7fd1bd19c8061ebd6dd318acbc107d55502936ba21c1ca705ca1d790,1454
    pantry-tree:
      size: 463
      sha256: 88c0deba27d970b269b603c24edb10c53966683ff914cce39d30bc77c09cc8c1
  original:
    hackage: HDBC-mysql-0.7.1.0@sha256:0a10703f7fd1bd19c8061ebd6dd318acbc107d55502936ba21c1ca705ca1d790,1454
- completed:
    hackage: HDBC-postgresql-2.3.2.7@sha256:93d8e3c3d2dc9291a10f28ae3f8d0604a55ef47298ed43003a4d16f3d9905bae,3228
    pantry-tree:
      size: 1740
      sha256: 07bfba988402849f447025b324f2993ea88ac0ec4f7dd4b86942644e2e239d45
  original:
    hackage: HDBC-postgresql-2.3.2.7@sha256:93d8e3c3d2dc9291a10f28ae3f8d0604a55ef47298ed43003a4d16f3d9905bae,3228
- completed:
    hackage: HDBC-sqlite3-2.3.3.1@sha256:5025fd94d02b9b3f0b8b8233796dd9a85a0b3dda6503c6e671e3eddbc51cb4d4,2424
    pantry-tree:
      size: 1427
      sha256: 76e71f73502350ed3fe5fc64604a21a3c8027d49fe6846183d53dbdaf583437a
  original:
    hackage: HDBC-sqlite3-2.3.3.1@sha256:5025fd94d02b9b3f0b8b8233796dd9a85a0b3dda6503c6e671e3eddbc51cb4d4,2424
- completed:
    hackage: avahi-0.2.0@sha256:eb725536d8427548685b531d4bf8271a3104da06f611ed38165a0e08e21c54eb,1799
    pantry-tree:
      size: 447
      sha256: 13863fdea02723187974eae872a855369db6fe6ee961e0dcbc13d22581b7c867
  original:
    hackage: avahi-0.2.0@sha256:eb725536d8427548685b531d4bf8271a3104da06f611ed38165a0e08e21c54eb,1799
- completed:
    hackage: gogol-0.5.0@sha256:01b38acf97ae0afb2465935fee1bebce03c1b84e629cf0887467be7ae361f0a7,3222
    pantry-tree:
      size: 1243
      sha256: ab472e169f12b97837cdfca2262b2d6fb569ae17876cbc10e97186944a401866
  original:
    hackage: gogol-0.5.0@sha256:01b38acf97ae0afb2465935fee1bebce03c1b84e629cf0887467be7ae361f0a7,3222
- completed:
    hackage: gogol-core-0.5.0@sha256:c0a919cd89a33de7fd6ee925abdb48b0eb5d1002a016124acbdff568f267e4c7,2821
    pantry-tree:
      size: 686
      sha256: f3c803da46a2df6987b72098b3e7c6c2c0aeb141335d2a0d5630b210401bc2c8
  original:
    hackage: gogol-core-0.5.0@sha256:c0a919cd89a33de7fd6ee925abdb48b0eb5d1002a016124acbdff568f267e4c7,2821
- completed:
    hackage: gogol-translate-0.5.0@sha256:b07968efdff5dcbeb3526cbf382cc8632fa7d863ff2d23f23564353a5362624b,1795
    pantry-tree:
      size: 1067
      sha256: f7f0b4ce5cec274ef30c0116da425d791718751278b657d309a45a056773c3b0
  original:
    hackage: gogol-translate-0.5.0@sha256:b07968efdff5dcbeb3526cbf382cc8632fa7d863ff2d23f23564353a5362624b,1795
- completed:
    hackage: hashable-1.2.7.0@sha256:03b6836ca9cd3ad0e5a2f3cce989b001dd0e05f306a873db3196037adb30e0a4,5215
    pantry-tree:
      size: 1514
      sha256: 901c4f10bcf6bda842b849950a2767c918f4ed59fa8885f7c945dd6c7e763332
  original:
    hackage: hashable-1.2.7.0@sha256:03b6836ca9cd3ad0e5a2f3cce989b001dd0e05f306a873db3196037adb30e0a4,5215
- completed:
    hackage: haxl-2.1.2.0@sha256:1cee655c380dd0373932c666808edc9a9a2d4d8c4e03caeb4da49fbd135b24d9,4040
    pantry-tree:
      size: 2888
      sha256: 90522851e0cd5bb9cb78e83adc4ee9fba86879c91ccdc514bedcc6ddfc140889
  original:
    hackage: haxl-2.1.2.0@sha256:1cee655c380dd0373932c666808edc9a9a2d4d8c4e03caeb4da49fbd135b24d9,4040
- completed:
    hackage: hsx2hs-0.14.1.6@sha256:0681c3cc1d681b45e11e8b53119942bb8e9d65477d2e44f45d3f78baba322286,3579
    pantry-tree:
      size: 406
      sha256: f964bb73bf32448a43bbe58dbe217af2e2479f7c9e68f7235be0fc852a92cb4b
  original:
    hackage: hsx2hs-0.14.1.6@sha256:0681c3cc1d681b45e11e8b53119942bb8e9d65477d2e44f45d3f78baba322286,3579
- completed:
    hackage: hxt-xpath-9.1.2.2@sha256:9cd590ae93a04573db8f90fa4094625ebd97dded45da7667c577ce6b38a42900,1999
    pantry-tree:
      size: 2225
      sha256: aee2f75974e868ff429b8ff349a29667536c60397098f5dfedc968d1951511bb
  original:
    hackage: hxt-xpath-9.1.2.2@sha256:9cd590ae93a04573db8f90fa4094625ebd97dded45da7667c577ce6b38a42900,1999
- completed:
    hackage: indexed-profunctors-0.1@sha256:ddf618d0d4c58319c1e735e746bc69a1021f13b6f475dc9614b80af03432e6d4,1016
    pantry-tree:
      size: 235
      sha256: cfd66c0a53be1b45eae72df112ea1158614458bb7b1c9cbbe3410b04ab011ec6
  original:
    hackage: indexed-profunctors-0.1@sha256:ddf618d0d4c58319c1e735e746bc69a1021f13b6f475dc9614b80af03432e6d4,1016
- completed:
    hackage: optics-0.3@sha256:5f62fca47b01ce065bb999724b8cdd45e747537892ee00faeac4b4b20d821aee,6494
    pantry-tree:
      size: 1077
      sha256: 20d41262ffcb59bf63801c9529d639b9a1037be7cc0a812e2379007f151ff463
  original:
    hackage: optics-0.3@sha256:5f62fca47b01ce065bb999724b8cdd45e747537892ee00faeac4b4b20d821aee,6494
- completed:
    hackage: optics-core-0.3@sha256:0464583aaef715f8e48b8c9ce3fab9866345de93e740dae32d5c5e9a57097bf7,4532
    pantry-tree:
      size: 5030
      sha256: d87366c3a2d4099a7a1d54df029a38e24b591ba8fb88d56fabf0c5c4bc345a51
  original:
    hackage: optics-core-0.3@sha256:0464583aaef715f8e48b8c9ce3fab9866345de93e740dae32d5c5e9a57097bf7,4532
- completed:
    hackage: optics-extra-0.3@sha256:b1b9917596a4305069aa95eaf3083afe88c6db3c84ed6f52e926c82d0c56eea9,3382
    pantry-tree:
      size: 1809
      sha256: 1f5bed915d1696d2f217e494f9e2d70929f33d6a9647996c3fa6c36f4f189c9d
  original:
    hackage: optics-extra-0.3@sha256:b1b9917596a4305069aa95eaf3083afe88c6db3c84ed6f52e926c82d0c56eea9,3382
- completed:
    hackage: optics-th-0.3@sha256:b4746b3d142feb2dc9dfcf76b49a11fd04321aa0ee9c1bcd297c5e8dc393803c,1965
    pantry-tree:
      size: 653
      sha256: 24e990405793450726f6364034614c715537b0ed3f21fafc9ce0267979feb01b
  original:
    hackage: optics-th-0.3@sha256:b4746b3d142feb2dc9dfcf76b49a11fd04321aa0ee9c1bcd297c5e8dc393803c,1965
- completed:
    hackage: process-1.6.8.2@sha256:c2c95560dab7cea7f77b190166c3916945155f0daf5928b28c20a0ac34d4ea2a,2468
    pantry-tree:
      size: 1211
      sha256: 2481cbecea22846b5dc4de765efe4adc9cb5ead9e9933ebd9d8ab12ef68aa8c7
  original:
    hackage: process-1.6.8.2@sha256:c2c95560dab7cea7f77b190166c3916945155f0daf5928b28c20a0ac34d4ea2a,2468
- completed:
    hackage: serial-0.2.7@sha256:7138d32ad74d4d360023455edd3b5bc112b6462eddb73bf2e57f888a0301f065,717
    pantry-tree:
      size: 390
      sha256: 7bbefd6907aaf086d043a422f06dea4a6813e6d920e289e01686e2adcb1a805c
  original:
    hackage: serial-0.2.7@sha256:7138d32ad74d4d360023455edd3b5bc112b6462eddb73bf2e57f888a0301f065,717
- completed:
    cabal-file:
      size: 2129
      sha256: b78969dc4214db493a6c589f71069c46a9282b13105efe022d3313ce8f7efccf
    name: shell-conduit
    version: 4.7.0
    git: git@github.com:danwdart/shell-conduit.git
    pantry-tree:
      size: 1348
      sha256: 8871480b23568ba993ee3561f5bf665a74b64130678bcfc5c52a7ac63a2fe375
    commit: 536d3ac5d1fc660d80d0e5b3556375ee7e1f0abf
  original:
    git: git@github.com:danwdart/shell-conduit.git
    commit: 536d3ac5d1fc660d80d0e5b3556375ee7e1f0abf
- completed:
    hackage: time-1.8.0.4@sha256:3f6eddf238b828eb4f82683acce1c3afe64784f0d20114239b738c123316c85c,5494
    pantry-tree:
      size: 5406
      sha256: 1a186b21ff55d3e8f7d66ed2075bbce4dcc9ccaeef87665aa88752412f14073f
  original:
    hackage: time-1.8.0.4@sha256:3f6eddf238b828eb4f82683acce1c3afe64784f0d20114239b738c123316c85c,5494
- completed:
    hackage: unix-2.7.2.2@sha256:e69269a17b9fa26cb77f3f55e86c39d0a4940ccfa0c4bc20826919d2572076ad,3496
    pantry-tree:
      size: 3536
      sha256: c355f7924ce67e5bf8f20767462af18f09b8c0d1f7161117221cbb94c15deee3
  original:
    hackage: unix-2.7.2.2@sha256:e69269a17b9fa26cb77f3f55e86c39d0a4940ccfa0c4bc20826919d2572076ad,3496
snapshots:
- completed:
    size: 524996
    url: https://raw.githubusercontent.com/commercialhaskell/stackage-snapshots/master/lts/14/27.yaml
    sha256: 7ea31a280c56bf36ff591a7397cc384d0dff622e7f9e4225b47d8980f019a0f0
  original: lts-14.27
