# This file was autogenerated by Stack.
# You should not edit this file by hand.
# For more information, please see the documentation at:
#   https://docs.haskellstack.org/en/stable/lock_files

packages:
- completed:
    hackage: avahi-0.2.0@sha256:eb725536d8427548685b531d4bf8271a3104da06f611ed38165a0e08e21c54eb,1799
    pantry-tree:
      size: 447
      sha256: 13863fdea02723187974eae872a855369db6fe6ee961e0dcbc13d22581b7c867
  original:
    hackage: avahi-0.2.0@sha256:eb725536d8427548685b531d4bf8271a3104da06f611ed38165a0e08e21c54eb,1799
- completed:
    hackage: gogol-0.5.0@sha256:01b38acf97ae0afb2465935fee1bebce03c1b84e629cf0887467be7ae361f0a7,3222
    pantry-tree:
      size: 1243
      sha256: ab472e169f12b97837cdfca2262b2d6fb569ae17876cbc10e97186944a401866
  original:
    hackage: gogol-0.5.0@sha256:01b38acf97ae0afb2465935fee1bebce03c1b84e629cf0887467be7ae361f0a7,3222
- completed:
    hackage: gogol-core-0.5.0@sha256:c0a919cd89a33de7fd6ee925abdb48b0eb5d1002a016124acbdff568f267e4c7,2821
    pantry-tree:
      size: 686
      sha256: f3c803da46a2df6987b72098b3e7c6c2c0aeb141335d2a0d5630b210401bc2c8
  original:
    hackage: gogol-core-0.5.0@sha256:c0a919cd89a33de7fd6ee925abdb48b0eb5d1002a016124acbdff568f267e4c7,2821
- completed:
    hackage: gogol-translate-0.5.0@sha256:b07968efdff5dcbeb3526cbf382cc8632fa7d863ff2d23f23564353a5362624b,1795
    pantry-tree:
      size: 1067
      sha256: f7f0b4ce5cec274ef30c0116da425d791718751278b657d309a45a056773c3b0
  original:
    hackage: gogol-translate-0.5.0@sha256:b07968efdff5dcbeb3526cbf382cc8632fa7d863ff2d23f23564353a5362624b,1795
snapshots:
- completed:
    size: 496111
    url: https://raw.githubusercontent.com/commercialhaskell/stackage-snapshots/master/lts/15/14.yaml
    sha256: c442d702d66b8c129b3473a32c609050aabf1dc2f8e8502402c143271a8fb141
  original: lts-15.14
