# This file was autogenerated by Stack.
# You should not edit this file by hand.
# For more information, please see the documentation at:
#   https://docs.haskellstack.org/en/stable/lock_files

packages:
- completed:
    hackage: hsx2hs-0.14.1.8@sha256:fb5f626e29fca2710e41c7bb2e0868984b729c1ed58533e63580b071d63c0401,3943
    pantry-tree:
      size: 406
      sha256: 6c5aebdb9840d6b97abc40f631bbbef133d89f90da89ce00dcd8cf08fae39f61
  original:
    hackage: hsx2hs-0.14.1.8@sha256:fb5f626e29fca2710e41c7bb2e0868984b729c1ed58533e63580b071d63c0401,3943
- completed:
    hackage: pulseaudio-0.0.2.1@sha256:5595863afe793bf204d8013e2cbe738d977e04bc0320390a2cb4115c62ca49a6,4279
    pantry-tree:
      size: 1280
      sha256: 384b0bbf97c213a2b150c3c10564361fd633e11fb4536c53658aa5404edb0a2f
  original:
    hackage: pulseaudio-0.0.2.1@sha256:5595863afe793bf204d8013e2cbe738d977e04bc0320390a2cb4115c62ca49a6,4279
- completed:
    hackage: serial-0.2.7@sha256:7138d32ad74d4d360023455edd3b5bc112b6462eddb73bf2e57f888a0301f065,717
    pantry-tree:
      size: 390
      sha256: 7bbefd6907aaf086d043a422f06dea4a6813e6d920e289e01686e2adcb1a805c
  original:
    hackage: serial-0.2.7@sha256:7138d32ad74d4d360023455edd3b5bc112b6462eddb73bf2e57f888a0301f065,717
snapshots:
- completed:
    size: 554194
    url: https://raw.githubusercontent.com/commercialhaskell/stackage-snapshots/master/nightly/2020/11/23.yaml
    sha256: d4037ffda88f024e83ce3e466d7b612939024f2e5d4895f8af7b4ff96cd7ea68
  original: nightly-2020-11-23
