# This file was autogenerated by Stack.
# You should not edit this file by hand.
# For more information, please see the documentation at:
#   https://docs.haskellstack.org/en/stable/lock_files

packages:
- completed:
    hackage: either-5.0.1.1@sha256:41167573bf575b7e0e24283a52fba8ce7bed5a7cc2984bba0dce305a0ab66f0d,1973
    pantry-tree:
      size: 657
      sha256: f4355cd0091ec38301af2b98729fe2d6eb0a41bd7f01cc66be8202da90a6cb0e
  original:
    hackage: either-5.0.1.1@sha256:41167573bf575b7e0e24283a52fba8ce7bed5a7cc2984bba0dce305a0ab66f0d,1973
- completed:
    hackage: uniplate-1.6.12@sha256:a428a3dbc905928168aaa66580cd2d4d47433c89fdfb66461f4fa232abd0593f,3498
    pantry-tree:
      size: 1888
      sha256: 642eafced8b85defc78a45016cb857e3bcd78fa94fe79d0cba3dc98d6243a56d
  original:
    hackage: uniplate-1.6.12@sha256:a428a3dbc905928168aaa66580cd2d4d47433c89fdfb66461f4fa232abd0593f,3498
- completed:
    hackage: hsx2hs-0.14.1.8@sha256:fb5f626e29fca2710e41c7bb2e0868984b729c1ed58533e63580b071d63c0401,3943
    pantry-tree:
      size: 406
      sha256: 6c5aebdb9840d6b97abc40f631bbbef133d89f90da89ce00dcd8cf08fae39f61
  original:
    hackage: hsx2hs-0.14.1.8@sha256:fb5f626e29fca2710e41c7bb2e0868984b729c1ed58533e63580b071d63c0401,3943
- completed:
    hackage: pulseaudio-0.0.2.1@sha256:5595863afe793bf204d8013e2cbe738d977e04bc0320390a2cb4115c62ca49a6,4279
    pantry-tree:
      size: 1280
      sha256: 384b0bbf97c213a2b150c3c10564361fd633e11fb4536c53658aa5404edb0a2f
  original:
    hackage: pulseaudio-0.0.2.1@sha256:5595863afe793bf204d8013e2cbe738d977e04bc0320390a2cb4115c62ca49a6,4279
- completed:
    hackage: serial-0.2.7@sha256:7138d32ad74d4d360023455edd3b5bc112b6462eddb73bf2e57f888a0301f065,717
    pantry-tree:
      size: 390
      sha256: 7bbefd6907aaf086d043a422f06dea4a6813e6d920e289e01686e2adcb1a805c
  original:
    hackage: serial-0.2.7@sha256:7138d32ad74d4d360023455edd3b5bc112b6462eddb73bf2e57f888a0301f065,717
- completed:
    hackage: discord-haskell-1.8.0@sha256:420515069c5be313dd31d16e9a4b163d2b3fdda18ba18e98cbb0b0536cbae136,3562
    pantry-tree:
      size: 2108
      sha256: 2d32f71b9d3e32f797ad6d614d748b491350ff0febb7e7bfc6f7fb595d752a0d
  original:
    hackage: discord-haskell-1.8.0@sha256:420515069c5be313dd31d16e9a4b163d2b3fdda18ba18e98cbb0b0536cbae136,3562
- completed:
    hackage: emoji-0.1.0.2@sha256:d995572a5c7dcd28f98eb15c6e387a7b3bda1ac2477ab0d9dba8580d5d7b161f,1273
    pantry-tree:
      size: 437
      sha256: dd9ea90a631342e5db0fc21331ade4d563a685e9125d5a3989eefa8e1b96c6c6
  original:
    hackage: emoji-0.1.0.2@sha256:d995572a5c7dcd28f98eb15c6e387a7b3bda1ac2477ab0d9dba8580d5d7b161f,1273
snapshots:
- completed:
    size: 529075
    url: https://raw.githubusercontent.com/commercialhaskell/stackage-snapshots/master/nightly/2020/9/10.yaml
    sha256: 1dd058cc420674fc58fe42de6358baf6641aaf48b92def986b87258906176101
  original: nightly-2020-09-10
