{
  "name": "beprs",
  "version": "1.0.0",
  "lockfileVersion": 1,
  "requires": true,
  "dependencies": {
    "esm": {
      "version": "3.0.84",
      "resolved": "https://registry.npmjs.org/esm/-/esm-3.0.84.tgz",
      "integrity": "sha512-SzSGoZc17S7P+12R9cg21Bdb7eybX25RnIeRZ80xZs+VZ3kdQKzqTp2k4hZJjR7p9l0186TTXSgrxzlMDBktlw=="
    },
    "fantasy-birds": {
      "version": "0.1.0",
      "resolved": "https://registry.npmjs.org/fantasy-birds/-/fantasy-birds-0.1.0.tgz",
      "integrity": "sha1-Wpv5CN3gzMLHFq+owwPn5s8f08I=",
      "requires": {
        "fantasy-combinators": "git+https://github.com/fantasyland/fantasy-combinators.git#cd33feaf77c2400447b1de0586e1baadcf1aabfc",
        "fantasy-helpers": "0.0.1"
      }
    },
    "fantasy-combinators": {
      "version": "git+https://github.com/fantasyland/fantasy-combinators.git#cd33feaf77c2400447b1de0586e1baadcf1aabfc",
      "from": "git+https://github.com/fantasyland/fantasy-combinators.git"
    },
    "fantasy-helpers": {
      "version": "0.0.1",
      "resolved": "https://registry.npmjs.org/fantasy-helpers/-/fantasy-helpers-0.0.1.tgz",
      "integrity": "sha1-+f3a+XaYeK0RFBI47BsLilDMgDg="
    }
  }
}
