# This file was autogenerated by Stack.
# You should not edit this file by hand.
# For more information, please see the documentation at:
#   https://docs.haskellstack.org/en/stable/lock_files

packages:
- completed:
    hackage: blaze-html-0.9.1.1@sha256:66f01bef8455b3387e592819584dbd5e501fe0bb5620a3bad80ca8f92d2b2296,2793
    pantry-tree:
      size: 2227
      sha256: fcba08da4585059dbf59db4d025ecee290c1b74680b0c7e6e905d5627a27dc60
  original:
    hackage: blaze-html-0.9.1.1
- completed:
    hackage: blaze-markup-0.8.2.3@sha256:2d74dbb26ee73a0aaeeb169bf555d26494e2b622867a7507daf53cd3a45c4792,2184
    pantry-tree:
      size: 818
      sha256: 72cfa3d654ef7cc1f10e3bb4cbe44a06caf57b2e21329151646fe23af157771d
  original:
    hackage: blaze-markup-0.8.2.3
- completed:
    hackage: ghcjs-base-0.2.0.0@sha256:d755c0dc16c2b5fd45e7a1db75f68a1ddaf400b38166fac8194a8c3acc1deae3,6759
    pantry-tree:
      size: 6382
      sha256: de9f53b305557b551b6ab08b0b6b75bb0909f4d65d26f40a5d71fd9c29cf905f
  original:
    hackage: ghcjs-base-0.2.0.0@sha256:d755c0dc16c2b5fd45e7a1db75f68a1ddaf400b38166fac8194a8c3acc1deae3
- completed:
    hackage: ghcjs-dom-0.9.4.0@sha256:c2b3d25145e24b66a8a5078c0d750305b577aeff05957cf282d74f6e8d2424dd,32082
    pantry-tree:
      size: 357
      sha256: de76dd6924d6ad9124e836a0fa66a0338f585acbcbfbffd90e8357d1b6b8fbb4
  original:
    hackage: ghcjs-dom-0.9.4.0
- completed:
    hackage: ghcjs-dom-jsaddle-0.9.4.0@sha256:31ddfc5ebcbb4811b0c956fd5fcf106643012b46bb4e0bc2f15d09db1d116fbb,39525
    pantry-tree:
      size: 164
      sha256: 3f665a5e70fab961bf236e5c672f497901632785d403024d7bab1785444a0816
  original:
    hackage: ghcjs-dom-jsaddle-0.9.4.0
- completed:
    hackage: jsaddle-0.9.6.0@sha256:03b3792794759587c69dd93c79a3f743e0b4032a3617c38f7841f8e16327e013,4379
    pantry-tree:
      size: 4329
      sha256: 85e8e47983eaf44959614ff6642f009709388590bf39c61090daf6497ed63c5f
  original:
    hackage: jsaddle-0.9.6.0
- completed:
    hackage: jsaddle-dom-0.9.3.2@sha256:a50147c183fc3c44ae209ecbbf58bc99e3205aa87372d0635d56e775d9c2186e,75688
    pantry-tree:
      size: 48227
      sha256: 2aa625df7fba42afbe99245661f0b8c0f166d77ddfcca09d664ede406b291c3d
  original:
    hackage: jsaddle-dom-0.9.3.2
- completed:
    hackage: jsaddle-warp-0.9.6.0@sha256:d84550439a50ab058f049beb0dac567a86eb4b09552ec242f1c57b3a16ab68bc,2710
    pantry-tree:
      size: 475
      sha256: 6ed1686e8dc644064c1668bbbeaea97b974499b172eb77e670c6389b78a40fda
  original:
    hackage: jsaddle-warp-0.9.6.0
- completed:
    hackage: reactive-banana-1.2.1.0@sha256:af0a41dec95e1478acd5280f0fdde51afddf9fbfa4e0a4c226a2c6fa65702796,3975
    pantry-tree:
      size: 2443
      sha256: 367a55194ed03065dd7cf9e63c851ae4fe56f8533d07cdfe751fa68da9c7d66d
  original:
    hackage: reactive-banana-1.2.1.0
- completed:
    hackage: ref-tf-0.4.0.2@sha256:69de3550250e0cd69f45d080359cb314a9487c915024349c75b78732bbee9332,1134
    pantry-tree:
      size: 211
      sha256: fc5a4a35b4c782a33f452c1dc66ffa8ddbf321e2db369bd8823c796f0d4d8c7f
  original:
    hackage: ref-tf-0.4.0.2@sha256:69de3550250e0cd69f45d080359cb314a9487c915024349c75b78732bbee9332,1134
snapshots:
- completed:
    size: 545658
    url: https://raw.githubusercontent.com/commercialhaskell/stackage-snapshots/master/lts/14/12.yaml
    sha256: 26b807457213126d26b595439d705dc824dbb7618b0de6b900adc2bf6a059406
  original: lts-14.12
