{
  "name": "markov",
  "version": "1.0.0",
  "lockfileVersion": 2,
  "requires": true,
  "packages": {
    "": {
      "name": "markov",
      "version": "1.0.0",
      "license": "ISC",
      "dependencies": {
        "@types/node": "^18.11.9",
        "typescript": "^5.0.0-dev.20221109"
      }
    },
    "node_modules/@types/node": {
      "version": "18.11.9",
      "resolved": "https://registry.npmjs.org/@types/node/-/node-18.11.9.tgz",
      "integrity": "sha512-CRpX21/kGdzjOpFsZSkcrXMGIBWMGNIHXXBVFSH+ggkftxg+XYP20TESbh+zFvFj3EQOl5byk0HTRn1IL6hbqg=="
    },
    "node_modules/typescript": {
      "version": "5.0.0-dev.20221109",
      "resolved": "https://registry.npmjs.org/typescript/-/typescript-5.0.0-dev.20221109.tgz",
      "integrity": "sha512-DAVRpl2535lb8CL7WjpHAb0dnhsbsTUVLQW5jBxS4RyRYA5Tq17kDGYQTvT0JryOwp6PksgjDdUKG2B9ElU5wg==",
      "bin": {
        "tsc": "bin/tsc",
        "tsserver": "bin/tsserver"
      },
      "engines": {
        "node": ">=4.2.0"
      }
    }
  },
  "dependencies": {
    "@types/node": {
      "version": "18.11.9",
      "resolved": "https://registry.npmjs.org/@types/node/-/node-18.11.9.tgz",
      "integrity": "sha512-CRpX21/kGdzjOpFsZSkcrXMGIBWMGNIHXXBVFSH+ggkftxg+XYP20TESbh+zFvFj3EQOl5byk0HTRn1IL6hbqg=="
    },
    "typescript": {
      "version": "5.0.0-dev.20221109",
      "resolved": "https://registry.npmjs.org/typescript/-/typescript-5.0.0-dev.20221109.tgz",
      "integrity": "sha512-DAVRpl2535lb8CL7WjpHAb0dnhsbsTUVLQW5jBxS4RyRYA5Tq17kDGYQTvT0JryOwp6PksgjDdUKG2B9ElU5wg=="
    }
  }
}
