{
  "name": "markov",
  "version": "1.0.0",
  "lockfileVersion": 3,
  "requires": true,
  "packages": {
    "": {
      "name": "markov",
      "version": "1.0.0",
      "license": "ISC",
      "dependencies": {
        "@snyk/protect": "^1.1108.0",
        "@types/node": "^18.14.0",
        "typescript": "^5.0.0-dev.20230222"
      }
    },
    "node_modules/@snyk/protect": {
      "version": "1.1108.0",
      "resolved": "https://registry.npmjs.org/@snyk/protect/-/protect-1.1108.0.tgz",
      "integrity": "sha512-NJFFPiSTenMMfjqM4lm1N/CmuTWaD1DR5MQL1Saiwa8MhM2lz3c4gDMhpHCCR2VztlvOHmgdLMupFSCGfM1dJw==",
      "bin": {
        "snyk-protect": "bin/snyk-protect"
      },
      "engines": {
        "node": ">=10"
      }
    },
    "node_modules/@types/node": {
      "version": "18.14.0",
      "resolved": "https://registry.npmjs.org/@types/node/-/node-18.14.0.tgz",
      "integrity": "sha512-5EWrvLmglK+imbCJY0+INViFWUHg1AHel1sq4ZVSfdcNqGy9Edv3UB9IIzzg+xPaUcAgZYcfVs2fBcwDeZzU0A=="
    },
    "node_modules/typescript": {
      "version": "5.0.0-dev.20230222",
      "resolved": "https://registry.npmjs.org/typescript/-/typescript-5.0.0-dev.20230222.tgz",
      "integrity": "sha512-OCNanAIcGf3Uy1aBvLbPNe524MnDEZChefbzgo9gvEZPYNG7Zma1C6dXuOBSCapLgbLHksOTyoPwixKTbDkZPQ==",
      "bin": {
        "tsc": "bin/tsc",
        "tsserver": "bin/tsserver"
      },
      "engines": {
        "node": ">=4.2.0"
      }
    }
  }
}
