{
  "name": "markov",
  "version": "1.0.0",
  "lockfileVersion": 2,
  "requires": true,
  "packages": {
    "": {
      "name": "markov",
      "version": "1.0.0",
      "license": "ISC",
      "dependencies": {
        "@types/node": "^18.11.18",
        "typescript": "^5.0.0-dev.20230111"
      }
    },
    "node_modules/@types/node": {
      "version": "18.11.18",
      "resolved": "https://registry.npmjs.org/@types/node/-/node-18.11.18.tgz",
      "integrity": "sha512-DHQpWGjyQKSHj3ebjFI/wRKcqQcdR+MoFBygntYOZytCqNfkd2ZC4ARDJ2DQqhjH5p85Nnd3jhUJIXrszFX/JA=="
    },
    "node_modules/typescript": {
      "version": "5.0.0-dev.20230111",
      "resolved": "https://registry.npmjs.org/typescript/-/typescript-5.0.0-dev.20230111.tgz",
      "integrity": "sha512-bsALKGRiteaVcio2QQo/8MBxaHAEirJ3tQiYym29Uh6/z/fi4LlBawrvnyGKI4WqI2Q+lchIgr2p2jKeF846bg==",
      "bin": {
        "tsc": "bin/tsc",
        "tsserver": "bin/tsserver"
      },
      "engines": {
        "node": ">=4.2.0"
      }
    }
  },
  "dependencies": {
    "@types/node": {
      "version": "18.11.18",
      "resolved": "https://registry.npmjs.org/@types/node/-/node-18.11.18.tgz",
      "integrity": "sha512-DHQpWGjyQKSHj3ebjFI/wRKcqQcdR+MoFBygntYOZytCqNfkd2ZC4ARDJ2DQqhjH5p85Nnd3jhUJIXrszFX/JA=="
    },
    "typescript": {
      "version": "5.0.0-dev.20230111",
      "resolved": "https://registry.npmjs.org/typescript/-/typescript-5.0.0-dev.20230111.tgz",
      "integrity": "sha512-bsALKGRiteaVcio2QQo/8MBxaHAEirJ3tQiYym29Uh6/z/fi4LlBawrvnyGKI4WqI2Q+lchIgr2p2jKeF846bg=="
    }
  }
}
