{
  "name": "learn",
  "version": "1.0.0",
  "lockfileVersion": 2,
  "requires": true,
  "packages": {
    "": {
      "name": "learn",
      "version": "1.0.0",
      "license": "ISC",
      "dependencies": {
        "synaptic": "^1.1.4"
      },
      "devDependencies": {
        "snyk": "^1.1056.0"
      }
    },
    "node_modules/snyk": {
      "version": "1.1056.0",
      "resolved": "https://registry.npmjs.org/snyk/-/snyk-1.1056.0.tgz",
      "integrity": "sha512-Ny9dHfI6SgNHfh6HbRgtMN0MKUH0QhIcWYbw24t5GM0qejoMSEQSJv9kDzrIQLRd0OBBlZAba5EEPRiSafrxmQ==",
      "dev": true,
      "bin": {
        "snyk": "bin/snyk"
      },
      "engines": {
        "node": ">=12"
      }
    },
    "node_modules/synaptic": {
      "version": "1.1.4",
      "resolved": "https://registry.npmjs.org/synaptic/-/synaptic-1.1.4.tgz",
      "integrity": "sha512-JFtU98VDFI0uBTowgySo+UUEkc7rSVHaxx9D6dR5BK6u81G7uAxcp32Gi2SHciLpFbvJVd1Pfz7aqSNQO4EH9Q==",
      "engines": {
        "node": ">=4"
      }
    }
  },
  "dependencies": {
    "snyk": {
      "version": "1.1056.0",
      "resolved": "https://registry.npmjs.org/snyk/-/snyk-1.1056.0.tgz",
      "integrity": "sha512-Ny9dHfI6SgNHfh6HbRgtMN0MKUH0QhIcWYbw24t5GM0qejoMSEQSJv9kDzrIQLRd0OBBlZAba5EEPRiSafrxmQ==",
      "dev": true
    },
    "synaptic": {
      "version": "1.1.4",
      "resolved": "https://registry.npmjs.org/synaptic/-/synaptic-1.1.4.tgz",
      "integrity": "sha512-JFtU98VDFI0uBTowgySo+UUEkc7rSVHaxx9D6dR5BK6u81G7uAxcp32Gi2SHciLpFbvJVd1Pfz7aqSNQO4EH9Q=="
    }
  }
}
