# This file was autogenerated by Stack.
# You should not edit this file by hand.
# For more information, please see the documentation at:
#   https://docs.haskellstack.org/en/stable/lock_files

packages:
- completed:
    hackage: req-2.1.0@sha256:0aa582e7b69b6a5ecb065263a208f9f5e3faed33cb140fa7491334191f27ed35,4878
    pantry-tree:
      size: 712
      sha256: b64ceb7150f3b1899e7f87acf93cca2ef035fae3a45b17e868fe05946beaff80
  original:
    hackage: req-2.1.0
- completed:
    hackage: vector-0.12.0.3@sha256:1422b0bcf4e7675116ca8d9f473bf239850c58c4518a56010e3bfebeac345ace,7171
    pantry-tree:
      size: 3429
      sha256: 1adb067bf4b6abf2269a369e18016e5a0e6c40b876aa64dfea9f47547d915ef6
  original:
    hackage: vector-0.12.0.3
snapshots:
- completed:
    size: 524130
    url: https://raw.githubusercontent.com/commercialhaskell/stackage-snapshots/master/lts/14/10.yaml
    sha256: 04841e0397d7ce6364f19359fce89aa45ca8684609d665845db80d398002baa9
  original: lts-14.10
