# This file was autogenerated by Stack.
# You should not edit this file by hand.
# For more information, please see the documentation at:
#   https://docs.haskellstack.org/en/stable/lock_files

packages:
- completed:
    hackage: async-2.2.2@sha256:ed46f0f5be36cf8a3e3aebc6827d015e1f3bf9615c245e057b9e9bd35faddd21,2895
    pantry-tree:
      size: 501
      sha256: dab5a4c2126fbce3f4a7c15ccf66e60de61d3eccae071f4bfbad036087399f32
  original:
    hackage: async-2.2.2
- completed:
    hackage: discord-haskell-1.1.0@sha256:d2fb18cefa91d0f6c84024061ae0e55471c711e5e296f260dec534556dfcd265,3680
    pantry-tree:
      size: 1957
      sha256: 493203f34ea557275fb6b51f7f742023b329523464f2b6aea2c79d46b7170798
  original:
    hackage: discord-haskell-1.1.0
- completed:
    hackage: emoji-0.1.0.2@sha256:d995572a5c7dcd28f98eb15c6e387a7b3bda1ac2477ab0d9dba8580d5d7b161f,1273
    pantry-tree:
      size: 437
      sha256: dd9ea90a631342e5db0fc21331ade4d563a685e9125d5a3989eefa8e1b96c6c6
  original:
    hackage: emoji-0.1.0.2@sha256:d995572a5c7dcd28f98eb15c6e387a7b3bda1ac2477ab0d9dba8580d5d7b161f
- completed:
    hackage: req-2.1.0@sha256:0aa582e7b69b6a5ecb065263a208f9f5e3faed33cb140fa7491334191f27ed35,4878
    pantry-tree:
      size: 712
      sha256: b64ceb7150f3b1899e7f87acf93cca2ef035fae3a45b17e868fe05946beaff80
  original:
    hackage: req-2.1.0
- completed:
    hackage: unix-2.7.2.2@sha256:e69269a17b9fa26cb77f3f55e86c39d0a4940ccfa0c4bc20826919d2572076ad,3496
    pantry-tree:
      size: 3536
      sha256: c355f7924ce67e5bf8f20767462af18f09b8c0d1f7161117221cbb94c15deee3
  original:
    hackage: unix-2.7.2.2
- completed:
    hackage: vector-0.12.0.3@sha256:1422b0bcf4e7675116ca8d9f473bf239850c58c4518a56010e3bfebeac345ace,7171
    pantry-tree:
      size: 3429
      sha256: 1adb067bf4b6abf2269a369e18016e5a0e6c40b876aa64dfea9f47547d915ef6
  original:
    hackage: vector-0.12.0.3
snapshots:
- completed:
    size: 524130
    url: https://raw.githubusercontent.com/commercialhaskell/stackage-snapshots/master/lts/14/10.yaml
    sha256: 04841e0397d7ce6364f19359fce89aa45ca8684609d665845db80d398002baa9
  original: lts-14.10
