{
  "name": "tsx",
  "version": "1.0.0",
  "lockfileVersion": 2,
  "requires": true,
  "packages": {
    "": {
      "name": "tsx",
      "version": "1.0.0",
      "license": "AGPL-3.0",
      "devDependencies": {
        "esm": "^3.2.25",
        "typescript": "^5.0.0-dev.20230111"
      }
    },
    "node_modules/esm": {
      "version": "3.2.25",
      "resolved": "https://registry.npmjs.org/esm/-/esm-3.2.25.tgz",
      "integrity": "sha512-U1suiZ2oDVWv4zPO56S0NcR5QriEahGtdN2OR6FiOG4WJvcjBVFB0qI4+eKoWFH483PKGuLuu6V8Z4T5g63UVA==",
      "dev": true,
      "engines": {
        "node": ">=6"
      }
    },
    "node_modules/typescript": {
      "version": "5.0.0-dev.20230111",
      "resolved": "https://registry.npmjs.org/typescript/-/typescript-5.0.0-dev.20230111.tgz",
      "integrity": "sha512-bsALKGRiteaVcio2QQo/8MBxaHAEirJ3tQiYym29Uh6/z/fi4LlBawrvnyGKI4WqI2Q+lchIgr2p2jKeF846bg==",
      "dev": true,
      "bin": {
        "tsc": "bin/tsc",
        "tsserver": "bin/tsserver"
      },
      "engines": {
        "node": ">=4.2.0"
      }
    }
  },
  "dependencies": {
    "esm": {
      "version": "3.2.25",
      "resolved": "https://registry.npmjs.org/esm/-/esm-3.2.25.tgz",
      "integrity": "sha512-U1suiZ2oDVWv4zPO56S0NcR5QriEahGtdN2OR6FiOG4WJvcjBVFB0qI4+eKoWFH483PKGuLuu6V8Z4T5g63UVA==",
      "dev": true
    },
    "typescript": {
      "version": "5.0.0-dev.20230111",
      "resolved": "https://registry.npmjs.org/typescript/-/typescript-5.0.0-dev.20230111.tgz",
      "integrity": "sha512-bsALKGRiteaVcio2QQo/8MBxaHAEirJ3tQiYym29Uh6/z/fi4LlBawrvnyGKI4WqI2Q+lchIgr2p2jKeF846bg==",
      "dev": true
    }
  }
}
