{
  "name": "webgl",
  "version": "2.0.0",
  "lockfileVersion": 3,
  "requires": true,
  "packages": {
    "": {
      "name": "webgl",
      "version": "2.0.0",
      "license": "ISC",
      "dependencies": {
        "@snyk/protect": "^1.1268.0",
        "gl-matrix": "^4.0.0-beta.1"
      }
    },
    "node_modules/@snyk/protect": {
      "version": "1.1268.0",
      "resolved": "https://registry.npmjs.org/@snyk/protect/-/protect-1.1268.0.tgz",
      "integrity": "sha512-dtv7E1NEuJYLHYzsqNSe0hq7tSreoFd+9EgVQyw2ynXDqTsnlR2mRbC6SEYHPATbZsPwu/LJlp49jgvS7K9D8g==",
      "bin": {
        "snyk-protect": "bin/snyk-protect"
      },
      "engines": {
        "node": ">=10"
      }
    },
    "node_modules/gl-matrix": {
      "version": "4.0.0-beta.1",
      "resolved": "https://registry.npmjs.org/gl-matrix/-/gl-matrix-4.0.0-beta.1.tgz",
      "integrity": "sha512-T46Kej6rIIASFFRtUj6CmsWutu8XHHccdPwAfwkJrr4MkOsKKaQprSTjMhUGuVVmqN3iJO9CwYX1DjACr2Wn6g=="
    }
  }
}
